// !$*UTF8*$!
{
	archiveVersion = 1;
	classes = {
	};
	objectVersion = 46;
	objects = {

/* Begin PBXBuildFile section */
		1849E3547811EFE43F1C5514 /* libPods-CarMapB.a in Frameworks */ = {isa = PBXBuildFile; fileRef = 0309A2ED043AC2879BFE6EC3 /* libPods-CarMapB.a */; };
		867E6D871D179BC9009F4938 /* WorkItemDic.plist in Resources */ = {isa = PBXBuildFile; fileRef = 867E6D861D179BC9009F4938 /* WorkItemDic.plist */; };
		9B0D38951CACCA1F00D490B7 /* AudioToolbox.framework in Frameworks */ = {isa = PBXBuildFile; fileRef = 9B0D38941CACCA1F00D490B7 /* AudioToolbox.framework */; };
		9B42F0761CBF980900F08C4E /* LaunchScreen.storyboard in Resources */ = {isa = PBXBuildFile; fileRef = 9B42F0751CBF980900F08C4E /* LaunchScreen.storyboard */; };
		9B5EBEE51CBDD80E00E753BF /* servicedelegate.html in Resources */ = {isa = PBXBuildFile; fileRef = 9B5EBEE41CBDD80E00E753BF /* servicedelegate.html */; };
		9B6B6ED11C9A59EA00449259 /* GFHttpTool.m in Sources */ = {isa = PBXBuildFile; fileRef = 9B6B6ED01C9A59EA00449259 /* GFHttpTool.m */; };
		9B6B6ED41C9A5A1A00449259 /* Reachability.m in Sources */ = {isa = PBXBuildFile; fileRef = 9B6B6ED31C9A5A1A00449259 /* Reachability.m */; };
		9B97543E1C5765B3004BDC7C /* main.m in Sources */ = {isa = PBXBuildFile; fileRef = 9B97543D1C5765B3004BDC7C /* main.m */; };
		9B9754411C5765B3004BDC7C /* AppDelegate.mm in Sources */ = {isa = PBXBuildFile; fileRef = 9B9754401C5765B3004BDC7C /* AppDelegate.mm */; };
		9B9754471C5765B3004BDC7C /* Main.storyboard in Resources */ = {isa = PBXBuildFile; fileRef = 9B9754451C5765B3004BDC7C /* Main.storyboard */; };
		9B9754491C5765B3004BDC7C /* Assets.xcassets in Resources */ = {isa = PBXBuildFile; fileRef = 9B9754481C5765B3004BDC7C /* Assets.xcassets */; };
		9B9754571C5765B3004BDC7C /* CarMapUITests.m in Sources */ = {isa = PBXBuildFile; fileRef = 9B9754561C5765B3004BDC7C /* CarMapUITests.m */; };
		9BAFCA621CB6089E000AA419 /* StoreKit.framework in Frameworks */ = {isa = PBXBuildFile; fileRef = 9B02AF661C5A22CB0044FB71 /* StoreKit.framework */; };
		9BDD16251C9BF27B0017E8E9 /* address.plist in Resources */ = {isa = PBXBuildFile; fileRef = 9BDD16241C9BF27B0017E8E9 /* address.plist */; };
		B0228E541ECD47E60022D34F /* CLCooperateFailViewController.m in Sources */ = {isa = PBXBuildFile; fileRef = B0228E3B1ECD47E60022D34F /* CLCooperateFailViewController.m */; };
		B0228E551ECD47E60022D34F /* CLCooperatingViewController.m in Sources */ = {isa = PBXBuildFile; fileRef = B0228E3D1ECD47E60022D34F /* CLCooperatingViewController.m */; };
		B0228E561ECD47E60022D34F /* GFCooperatingSucViewController.m in Sources */ = {isa = PBXBuildFile; fileRef = B0228E3F1ECD47E60022D34F /* GFCooperatingSucViewController.m */; };
		B0228E571ECD47E60022D34F /* GFCooperationViewController.m in Sources */ = {isa = PBXBuildFile; fileRef = B0228E411ECD47E60022D34F /* GFCooperationViewController.m */; };
		B0228E581ECD47E60022D34F /* GFIWillAddViewController.m in Sources */ = {isa = PBXBuildFile; fileRef = B0228E431ECD47E60022D34F /* GFIWillAddViewController.m */; };
		B0228E591ECD47E60022D34F /* GFJoinInViewController_1.m in Sources */ = {isa = PBXBuildFile; fileRef = B0228E451ECD47E60022D34F /* GFJoinInViewController_1.m */; };
		B0228E5A1ECD47E60022D34F /* GFJoinInViewController_2.m in Sources */ = {isa = PBXBuildFile; fileRef = B0228E471ECD47E60022D34F /* GFJoinInViewController_2.m */; };
		B0228E5B1ECD47E60022D34F /* GFPartnersMessageViewController.m in Sources */ = {isa = PBXBuildFile; fileRef = B0228E491ECD47E60022D34F /* GFPartnersMessageViewController.m */; };
		B0228E5C1ECD47E60022D34F /* GFTransformViewController.m in Sources */ = {isa = PBXBuildFile; fileRef = B0228E4B1ECD47E60022D34F /* GFTransformViewController.m */; };
		B0228E5D1ECD47E60022D34F /* PoiSearchDemoViewController.mm in Sources */ = {isa = PBXBuildFile; fileRef = B0228E4D1ECD47E60022D34F /* PoiSearchDemoViewController.mm */; };
		B0228E5E1ECD47E60022D34F /* CLNotificationModel.m in Sources */ = {isa = PBXBuildFile; fileRef = B0228E501ECD47E60022D34F /* CLNotificationModel.m */; };
		B0228E5F1ECD47E60022D34F /* GFTransformTableViewCell.m in Sources */ = {isa = PBXBuildFile; fileRef = B0228E531ECD47E60022D34F /* GFTransformTableViewCell.m */; };
		B0228E6E1ECD48B40022D34F /* GFAddWorkerViewController.m in Sources */ = {isa = PBXBuildFile; fileRef = B0228E631ECD48B40022D34F /* GFAddWorkerViewController.m */; };
		B0228E6F1ECD48B40022D34F /* GFBianjiViewController.m in Sources */ = {isa = PBXBuildFile; fileRef = B0228E651ECD48B40022D34F /* GFBianjiViewController.m */; };
		B0228E701ECD48B40022D34F /* GFWorkerViewController.m in Sources */ = {isa = PBXBuildFile; fileRef = B0228E671ECD48B40022D34F /* GFWorkerViewController.m */; };
		B0228E711ECD48B40022D34F /* CLWorkerModel.m in Sources */ = {isa = PBXBuildFile; fileRef = B0228E6A1ECD48B40022D34F /* CLWorkerModel.m */; };
		B0228E721ECD48B40022D34F /* GFWorkerTableViewCell.m in Sources */ = {isa = PBXBuildFile; fileRef = B0228E6D1ECD48B40022D34F /* GFWorkerTableViewCell.m */; };
		B0228E811ECD48BD0022D34F /* CLDelegateViewController.m in Sources */ = {isa = PBXBuildFile; fileRef = B0228E761ECD48BD0022D34F /* CLDelegateViewController.m */; };
		B0228E821ECD48BD0022D34F /* GFChangePwdViewController.m in Sources */ = {isa = PBXBuildFile; fileRef = B0228E781ECD48BD0022D34F /* GFChangePwdViewController.m */; };
		B0228E831ECD48BD0022D34F /* GFForgetPwdViewController.m in Sources */ = {isa = PBXBuildFile; fileRef = B0228E7A1ECD48BD0022D34F /* GFForgetPwdViewController.m */; };
		B0228E841ECD48BD0022D34F /* GFSignInViewController.m in Sources */ = {isa = PBXBuildFile; fileRef = B0228E7C1ECD48BD0022D34F /* GFSignInViewController.m */; };
		B0228E851ECD48BD0022D34F /* GFSignUpViewController.m in Sources */ = {isa = PBXBuildFile; fileRef = B0228E7E1ECD48BD0022D34F /* GFSignUpViewController.m */; };
		B0228EA21ECD499D0022D34F /* CLAddPersonViewController.m in Sources */ = {isa = PBXBuildFile; fileRef = B0228E891ECD499D0022D34F /* CLAddPersonViewController.m */; };
		B0228EA31ECD499D0022D34F /* GFDeNoindentViewController.mm in Sources */ = {isa = PBXBuildFile; fileRef = B0228E8B1ECD499D0022D34F /* GFDeNoindentViewController.mm */; };
		B0228EA41ECD499D0022D34F /* GFDetailPeoViewController.m in Sources */ = {isa = PBXBuildFile; fileRef = B0228E8D1ECD499D0022D34F /* GFDetailPeoViewController.m */; };
		B0228EA51ECD499D0022D34F /* GFJishiDDViewController.m in Sources */ = {isa = PBXBuildFile; fileRef = B0228E8F1ECD499D0022D34F /* GFJishiDDViewController.m */; };
		B0228EA61ECD499D0022D34F /* GFNoIndentViewController.m in Sources */ = {isa = PBXBuildFile; fileRef = B0228E911ECD499D0022D34F /* GFNoIndentViewController.m */; };
		B0228EA71ECD499D0022D34F /* GFOneIndentViewController.m in Sources */ = {isa = PBXBuildFile; fileRef = B0228E931ECD499D0022D34F /* GFOneIndentViewController.m */; };
		B0228EA81ECD499D0022D34F /* CLAddPersonModel.m in Sources */ = {isa = PBXBuildFile; fileRef = B0228E961ECD499D0022D34F /* CLAddPersonModel.m */; };
		B0228EA91ECD499D0022D34F /* CLIndentModel.m in Sources */ = {isa = PBXBuildFile; fileRef = B0228E981ECD499D0022D34F /* CLIndentModel.m */; };
		B0228EAA1ECD499D0022D34F /* GFNoIndentModel.m in Sources */ = {isa = PBXBuildFile; fileRef = B0228E9A1ECD499D0022D34F /* GFNoIndentModel.m */; };
		B0228EAB1ECD499D0022D34F /* CLPersonTableViewCell.m in Sources */ = {isa = PBXBuildFile; fileRef = B0228E9D1ECD499D0022D34F /* CLPersonTableViewCell.m */; };
		B0228EAC1ECD499D0022D34F /* GFNoIndentTableViewCell.m in Sources */ = {isa = PBXBuildFile; fileRef = B0228E9F1ECD499D0022D34F /* GFNoIndentTableViewCell.m */; };
		B0228EAD1ECD499D0022D34F /* GFNoInTableViewCell.m in Sources */ = {isa = PBXBuildFile; fileRef = B0228EA11ECD499D0022D34F /* GFNoInTableViewCell.m */; };
		B0228EC01ECD49A80022D34F /* GFEvaluateShareViewController.m in Sources */ = {isa = PBXBuildFile; fileRef = B0228EB11ECD49A80022D34F /* GFEvaluateShareViewController.m */; };
		B0228EC11ECD49A80022D34F /* GFEvaluateViewController.m in Sources */ = {isa = PBXBuildFile; fileRef = B0228EB31ECD49A80022D34F /* GFEvaluateViewController.m */; };
		B0228EC21ECD49A80022D34F /* GFIndentDetialsViewController.m in Sources */ = {isa = PBXBuildFile; fileRef = B0228EB51ECD49A80022D34F /* GFIndentDetialsViewController.m */; };
		B0228EC31ECD49A80022D34F /* GFIndentViewController.m in Sources */ = {isa = PBXBuildFile; fileRef = B0228EB71ECD49A80022D34F /* GFIndentViewController.m */; };
		B0228EC41ECD49A80022D34F /* GFIndentModel.m in Sources */ = {isa = PBXBuildFile; fileRef = B0228EBA1ECD49A80022D34F /* GFIndentModel.m */; };
		B0228EC51ECD49A80022D34F /* GFNewIndentModel.m in Sources */ = {isa = PBXBuildFile; fileRef = B0228EBC1ECD49A80022D34F /* GFNewIndentModel.m */; };
		B0228EC61ECD49A80022D34F /* GFIndentTableViewCell.m in Sources */ = {isa = PBXBuildFile; fileRef = B0228EBF1ECD49A80022D34F /* GFIndentTableViewCell.m */; };
		B02290341ECD49F40022D34F /* ACETelPrompt.m in Sources */ = {isa = PBXBuildFile; fileRef = B0228FA11ECD49F40022D34F /* ACETelPrompt.m */; };
		B022905C1ECD49F50022D34F /* FirstViewController.m in Sources */ = {isa = PBXBuildFile; fileRef = B0228FFD1ECD49F40022D34F /* FirstViewController.m */; };
		B022905D1ECD49F50022D34F /* SecondViewController.m in Sources */ = {isa = PBXBuildFile; fileRef = B0228FFF1ECD49F40022D34F /* SecondViewController.m */; };
		B022905E1ECD49F50022D34F /* TestViewController.m in Sources */ = {isa = PBXBuildFile; fileRef = B02290011ECD49F40022D34F /* TestViewController.m */; };
		B022905F1ECD49F50022D34F /* ViewController.m in Sources */ = {isa = PBXBuildFile; fileRef = B02290031ECD49F40022D34F /* ViewController.m */; };
		B02290601ECD49F50022D34F /* GFAnnotation.m in Sources */ = {isa = PBXBuildFile; fileRef = B02290061ECD49F40022D34F /* GFAnnotation.m */; };
		B02290611ECD49F50022D34F /* GFAnnotationView.m in Sources */ = {isa = PBXBuildFile; fileRef = B02290081ECD49F40022D34F /* GFAnnotationView.m */; };
		B02290621ECD49F50022D34F /* GFMapViewController.mm in Sources */ = {isa = PBXBuildFile; fileRef = B022900A1ECD49F40022D34F /* GFMapViewController.mm */; };
		B02290631ECD49F50022D34F /* CLImageView.m in Sources */ = {isa = PBXBuildFile; fileRef = B022900D1ECD49F40022D34F /* CLImageView.m */; };
		B02290641ECD49F50022D34F /* CLTouchImageView.m in Sources */ = {isa = PBXBuildFile; fileRef = B022900F1ECD49F40022D34F /* CLTouchImageView.m */; };
		B02290651ECD49F50022D34F /* CLTouchScrollView.m in Sources */ = {isa = PBXBuildFile; fileRef = B02290111ECD49F40022D34F /* CLTouchScrollView.m */; };
		B02290661ECD49F50022D34F /* CLTouchView.m in Sources */ = {isa = PBXBuildFile; fileRef = B02290131ECD49F40022D34F /* CLTouchView.m */; };
		B02290671ECD49F50022D34F /* GFAlertView.m in Sources */ = {isa = PBXBuildFile; fileRef = B02290151ECD49F40022D34F /* GFAlertView.m */; };
		B02290681ECD49F50022D34F /* GFButton.m in Sources */ = {isa = PBXBuildFile; fileRef = B02290171ECD49F40022D34F /* GFButton.m */; };
		B02290691ECD49F50022D34F /* GFImageView.m in Sources */ = {isa = PBXBuildFile; fileRef = B02290191ECD49F40022D34F /* GFImageView.m */; };
		B022906A1ECD49F50022D34F /* GFNavigationView.m in Sources */ = {isa = PBXBuildFile; fileRef = B022901B1ECD49F40022D34F /* GFNavigationView.m */; };
		B022906B1ECD49F50022D34F /* GFNothingView.m in Sources */ = {isa = PBXBuildFile; fileRef = B022901D1ECD49F40022D34F /* GFNothingView.m */; };
		B022906C1ECD49F50022D34F /* GFTextField.m in Sources */ = {isa = PBXBuildFile; fileRef = B022901F1ECD49F40022D34F /* GFTextField.m */; };
		B022906D1ECD49F50022D34F /* GFTipView.m in Sources */ = {isa = PBXBuildFile; fileRef = B02290211ECD49F40022D34F /* GFTipView.m */; };
		B022906E1ECD49F50022D34F /* GFTitleView.m in Sources */ = {isa = PBXBuildFile; fileRef = B02290231ECD49F40022D34F /* GFTitleView.m */; };
		B022906F1ECD49F50022D34F /* GFTouchImageView.m in Sources */ = {isa = PBXBuildFile; fileRef = B02290251ECD49F40022D34F /* GFTouchImageView.m */; };
		B02290701ECD49F50022D34F /* HZIndicatorView.m in Sources */ = {isa = PBXBuildFile; fileRef = B02290281ECD49F40022D34F /* HZIndicatorView.m */; };
		B02290711ECD49F50022D34F /* HZPhotoBrowser.m in Sources */ = {isa = PBXBuildFile; fileRef = B022902A1ECD49F40022D34F /* HZPhotoBrowser.m */; };
		B02290721ECD49F50022D34F /* HZPhotoBrowserView.m in Sources */ = {isa = PBXBuildFile; fileRef = B022902D1ECD49F40022D34F /* HZPhotoBrowserView.m */; };
		B02290731ECD49F50022D34F /* whiteplaceholder.png in Resources */ = {isa = PBXBuildFile; fileRef = B022902E1ECD49F40022D34F /* whiteplaceholder.png */; };
		B02290741ECD49F50022D34F /* MYImageView.m in Sources */ = {isa = PBXBuildFile; fileRef = B02290301ECD49F40022D34F /* MYImageView.m */; };
		B02290751ECD49F50022D34F /* UWDatePickerView.m in Sources */ = {isa = PBXBuildFile; fileRef = B02290321ECD49F40022D34F /* UWDatePickerView.m */; };
		B02290761ECD49F50022D34F /* UWDatePickerView.xib in Resources */ = {isa = PBXBuildFile; fileRef = B02290331ECD49F40022D34F /* UWDatePickerView.xib */; };
		B081E75A1ECEC9DE003558DC /* CLCollectViewController.m in Sources */ = {isa = PBXBuildFile; fileRef = B081E7591ECEC9DE003558DC /* CLCollectViewController.m */; };
		B081E75D1ECEC9F9003558DC /* CLCollectTableViewCell.m in Sources */ = {isa = PBXBuildFile; fileRef = B081E75C1ECEC9F9003558DC /* CLCollectTableViewCell.m */; };
		B081E7601ECEDDA8003558DC /* CLTechModel.m in Sources */ = {isa = PBXBuildFile; fileRef = B081E75F1ECEDDA8003558DC /* CLTechModel.m */; };
		B081E7631ECEF537003558DC /* CLCollectListViewController.m in Sources */ = {isa = PBXBuildFile; fileRef = B081E7621ECEF537003558DC /* CLCollectListViewController.m */; };
/* End PBXBuildFile section */

/* Begin PBXContainerItemProxy section */
		9B9754531C5765B3004BDC7C /* PBXContainerItemProxy */ = {
			isa = PBXContainerItemProxy;
			containerPortal = 9B9754311C5765B3004BDC7C /* Project object */;
			proxyType = 1;
			remoteGlobalIDString = 9B9754381C5765B3004BDC7C;
			remoteInfo = CarMap;
		};
/* End PBXContainerItemProxy section */

/* Begin PBXFileReference section */
		00D3C26D5C1D2EFBF0A813D0 /* Pods-CarMapB.debug.xcconfig */ = {isa = PBXFileReference; includeInIndex = 1; lastKnownFileType = text.xcconfig; name = "Pods-CarMapB.debug.xcconfig"; path = "Pods/Target Support Files/Pods-CarMapB/Pods-CarMapB.debug.xcconfig"; sourceTree = "<group>"; };
		0309A2ED043AC2879BFE6EC3 /* libPods-CarMapB.a */ = {isa = PBXFileReference; explicitFileType = archive.ar; includeInIndex = 0; path = "libPods-CarMapB.a"; sourceTree = BUILT_PRODUCTS_DIR; };
		867E6D861D179BC9009F4938 /* WorkItemDic.plist */ = {isa = PBXFileReference; fileEncoding = 4; lastKnownFileType = text.plist.xml; path = WorkItemDic.plist; sourceTree = "<group>"; };
		9B02AF661C5A22CB0044FB71 /* StoreKit.framework */ = {isa = PBXFileReference; lastKnownFileType = wrapper.framework; name = StoreKit.framework; path = System/Library/Frameworks/StoreKit.framework; sourceTree = SDKROOT; };
		9B0D38941CACCA1F00D490B7 /* AudioToolbox.framework */ = {isa = PBXFileReference; lastKnownFileType = wrapper.framework; name = AudioToolbox.framework; path = System/Library/Frameworks/AudioToolbox.framework; sourceTree = SDKROOT; };
		9B42F0751CBF980900F08C4E /* LaunchScreen.storyboard */ = {isa = PBXFileReference; fileEncoding = 4; lastKnownFileType = file.storyboard; path = LaunchScreen.storyboard; sourceTree = "<group>"; };
		9B5EBEE41CBDD80E00E753BF /* servicedelegate.html */ = {isa = PBXFileReference; fileEncoding = 4; lastKnownFileType = text.html; path = servicedelegate.html; sourceTree = "<group>"; };
		9B6B6ECF1C9A59EA00449259 /* GFHttpTool.h */ = {isa = PBXFileReference; fileEncoding = 4; lastKnownFileType = sourcecode.c.h; path = GFHttpTool.h; sourceTree = "<group>"; };
		9B6B6ED01C9A59EA00449259 /* GFHttpTool.m */ = {isa = PBXFileReference; fileEncoding = 4; lastKnownFileType = sourcecode.c.objc; path = GFHttpTool.m; sourceTree = "<group>"; };
		9B6B6ED21C9A5A1A00449259 /* Reachability.h */ = {isa = PBXFileReference; fileEncoding = 4; lastKnownFileType = sourcecode.c.h; path = Reachability.h; sourceTree = "<group>"; };
		9B6B6ED31C9A5A1A00449259 /* Reachability.m */ = {isa = PBXFileReference; fileEncoding = 4; lastKnownFileType = sourcecode.c.objc; path = Reachability.m; sourceTree = "<group>"; };
		9B9515441C6089A200445F93 /* PrefixHeader.pch */ = {isa = PBXFileReference; lastKnownFileType = sourcecode.c.h; path = PrefixHeader.pch; sourceTree = "<group>"; };
		9B9754391C5765B3004BDC7C /* CarMapB.app */ = {isa = PBXFileReference; explicitFileType = wrapper.application; includeInIndex = 0; path = CarMapB.app; sourceTree = BUILT_PRODUCTS_DIR; };
		9B97543D1C5765B3004BDC7C /* main.m */ = {isa = PBXFileReference; lastKnownFileType = sourcecode.c.objc; path = main.m; sourceTree = "<group>"; };
		9B97543F1C5765B3004BDC7C /* AppDelegate.h */ = {isa = PBXFileReference; lastKnownFileType = sourcecode.c.h; path = AppDelegate.h; sourceTree = "<group>"; };
		9B9754401C5765B3004BDC7C /* AppDelegate.mm */ = {isa = PBXFileReference; lastKnownFileType = sourcecode.cpp.objcpp; path = AppDelegate.mm; sourceTree = "<group>"; };
		9B9754461C5765B3004BDC7C /* Base */ = {isa = PBXFileReference; lastKnownFileType = file.storyboard; name = Base; path = Base.lproj/Main.storyboard; sourceTree = "<group>"; };
		9B9754481C5765B3004BDC7C /* Assets.xcassets */ = {isa = PBXFileReference; lastKnownFileType = folder.assetcatalog; path = Assets.xcassets; sourceTree = "<group>"; };
		9B97544D1C5765B3004BDC7C /* Info.plist */ = {isa = PBXFileReference; lastKnownFileType = text.plist.xml; path = Info.plist; sourceTree = "<group>"; };
		9B9754521C5765B3004BDC7C /* CarMapB.xctest */ = {isa = PBXFileReference; explicitFileType = wrapper.cfbundle; includeInIndex = 0; path = CarMapB.xctest; sourceTree = BUILT_PRODUCTS_DIR; };
		9B9754561C5765B3004BDC7C /* CarMapUITests.m */ = {isa = PBXFileReference; lastKnownFileType = sourcecode.c.objc; path = CarMapUITests.m; sourceTree = "<group>"; };
		9B9754581C5765B3004BDC7C /* Info.plist */ = {isa = PBXFileReference; lastKnownFileType = text.plist.xml; path = Info.plist; sourceTree = "<group>"; };
		9BDD16241C9BF27B0017E8E9 /* address.plist */ = {isa = PBXFileReference; fileEncoding = 4; lastKnownFileType = text.plist.xml; path = address.plist; sourceTree = "<group>"; };
		9BFA806B1C5F450D001651C3 /* MessageUI.framework */ = {isa = PBXFileReference; lastKnownFileType = wrapper.framework; name = MessageUI.framework; path = System/Library/Frameworks/MessageUI.framework; sourceTree = SDKROOT; };
		9BFA806D1C5F4519001651C3 /* QuartzCore.framework */ = {isa = PBXFileReference; lastKnownFileType = wrapper.framework; name = QuartzCore.framework; path = System/Library/Frameworks/QuartzCore.framework; sourceTree = SDKROOT; };
		9BFA806F1C5F4526001651C3 /* CoreGraphics.framework */ = {isa = PBXFileReference; lastKnownFileType = wrapper.framework; name = CoreGraphics.framework; path = System/Library/Frameworks/CoreGraphics.framework; sourceTree = SDKROOT; };
		9BFA80711C5F4535001651C3 /* CoreTelephony.framework */ = {isa = PBXFileReference; lastKnownFileType = wrapper.framework; name = CoreTelephony.framework; path = System/Library/Frameworks/CoreTelephony.framework; sourceTree = SDKROOT; };
		9BFA80731C5F4547001651C3 /* libsqlite3.tbd */ = {isa = PBXFileReference; lastKnownFileType = "sourcecode.text-based-dylib-definition"; name = libsqlite3.tbd; path = usr/lib/libsqlite3.tbd; sourceTree = SDKROOT; };
		9BFA80751C5F4554001651C3 /* Security.framework */ = {isa = PBXFileReference; lastKnownFileType = wrapper.framework; name = Security.framework; path = System/Library/Frameworks/Security.framework; sourceTree = SDKROOT; };
		9BFA80771C5F4561001651C3 /* OpenGLES.framework */ = {isa = PBXFileReference; lastKnownFileType = wrapper.framework; name = OpenGLES.framework; path = System/Library/Frameworks/OpenGLES.framework; sourceTree = SDKROOT; };
		9BFA80791C5F4573001651C3 /* CoreLocation.framework */ = {isa = PBXFileReference; lastKnownFileType = wrapper.framework; name = CoreLocation.framework; path = System/Library/Frameworks/CoreLocation.framework; sourceTree = SDKROOT; };
		9BFA807B1C5F4584001651C3 /* SystemConfiguration.framework */ = {isa = PBXFileReference; lastKnownFileType = wrapper.framework; name = SystemConfiguration.framework; path = System/Library/Frameworks/SystemConfiguration.framework; sourceTree = SDKROOT; };
		9BFA807D1C5F458F001651C3 /* Foundation.framework */ = {isa = PBXFileReference; lastKnownFileType = wrapper.framework; name = Foundation.framework; path = System/Library/Frameworks/Foundation.framework; sourceTree = SDKROOT; };
		9BFA807F1C5F4596001651C3 /* UIKit.framework */ = {isa = PBXFileReference; lastKnownFileType = wrapper.framework; name = UIKit.framework; path = System/Library/Frameworks/UIKit.framework; sourceTree = SDKROOT; };
		9BFA80811C5F4744001651C3 /* libsqlite3.0.tbd */ = {isa = PBXFileReference; lastKnownFileType = "sourcecode.text-based-dylib-definition"; name = libsqlite3.0.tbd; path = usr/lib/libsqlite3.0.tbd; sourceTree = SDKROOT; };
		9BFA80841C5F475B001651C3 /* libstdc++.6.0.9.tbd */ = {isa = PBXFileReference; lastKnownFileType = "sourcecode.text-based-dylib-definition"; name = "libstdc++.6.0.9.tbd"; path = "usr/lib/libstdc++.6.0.9.tbd"; sourceTree = SDKROOT; };
		B01832691E64300A00E203E6 /* CarMapB.entitlements */ = {isa = PBXFileReference; lastKnownFileType = text.plist.entitlements; path = CarMapB.entitlements; sourceTree = "<group>"; };
		B0228E3A1ECD47E60022D34F /* CLCooperateFailViewController.h */ = {isa = PBXFileReference; fileEncoding = 4; lastKnownFileType = sourcecode.c.h; path = CLCooperateFailViewController.h; sourceTree = "<group>"; };
		B0228E3B1ECD47E60022D34F /* CLCooperateFailViewController.m */ = {isa = PBXFileReference; fileEncoding = 4; lastKnownFileType = sourcecode.c.objc; path = CLCooperateFailViewController.m; sourceTree = "<group>"; };
		B0228E3C1ECD47E60022D34F /* CLCooperatingViewController.h */ = {isa = PBXFileReference; fileEncoding = 4; lastKnownFileType = sourcecode.c.h; path = CLCooperatingViewController.h; sourceTree = "<group>"; };
		B0228E3D1ECD47E60022D34F /* CLCooperatingViewController.m */ = {isa = PBXFileReference; fileEncoding = 4; lastKnownFileType = sourcecode.c.objc; path = CLCooperatingViewController.m; sourceTree = "<group>"; };
		B0228E3E1ECD47E60022D34F /* GFCooperatingSucViewController.h */ = {isa = PBXFileReference; fileEncoding = 4; lastKnownFileType = sourcecode.c.h; path = GFCooperatingSucViewController.h; sourceTree = "<group>"; };
		B0228E3F1ECD47E60022D34F /* GFCooperatingSucViewController.m */ = {isa = PBXFileReference; fileEncoding = 4; lastKnownFileType = sourcecode.c.objc; path = GFCooperatingSucViewController.m; sourceTree = "<group>"; };
		B0228E401ECD47E60022D34F /* GFCooperationViewController.h */ = {isa = PBXFileReference; fileEncoding = 4; lastKnownFileType = sourcecode.c.h; path = GFCooperationViewController.h; sourceTree = "<group>"; };
		B0228E411ECD47E60022D34F /* GFCooperationViewController.m */ = {isa = PBXFileReference; fileEncoding = 4; lastKnownFileType = sourcecode.c.objc; path = GFCooperationViewController.m; sourceTree = "<group>"; };
		B0228E421ECD47E60022D34F /* GFIWillAddViewController.h */ = {isa = PBXFileReference; fileEncoding = 4; lastKnownFileType = sourcecode.c.h; path = GFIWillAddViewController.h; sourceTree = "<group>"; };
		B0228E431ECD47E60022D34F /* GFIWillAddViewController.m */ = {isa = PBXFileReference; fileEncoding = 4; lastKnownFileType = sourcecode.c.objc; path = GFIWillAddViewController.m; sourceTree = "<group>"; };
		B0228E441ECD47E60022D34F /* GFJoinInViewController_1.h */ = {isa = PBXFileReference; fileEncoding = 4; lastKnownFileType = sourcecode.c.h; path = GFJoinInViewController_1.h; sourceTree = "<group>"; };
		B0228E451ECD47E60022D34F /* GFJoinInViewController_1.m */ = {isa = PBXFileReference; fileEncoding = 4; lastKnownFileType = sourcecode.c.objc; path = GFJoinInViewController_1.m; sourceTree = "<group>"; };
		B0228E461ECD47E60022D34F /* GFJoinInViewController_2.h */ = {isa = PBXFileReference; fileEncoding = 4; lastKnownFileType = sourcecode.c.h; path = GFJoinInViewController_2.h; sourceTree = "<group>"; };
		B0228E471ECD47E60022D34F /* GFJoinInViewController_2.m */ = {isa = PBXFileReference; fileEncoding = 4; lastKnownFileType = sourcecode.c.objc; path = GFJoinInViewController_2.m; sourceTree = "<group>"; };
		B0228E481ECD47E60022D34F /* GFPartnersMessageViewController.h */ = {isa = PBXFileReference; fileEncoding = 4; lastKnownFileType = sourcecode.c.h; path = GFPartnersMessageViewController.h; sourceTree = "<group>"; };
		B0228E491ECD47E60022D34F /* GFPartnersMessageViewController.m */ = {isa = PBXFileReference; fileEncoding = 4; lastKnownFileType = sourcecode.c.objc; path = GFPartnersMessageViewController.m; sourceTree = "<group>"; };
		B0228E4A1ECD47E60022D34F /* GFTransformViewController.h */ = {isa = PBXFileReference; fileEncoding = 4; lastKnownFileType = sourcecode.c.h; path = GFTransformViewController.h; sourceTree = "<group>"; };
		B0228E4B1ECD47E60022D34F /* GFTransformViewController.m */ = {isa = PBXFileReference; fileEncoding = 4; lastKnownFileType = sourcecode.c.objc; path = GFTransformViewController.m; sourceTree = "<group>"; };
		B0228E4C1ECD47E60022D34F /* PoiSearchDemoViewController.h */ = {isa = PBXFileReference; fileEncoding = 4; lastKnownFileType = sourcecode.c.h; path = PoiSearchDemoViewController.h; sourceTree = "<group>"; };
		B0228E4D1ECD47E60022D34F /* PoiSearchDemoViewController.mm */ = {isa = PBXFileReference; fileEncoding = 4; lastKnownFileType = sourcecode.cpp.objcpp; path = PoiSearchDemoViewController.mm; sourceTree = "<group>"; };
		B0228E4F1ECD47E60022D34F /* CLNotificationModel.h */ = {isa = PBXFileReference; fileEncoding = 4; lastKnownFileType = sourcecode.c.h; path = CLNotificationModel.h; sourceTree = "<group>"; };
		B0228E501ECD47E60022D34F /* CLNotificationModel.m */ = {isa = PBXFileReference; fileEncoding = 4; lastKnownFileType = sourcecode.c.objc; path = CLNotificationModel.m; sourceTree = "<group>"; };
		B0228E521ECD47E60022D34F /* GFTransformTableViewCell.h */ = {isa = PBXFileReference; fileEncoding = 4; lastKnownFileType = sourcecode.c.h; path = GFTransformTableViewCell.h; sourceTree = "<group>"; };
		B0228E531ECD47E60022D34F /* GFTransformTableViewCell.m */ = {isa = PBXFileReference; fileEncoding = 4; lastKnownFileType = sourcecode.c.objc; path = GFTransformTableViewCell.m; sourceTree = "<group>"; };
		B0228E621ECD48B40022D34F /* GFAddWorkerViewController.h */ = {isa = PBXFileReference; fileEncoding = 4; lastKnownFileType = sourcecode.c.h; path = GFAddWorkerViewController.h; sourceTree = "<group>"; };
		B0228E631ECD48B40022D34F /* GFAddWorkerViewController.m */ = {isa = PBXFileReference; fileEncoding = 4; lastKnownFileType = sourcecode.c.objc; path = GFAddWorkerViewController.m; sourceTree = "<group>"; };
		B0228E641ECD48B40022D34F /* GFBianjiViewController.h */ = {isa = PBXFileReference; fileEncoding = 4; lastKnownFileType = sourcecode.c.h; path = GFBianjiViewController.h; sourceTree = "<group>"; };
		B0228E651ECD48B40022D34F /* GFBianjiViewController.m */ = {isa = PBXFileReference; fileEncoding = 4; lastKnownFileType = sourcecode.c.objc; path = GFBianjiViewController.m; sourceTree = "<group>"; };
		B0228E661ECD48B40022D34F /* GFWorkerViewController.h */ = {isa = PBXFileReference; fileEncoding = 4; lastKnownFileType = sourcecode.c.h; path = GFWorkerViewController.h; sourceTree = "<group>"; };
		B0228E671ECD48B40022D34F /* GFWorkerViewController.m */ = {isa = PBXFileReference; fileEncoding = 4; lastKnownFileType = sourcecode.c.objc; path = GFWorkerViewController.m; sourceTree = "<group>"; };
		B0228E691ECD48B40022D34F /* CLWorkerModel.h */ = {isa = PBXFileReference; fileEncoding = 4; lastKnownFileType = sourcecode.c.h; path = CLWorkerModel.h; sourceTree = "<group>"; };
		B0228E6A1ECD48B40022D34F /* CLWorkerModel.m */ = {isa = PBXFileReference; fileEncoding = 4; lastKnownFileType = sourcecode.c.objc; path = CLWorkerModel.m; sourceTree = "<group>"; };
		B0228E6C1ECD48B40022D34F /* GFWorkerTableViewCell.h */ = {isa = PBXFileReference; fileEncoding = 4; lastKnownFileType = sourcecode.c.h; path = GFWorkerTableViewCell.h; sourceTree = "<group>"; };
		B0228E6D1ECD48B40022D34F /* GFWorkerTableViewCell.m */ = {isa = PBXFileReference; fileEncoding = 4; lastKnownFileType = sourcecode.c.objc; path = GFWorkerTableViewCell.m; sourceTree = "<group>"; };
		B0228E751ECD48BD0022D34F /* CLDelegateViewController.h */ = {isa = PBXFileReference; fileEncoding = 4; lastKnownFileType = sourcecode.c.h; path = CLDelegateViewController.h; sourceTree = "<group>"; };
		B0228E761ECD48BD0022D34F /* CLDelegateViewController.m */ = {isa = PBXFileReference; fileEncoding = 4; lastKnownFileType = sourcecode.c.objc; path = CLDelegateViewController.m; sourceTree = "<group>"; };
		B0228E771ECD48BD0022D34F /* GFChangePwdViewController.h */ = {isa = PBXFileReference; fileEncoding = 4; lastKnownFileType = sourcecode.c.h; path = GFChangePwdViewController.h; sourceTree = "<group>"; };
		B0228E781ECD48BD0022D34F /* GFChangePwdViewController.m */ = {isa = PBXFileReference; fileEncoding = 4; lastKnownFileType = sourcecode.c.objc; path = GFChangePwdViewController.m; sourceTree = "<group>"; };
		B0228E791ECD48BD0022D34F /* GFForgetPwdViewController.h */ = {isa = PBXFileReference; fileEncoding = 4; lastKnownFileType = sourcecode.c.h; path = GFForgetPwdViewController.h; sourceTree = "<group>"; };
		B0228E7A1ECD48BD0022D34F /* GFForgetPwdViewController.m */ = {isa = PBXFileReference; fileEncoding = 4; lastKnownFileType = sourcecode.c.objc; path = GFForgetPwdViewController.m; sourceTree = "<group>"; };
		B0228E7B1ECD48BD0022D34F /* GFSignInViewController.h */ = {isa = PBXFileReference; fileEncoding = 4; lastKnownFileType = sourcecode.c.h; path = GFSignInViewController.h; sourceTree = "<group>"; };
		B0228E7C1ECD48BD0022D34F /* GFSignInViewController.m */ = {isa = PBXFileReference; fileEncoding = 4; lastKnownFileType = sourcecode.c.objc; path = GFSignInViewController.m; sourceTree = "<group>"; };
		B0228E7D1ECD48BD0022D34F /* GFSignUpViewController.h */ = {isa = PBXFileReference; fileEncoding = 4; lastKnownFileType = sourcecode.c.h; path = GFSignUpViewController.h; sourceTree = "<group>"; };
		B0228E7E1ECD48BD0022D34F /* GFSignUpViewController.m */ = {isa = PBXFileReference; fileEncoding = 4; lastKnownFileType = sourcecode.c.objc; path = GFSignUpViewController.m; sourceTree = "<group>"; };
		B0228E881ECD499D0022D34F /* CLAddPersonViewController.h */ = {isa = PBXFileReference; fileEncoding = 4; lastKnownFileType = sourcecode.c.h; path = CLAddPersonViewController.h; sourceTree = "<group>"; };
		B0228E891ECD499D0022D34F /* CLAddPersonViewController.m */ = {isa = PBXFileReference; fileEncoding = 4; lastKnownFileType = sourcecode.c.objc; path = CLAddPersonViewController.m; sourceTree = "<group>"; };
		B0228E8A1ECD499D0022D34F /* GFDeNoindentViewController.h */ = {isa = PBXFileReference; fileEncoding = 4; lastKnownFileType = sourcecode.c.h; path = GFDeNoindentViewController.h; sourceTree = "<group>"; };
		B0228E8B1ECD499D0022D34F /* GFDeNoindentViewController.mm */ = {isa = PBXFileReference; fileEncoding = 4; lastKnownFileType = sourcecode.cpp.objcpp; path = GFDeNoindentViewController.mm; sourceTree = "<group>"; };
		B0228E8C1ECD499D0022D34F /* GFDetailPeoViewController.h */ = {isa = PBXFileReference; fileEncoding = 4; lastKnownFileType = sourcecode.c.h; path = GFDetailPeoViewController.h; sourceTree = "<group>"; };
		B0228E8D1ECD499D0022D34F /* GFDetailPeoViewController.m */ = {isa = PBXFileReference; fileEncoding = 4; lastKnownFileType = sourcecode.c.objc; path = GFDetailPeoViewController.m; sourceTree = "<group>"; };
		B0228E8E1ECD499D0022D34F /* GFJishiDDViewController.h */ = {isa = PBXFileReference; fileEncoding = 4; lastKnownFileType = sourcecode.c.h; path = GFJishiDDViewController.h; sourceTree = "<group>"; };
		B0228E8F1ECD499D0022D34F /* GFJishiDDViewController.m */ = {isa = PBXFileReference; fileEncoding = 4; lastKnownFileType = sourcecode.c.objc; path = GFJishiDDViewController.m; sourceTree = "<group>"; };
		B0228E901ECD499D0022D34F /* GFNoIndentViewController.h */ = {isa = PBXFileReference; fileEncoding = 4; lastKnownFileType = sourcecode.c.h; path = GFNoIndentViewController.h; sourceTree = "<group>"; };
		B0228E911ECD499D0022D34F /* GFNoIndentViewController.m */ = {isa = PBXFileReference; fileEncoding = 4; lastKnownFileType = sourcecode.c.objc; path = GFNoIndentViewController.m; sourceTree = "<group>"; };
		B0228E921ECD499D0022D34F /* GFOneIndentViewController.h */ = {isa = PBXFileReference; fileEncoding = 4; lastKnownFileType = sourcecode.c.h; path = GFOneIndentViewController.h; sourceTree = "<group>"; };
		B0228E931ECD499D0022D34F /* GFOneIndentViewController.m */ = {isa = PBXFileReference; fileEncoding = 4; lastKnownFileType = sourcecode.c.objc; path = GFOneIndentViewController.m; sourceTree = "<group>"; };
		B0228E951ECD499D0022D34F /* CLAddPersonModel.h */ = {isa = PBXFileReference; fileEncoding = 4; lastKnownFileType = sourcecode.c.h; path = CLAddPersonModel.h; sourceTree = "<group>"; };
		B0228E961ECD499D0022D34F /* CLAddPersonModel.m */ = {isa = PBXFileReference; fileEncoding = 4; lastKnownFileType = sourcecode.c.objc; path = CLAddPersonModel.m; sourceTree = "<group>"; };
		B0228E971ECD499D0022D34F /* CLIndentModel.h */ = {isa = PBXFileReference; fileEncoding = 4; lastKnownFileType = sourcecode.c.h; path = CLIndentModel.h; sourceTree = "<group>"; };
		B0228E981ECD499D0022D34F /* CLIndentModel.m */ = {isa = PBXFileReference; fileEncoding = 4; lastKnownFileType = sourcecode.c.objc; path = CLIndentModel.m; sourceTree = "<group>"; };
		B0228E991ECD499D0022D34F /* GFNoIndentModel.h */ = {isa = PBXFileReference; fileEncoding = 4; lastKnownFileType = sourcecode.c.h; path = GFNoIndentModel.h; sourceTree = "<group>"; };
		B0228E9A1ECD499D0022D34F /* GFNoIndentModel.m */ = {isa = PBXFileReference; fileEncoding = 4; lastKnownFileType = sourcecode.c.objc; path = GFNoIndentModel.m; sourceTree = "<group>"; };
		B0228E9C1ECD499D0022D34F /* CLPersonTableViewCell.h */ = {isa = PBXFileReference; fileEncoding = 4; lastKnownFileType = sourcecode.c.h; path = CLPersonTableViewCell.h; sourceTree = "<group>"; };
		B0228E9D1ECD499D0022D34F /* CLPersonTableViewCell.m */ = {isa = PBXFileReference; fileEncoding = 4; lastKnownFileType = sourcecode.c.objc; path = CLPersonTableViewCell.m; sourceTree = "<group>"; };
		B0228E9E1ECD499D0022D34F /* GFNoIndentTableViewCell.h */ = {isa = PBXFileReference; fileEncoding = 4; lastKnownFileType = sourcecode.c.h; path = GFNoIndentTableViewCell.h; sourceTree = "<group>"; };
		B0228E9F1ECD499D0022D34F /* GFNoIndentTableViewCell.m */ = {isa = PBXFileReference; fileEncoding = 4; lastKnownFileType = sourcecode.c.objc; path = GFNoIndentTableViewCell.m; sourceTree = "<group>"; };
		B0228EA01ECD499D0022D34F /* GFNoInTableViewCell.h */ = {isa = PBXFileReference; fileEncoding = 4; lastKnownFileType = sourcecode.c.h; path = GFNoInTableViewCell.h; sourceTree = "<group>"; };
		B0228EA11ECD499D0022D34F /* GFNoInTableViewCell.m */ = {isa = PBXFileReference; fileEncoding = 4; lastKnownFileType = sourcecode.c.objc; path = GFNoInTableViewCell.m; sourceTree = "<group>"; };
		B0228EB01ECD49A80022D34F /* GFEvaluateShareViewController.h */ = {isa = PBXFileReference; fileEncoding = 4; lastKnownFileType = sourcecode.c.h; path = GFEvaluateShareViewController.h; sourceTree = "<group>"; };
		B0228EB11ECD49A80022D34F /* GFEvaluateShareViewController.m */ = {isa = PBXFileReference; fileEncoding = 4; lastKnownFileType = sourcecode.c.objc; path = GFEvaluateShareViewController.m; sourceTree = "<group>"; };
		B0228EB21ECD49A80022D34F /* GFEvaluateViewController.h */ = {isa = PBXFileReference; fileEncoding = 4; lastKnownFileType = sourcecode.c.h; path = GFEvaluateViewController.h; sourceTree = "<group>"; };
		B0228EB31ECD49A80022D34F /* GFEvaluateViewController.m */ = {isa = PBXFileReference; fileEncoding = 4; lastKnownFileType = sourcecode.c.objc; path = GFEvaluateViewController.m; sourceTree = "<group>"; };
		B0228EB41ECD49A80022D34F /* GFIndentDetialsViewController.h */ = {isa = PBXFileReference; fileEncoding = 4; lastKnownFileType = sourcecode.c.h; path = GFIndentDetialsViewController.h; sourceTree = "<group>"; };
		B0228EB51ECD49A80022D34F /* GFIndentDetialsViewController.m */ = {isa = PBXFileReference; fileEncoding = 4; lastKnownFileType = sourcecode.c.objc; path = GFIndentDetialsViewController.m; sourceTree = "<group>"; };
		B0228EB61ECD49A80022D34F /* GFIndentViewController.h */ = {isa = PBXFileReference; fileEncoding = 4; lastKnownFileType = sourcecode.c.h; path = GFIndentViewController.h; sourceTree = "<group>"; };
		B0228EB71ECD49A80022D34F /* GFIndentViewController.m */ = {isa = PBXFileReference; fileEncoding = 4; lastKnownFileType = sourcecode.c.objc; path = GFIndentViewController.m; sourceTree = "<group>"; };
		B0228EB91ECD49A80022D34F /* GFIndentModel.h */ = {isa = PBXFileReference; fileEncoding = 4; lastKnownFileType = sourcecode.c.h; path = GFIndentModel.h; sourceTree = "<group>"; };
		B0228EBA1ECD49A80022D34F /* GFIndentModel.m */ = {isa = PBXFileReference; fileEncoding = 4; lastKnownFileType = sourcecode.c.objc; path = GFIndentModel.m; sourceTree = "<group>"; };
		B0228EBB1ECD49A80022D34F /* GFNewIndentModel.h */ = {isa = PBXFileReference; fileEncoding = 4; lastKnownFileType = sourcecode.c.h; path = GFNewIndentModel.h; sourceTree = "<group>"; };
		B0228EBC1ECD49A80022D34F /* GFNewIndentModel.m */ = {isa = PBXFileReference; fileEncoding = 4; lastKnownFileType = sourcecode.c.objc; path = GFNewIndentModel.m; sourceTree = "<group>"; };
		B0228EBE1ECD49A80022D34F /* GFIndentTableViewCell.h */ = {isa = PBXFileReference; fileEncoding = 4; lastKnownFileType = sourcecode.c.h; path = GFIndentTableViewCell.h; sourceTree = "<group>"; };
		B0228EBF1ECD49A80022D34F /* GFIndentTableViewCell.m */ = {isa = PBXFileReference; fileEncoding = 4; lastKnownFileType = sourcecode.c.objc; path = GFIndentTableViewCell.m; sourceTree = "<group>"; };
		B0228FA01ECD49F40022D34F /* ACETelPrompt.h */ = {isa = PBXFileReference; fileEncoding = 4; lastKnownFileType = sourcecode.c.h; path = ACETelPrompt.h; sourceTree = "<group>"; };
		B0228FA11ECD49F40022D34F /* ACETelPrompt.m */ = {isa = PBXFileReference; fileEncoding = 4; lastKnownFileType = sourcecode.c.objc; path = ACETelPrompt.m; sourceTree = "<group>"; };
		B0228FFC1ECD49F40022D34F /* FirstViewController.h */ = {isa = PBXFileReference; fileEncoding = 4; lastKnownFileType = sourcecode.c.h; path = FirstViewController.h; sourceTree = "<group>"; };
		B0228FFD1ECD49F40022D34F /* FirstViewController.m */ = {isa = PBXFileReference; fileEncoding = 4; lastKnownFileType = sourcecode.c.objc; path = FirstViewController.m; sourceTree = "<group>"; };
		B0228FFE1ECD49F40022D34F /* SecondViewController.h */ = {isa = PBXFileReference; fileEncoding = 4; lastKnownFileType = sourcecode.c.h; path = SecondViewController.h; sourceTree = "<group>"; };
		B0228FFF1ECD49F40022D34F /* SecondViewController.m */ = {isa = PBXFileReference; fileEncoding = 4; lastKnownFileType = sourcecode.c.objc; path = SecondViewController.m; sourceTree = "<group>"; };
		B02290001ECD49F40022D34F /* TestViewController.h */ = {isa = PBXFileReference; fileEncoding = 4; lastKnownFileType = sourcecode.c.h; path = TestViewController.h; sourceTree = "<group>"; };
		B02290011ECD49F40022D34F /* TestViewController.m */ = {isa = PBXFileReference; fileEncoding = 4; lastKnownFileType = sourcecode.c.objc; path = TestViewController.m; sourceTree = "<group>"; };
		B02290021ECD49F40022D34F /* ViewController.h */ = {isa = PBXFileReference; fileEncoding = 4; lastKnownFileType = sourcecode.c.h; path = ViewController.h; sourceTree = "<group>"; };
		B02290031ECD49F40022D34F /* ViewController.m */ = {isa = PBXFileReference; fileEncoding = 4; lastKnownFileType = sourcecode.c.objc; path = ViewController.m; sourceTree = "<group>"; };
		B02290051ECD49F40022D34F /* GFAnnotation.h */ = {isa = PBXFileReference; fileEncoding = 4; lastKnownFileType = sourcecode.c.h; path = GFAnnotation.h; sourceTree = "<group>"; };
		B02290061ECD49F40022D34F /* GFAnnotation.m */ = {isa = PBXFileReference; fileEncoding = 4; lastKnownFileType = sourcecode.c.objc; path = GFAnnotation.m; sourceTree = "<group>"; };
		B02290071ECD49F40022D34F /* GFAnnotationView.h */ = {isa = PBXFileReference; fileEncoding = 4; lastKnownFileType = sourcecode.c.h; path = GFAnnotationView.h; sourceTree = "<group>"; };
		B02290081ECD49F40022D34F /* GFAnnotationView.m */ = {isa = PBXFileReference; fileEncoding = 4; lastKnownFileType = sourcecode.c.objc; path = GFAnnotationView.m; sourceTree = "<group>"; };
		B02290091ECD49F40022D34F /* GFMapViewController.h */ = {isa = PBXFileReference; fileEncoding = 4; lastKnownFileType = sourcecode.c.h; path = GFMapViewController.h; sourceTree = "<group>"; };
		B022900A1ECD49F40022D34F /* GFMapViewController.mm */ = {isa = PBXFileReference; fileEncoding = 4; lastKnownFileType = sourcecode.cpp.objcpp; path = GFMapViewController.mm; sourceTree = "<group>"; };
		B022900C1ECD49F40022D34F /* CLImageView.h */ = {isa = PBXFileReference; fileEncoding = 4; lastKnownFileType = sourcecode.c.h; path = CLImageView.h; sourceTree = "<group>"; };
		B022900D1ECD49F40022D34F /* CLImageView.m */ = {isa = PBXFileReference; fileEncoding = 4; lastKnownFileType = sourcecode.c.objc; path = CLImageView.m; sourceTree = "<group>"; };
		B022900E1ECD49F40022D34F /* CLTouchImageView.h */ = {isa = PBXFileReference; fileEncoding = 4; lastKnownFileType = sourcecode.c.h; path = CLTouchImageView.h; sourceTree = "<group>"; };
		B022900F1ECD49F40022D34F /* CLTouchImageView.m */ = {isa = PBXFileReference; fileEncoding = 4; lastKnownFileType = sourcecode.c.objc; path = CLTouchImageView.m; sourceTree = "<group>"; };
		B02290101ECD49F40022D34F /* CLTouchScrollView.h */ = {isa = PBXFileReference; fileEncoding = 4; lastKnownFileType = sourcecode.c.h; path = CLTouchScrollView.h; sourceTree = "<group>"; };
		B02290111ECD49F40022D34F /* CLTouchScrollView.m */ = {isa = PBXFileReference; fileEncoding = 4; lastKnownFileType = sourcecode.c.objc; path = CLTouchScrollView.m; sourceTree = "<group>"; };
		B02290121ECD49F40022D34F /* CLTouchView.h */ = {isa = PBXFileReference; fileEncoding = 4; lastKnownFileType = sourcecode.c.h; path = CLTouchView.h; sourceTree = "<group>"; };
		B02290131ECD49F40022D34F /* CLTouchView.m */ = {isa = PBXFileReference; fileEncoding = 4; lastKnownFileType = sourcecode.c.objc; path = CLTouchView.m; sourceTree = "<group>"; };
		B02290141ECD49F40022D34F /* GFAlertView.h */ = {isa = PBXFileReference; fileEncoding = 4; lastKnownFileType = sourcecode.c.h; path = GFAlertView.h; sourceTree = "<group>"; };
		B02290151ECD49F40022D34F /* GFAlertView.m */ = {isa = PBXFileReference; fileEncoding = 4; lastKnownFileType = sourcecode.c.objc; path = GFAlertView.m; sourceTree = "<group>"; };
		B02290161ECD49F40022D34F /* GFButton.h */ = {isa = PBXFileReference; fileEncoding = 4; lastKnownFileType = sourcecode.c.h; path = GFButton.h; sourceTree = "<group>"; };
		B02290171ECD49F40022D34F /* GFButton.m */ = {isa = PBXFileReference; fileEncoding = 4; lastKnownFileType = sourcecode.c.objc; path = GFButton.m; sourceTree = "<group>"; };
		B02290181ECD49F40022D34F /* GFImageView.h */ = {isa = PBXFileReference; fileEncoding = 4; lastKnownFileType = sourcecode.c.h; path = GFImageView.h; sourceTree = "<group>"; };
		B02290191ECD49F40022D34F /* GFImageView.m */ = {isa = PBXFileReference; fileEncoding = 4; lastKnownFileType = sourcecode.c.objc; path = GFImageView.m; sourceTree = "<group>"; };
		B022901A1ECD49F40022D34F /* GFNavigationView.h */ = {isa = PBXFileReference; fileEncoding = 4; lastKnownFileType = sourcecode.c.h; path = GFNavigationView.h; sourceTree = "<group>"; };
		B022901B1ECD49F40022D34F /* GFNavigationView.m */ = {isa = PBXFileReference; fileEncoding = 4; lastKnownFileType = sourcecode.c.objc; path = GFNavigationView.m; sourceTree = "<group>"; };
		B022901C1ECD49F40022D34F /* GFNothingView.h */ = {isa = PBXFileReference; fileEncoding = 4; lastKnownFileType = sourcecode.c.h; path = GFNothingView.h; sourceTree = "<group>"; };
		B022901D1ECD49F40022D34F /* GFNothingView.m */ = {isa = PBXFileReference; fileEncoding = 4; lastKnownFileType = sourcecode.c.objc; path = GFNothingView.m; sourceTree = "<group>"; };
		B022901E1ECD49F40022D34F /* GFTextField.h */ = {isa = PBXFileReference; fileEncoding = 4; lastKnownFileType = sourcecode.c.h; path = GFTextField.h; sourceTree = "<group>"; };
		B022901F1ECD49F40022D34F /* GFTextField.m */ = {isa = PBXFileReference; fileEncoding = 4; lastKnownFileType = sourcecode.c.objc; path = GFTextField.m; sourceTree = "<group>"; };
		B02290201ECD49F40022D34F /* GFTipView.h */ = {isa = PBXFileReference; fileEncoding = 4; lastKnownFileType = sourcecode.c.h; path = GFTipView.h; sourceTree = "<group>"; };
		B02290211ECD49F40022D34F /* GFTipView.m */ = {isa = PBXFileReference; fileEncoding = 4; lastKnownFileType = sourcecode.c.objc; path = GFTipView.m; sourceTree = "<group>"; };
		B02290221ECD49F40022D34F /* GFTitleView.h */ = {isa = PBXFileReference; fileEncoding = 4; lastKnownFileType = sourcecode.c.h; path = GFTitleView.h; sourceTree = "<group>"; };
		B02290231ECD49F40022D34F /* GFTitleView.m */ = {isa = PBXFileReference; fileEncoding = 4; lastKnownFileType = sourcecode.c.objc; path = GFTitleView.m; sourceTree = "<group>"; };
		B02290241ECD49F40022D34F /* GFTouchImageView.h */ = {isa = PBXFileReference; fileEncoding = 4; lastKnownFileType = sourcecode.c.h; path = GFTouchImageView.h; sourceTree = "<group>"; };
		B02290251ECD49F40022D34F /* GFTouchImageView.m */ = {isa = PBXFileReference; fileEncoding = 4; lastKnownFileType = sourcecode.c.objc; path = GFTouchImageView.m; sourceTree = "<group>"; };
		B02290271ECD49F40022D34F /* HZIndicatorView.h */ = {isa = PBXFileReference; fileEncoding = 4; lastKnownFileType = sourcecode.c.h; path = HZIndicatorView.h; sourceTree = "<group>"; };
		B02290281ECD49F40022D34F /* HZIndicatorView.m */ = {isa = PBXFileReference; fileEncoding = 4; lastKnownFileType = sourcecode.c.objc; path = HZIndicatorView.m; sourceTree = "<group>"; };
		B02290291ECD49F40022D34F /* HZPhotoBrowser.h */ = {isa = PBXFileReference; fileEncoding = 4; lastKnownFileType = sourcecode.c.h; path = HZPhotoBrowser.h; sourceTree = "<group>"; };
		B022902A1ECD49F40022D34F /* HZPhotoBrowser.m */ = {isa = PBXFileReference; fileEncoding = 4; lastKnownFileType = sourcecode.c.objc; path = HZPhotoBrowser.m; sourceTree = "<group>"; };
		B022902B1ECD49F40022D34F /* HZPhotoBrowserConfig.h */ = {isa = PBXFileReference; fileEncoding = 4; lastKnownFileType = sourcecode.c.h; path = HZPhotoBrowserConfig.h; sourceTree = "<group>"; };
		B022902C1ECD49F40022D34F /* HZPhotoBrowserView.h */ = {isa = PBXFileReference; fileEncoding = 4; lastKnownFileType = sourcecode.c.h; path = HZPhotoBrowserView.h; sourceTree = "<group>"; };
		B022902D1ECD49F40022D34F /* HZPhotoBrowserView.m */ = {isa = PBXFileReference; fileEncoding = 4; lastKnownFileType = sourcecode.c.objc; path = HZPhotoBrowserView.m; sourceTree = "<group>"; };
		B022902E1ECD49F40022D34F /* whiteplaceholder.png */ = {isa = PBXFileReference; lastKnownFileType = image.png; path = whiteplaceholder.png; sourceTree = "<group>"; };
		B022902F1ECD49F40022D34F /* MYImageView.h */ = {isa = PBXFileReference; fileEncoding = 4; lastKnownFileType = sourcecode.c.h; path = MYImageView.h; sourceTree = "<group>"; };
		B02290301ECD49F40022D34F /* MYImageView.m */ = {isa = PBXFileReference; fileEncoding = 4; lastKnownFileType = sourcecode.c.objc; path = MYImageView.m; sourceTree = "<group>"; };
		B02290311ECD49F40022D34F /* UWDatePickerView.h */ = {isa = PBXFileReference; fileEncoding = 4; lastKnownFileType = sourcecode.c.h; path = UWDatePickerView.h; sourceTree = "<group>"; };
		B02290321ECD49F40022D34F /* UWDatePickerView.m */ = {isa = PBXFileReference; fileEncoding = 4; lastKnownFileType = sourcecode.c.objc; path = UWDatePickerView.m; sourceTree = "<group>"; };
		B02290331ECD49F40022D34F /* UWDatePickerView.xib */ = {isa = PBXFileReference; fileEncoding = 4; lastKnownFileType = file.xib; path = UWDatePickerView.xib; sourceTree = "<group>"; };
		B081E7581ECEC9DE003558DC /* CLCollectViewController.h */ = {isa = PBXFileReference; fileEncoding = 4; lastKnownFileType = sourcecode.c.h; path = CLCollectViewController.h; sourceTree = "<group>"; };
		B081E7591ECEC9DE003558DC /* CLCollectViewController.m */ = {isa = PBXFileReference; fileEncoding = 4; lastKnownFileType = sourcecode.c.objc; path = CLCollectViewController.m; sourceTree = "<group>"; };
		B081E75B1ECEC9F9003558DC /* CLCollectTableViewCell.h */ = {isa = PBXFileReference; fileEncoding = 4; lastKnownFileType = sourcecode.c.h; path = CLCollectTableViewCell.h; sourceTree = "<group>"; };
		B081E75C1ECEC9F9003558DC /* CLCollectTableViewCell.m */ = {isa = PBXFileReference; fileEncoding = 4; lastKnownFileType = sourcecode.c.objc; path = CLCollectTableViewCell.m; sourceTree = "<group>"; };
		B081E75E1ECEDDA8003558DC /* CLTechModel.h */ = {isa = PBXFileReference; fileEncoding = 4; lastKnownFileType = sourcecode.c.h; path = CLTechModel.h; sourceTree = "<group>"; };
		B081E75F1ECEDDA8003558DC /* CLTechModel.m */ = {isa = PBXFileReference; fileEncoding = 4; lastKnownFileType = sourcecode.c.objc; path = CLTechModel.m; sourceTree = "<group>"; };
		B081E7611ECEF537003558DC /* CLCollectListViewController.h */ = {isa = PBXFileReference; fileEncoding = 4; lastKnownFileType = sourcecode.c.h; path = CLCollectListViewController.h; sourceTree = "<group>"; };
		B081E7621ECEF537003558DC /* CLCollectListViewController.m */ = {isa = PBXFileReference; fileEncoding = 4; lastKnownFileType = sourcecode.c.objc; path = CLCollectListViewController.m; sourceTree = "<group>"; };
		C4779D0AF22B67AE4A5F3A88 /* Pods-CarMapB.release.xcconfig */ = {isa = PBXFileReference; includeInIndex = 1; lastKnownFileType = text.xcconfig; name = "Pods-CarMapB.release.xcconfig"; path = "Pods/Target Support Files/Pods-CarMapB/Pods-CarMapB.release.xcconfig"; sourceTree = "<group>"; };
/* End PBXFileReference section */

/* Begin PBXFrameworksBuildPhase section */
		9B9754361C5765B3004BDC7C /* Frameworks */ = {
			isa = PBXFrameworksBuildPhase;
			buildActionMask = 2147483647;
			files = (
				9BAFCA621CB6089E000AA419 /* StoreKit.framework in Frameworks */,
				9B0D38951CACCA1F00D490B7 /* AudioToolbox.framework in Frameworks */,
				1849E3547811EFE43F1C5514 /* libPods-CarMapB.a in Frameworks */,
			);
			runOnlyForDeploymentPostprocessing = 0;
		};
		9B97544F1C5765B3004BDC7C /* Frameworks */ = {
			isa = PBXFrameworksBuildPhase;
			buildActionMask = 2147483647;
			files = (
			);
			runOnlyForDeploymentPostprocessing = 0;
		};
/* End PBXFrameworksBuildPhase section */

/* Begin PBXGroup section */
		8673FDBB1C99459200666634 /* 网络请求(AFNetworking) */ = {
			isa = PBXGroup;
			children = (
				9B6B6ECF1C9A59EA00449259 /* GFHttpTool.h */,
				9B6B6ED01C9A59EA00449259 /* GFHttpTool.m */,
				9B6B6ED21C9A5A1A00449259 /* Reachability.h */,
				9B6B6ED31C9A5A1A00449259 /* Reachability.m */,
			);
			path = "网络请求(AFNetworking)";
			sourceTree = "<group>";
		};
		909B27CA6FA162B8934C9008 /* Frameworks */ = {
			isa = PBXGroup;
			children = (
				9B0D38941CACCA1F00D490B7 /* AudioToolbox.framework */,
				9BFA80841C5F475B001651C3 /* libstdc++.6.0.9.tbd */,
				9BFA80811C5F4744001651C3 /* libsqlite3.0.tbd */,
				9BFA807F1C5F4596001651C3 /* UIKit.framework */,
				9BFA807D1C5F458F001651C3 /* Foundation.framework */,
				9BFA807B1C5F4584001651C3 /* SystemConfiguration.framework */,
				9BFA80791C5F4573001651C3 /* CoreLocation.framework */,
				9BFA80771C5F4561001651C3 /* OpenGLES.framework */,
				9BFA80751C5F4554001651C3 /* Security.framework */,
				9BFA80731C5F4547001651C3 /* libsqlite3.tbd */,
				9BFA80711C5F4535001651C3 /* CoreTelephony.framework */,
				9BFA806F1C5F4526001651C3 /* CoreGraphics.framework */,
				9BFA806D1C5F4519001651C3 /* QuartzCore.framework */,
				9BFA806B1C5F450D001651C3 /* MessageUI.framework */,
				9B02AF661C5A22CB0044FB71 /* StoreKit.framework */,
				0309A2ED043AC2879BFE6EC3 /* libPods-CarMapB.a */,
			);
			name = Frameworks;
			sourceTree = "<group>";
		};
		9B9754301C5765B3004BDC7C = {
			isa = PBXGroup;
			children = (
				B01832691E64300A00E203E6 /* CarMapB.entitlements */,
				9B97543B1C5765B3004BDC7C /* CarMap */,
				9B9754551C5765B3004BDC7C /* CarMapUITests */,
				9B97543A1C5765B3004BDC7C /* Products */,
				909B27CA6FA162B8934C9008 /* Frameworks */,
				ED9BC2ED8CACE4AC72CBFA1F /* Pods */,
			);
			sourceTree = "<group>";
		};
		9B97543A1C5765B3004BDC7C /* Products */ = {
			isa = PBXGroup;
			children = (
				9B9754391C5765B3004BDC7C /* CarMapB.app */,
				9B9754521C5765B3004BDC7C /* CarMapB.xctest */,
			);
			name = Products;
			sourceTree = "<group>";
		};
		9B97543B1C5765B3004BDC7C /* CarMap */ = {
			isa = PBXGroup;
			children = (
				9B97543F1C5765B3004BDC7C /* AppDelegate.h */,
				9B9754401C5765B3004BDC7C /* AppDelegate.mm */,
				B0228EAE1ECD49A80022D34F /* 评价 */,
				B0228E861ECD499D0022D34F /* 主页面 */,
				B0228E731ECD48BD0022D34F /* 登录注册 */,
				B0228E601ECD48B40022D34F /* 人员管理 */,
				B0228E381ECD47E60022D34F /* 加盟 */,
				8673FDBB1C99459200666634 /* 网络请求(AFNetworking) */,
				9B9754451C5765B3004BDC7C /* Main.storyboard */,
				9B42F0751CBF980900F08C4E /* LaunchScreen.storyboard */,
				B0228F9F1ECD49F40022D34F /* lib */,
				9B9515441C6089A200445F93 /* PrefixHeader.pch */,
				9B5EBEE41CBDD80E00E753BF /* servicedelegate.html */,
				9B9754481C5765B3004BDC7C /* Assets.xcassets */,
				9BDD16241C9BF27B0017E8E9 /* address.plist */,
				867E6D861D179BC9009F4938 /* WorkItemDic.plist */,
				9B97544D1C5765B3004BDC7C /* Info.plist */,
				9B97543C1C5765B3004BDC7C /* Supporting Files */,
			);
			path = CarMap;
			sourceTree = "<group>";
		};
		9B97543C1C5765B3004BDC7C /* Supporting Files */ = {
			isa = PBXGroup;
			children = (
				9B97543D1C5765B3004BDC7C /* main.m */,
			);
			name = "Supporting Files";
			sourceTree = "<group>";
		};
		9B9754551C5765B3004BDC7C /* CarMapUITests */ = {
			isa = PBXGroup;
			children = (
				9B9754561C5765B3004BDC7C /* CarMapUITests.m */,
				9B9754581C5765B3004BDC7C /* Info.plist */,
			);
			path = CarMapUITests;
			sourceTree = "<group>";
		};
		B0228E381ECD47E60022D34F /* 加盟 */ = {
			isa = PBXGroup;
			children = (
				B0228E391ECD47E60022D34F /* Controller */,
				B0228E4E1ECD47E60022D34F /* Model */,
				B0228E511ECD47E60022D34F /* View */,
			);
			path = "加盟";
			sourceTree = "<group>";
		};
		B0228E391ECD47E60022D34F /* Controller */ = {
			isa = PBXGroup;
			children = (
				B0228E3A1ECD47E60022D34F /* CLCooperateFailViewController.h */,
				B0228E3B1ECD47E60022D34F /* CLCooperateFailViewController.m */,
				B0228E3C1ECD47E60022D34F /* CLCooperatingViewController.h */,
				B0228E3D1ECD47E60022D34F /* CLCooperatingViewController.m */,
				B0228E3E1ECD47E60022D34F /* GFCooperatingSucViewController.h */,
				B0228E3F1ECD47E60022D34F /* GFCooperatingSucViewController.m */,
				B0228E401ECD47E60022D34F /* GFCooperationViewController.h */,
				B0228E411ECD47E60022D34F /* GFCooperationViewController.m */,
				B0228E421ECD47E60022D34F /* GFIWillAddViewController.h */,
				B0228E431ECD47E60022D34F /* GFIWillAddViewController.m */,
				B0228E441ECD47E60022D34F /* GFJoinInViewController_1.h */,
				B0228E451ECD47E60022D34F /* GFJoinInViewController_1.m */,
				B0228E461ECD47E60022D34F /* GFJoinInViewController_2.h */,
				B0228E471ECD47E60022D34F /* GFJoinInViewController_2.m */,
				B0228E481ECD47E60022D34F /* GFPartnersMessageViewController.h */,
				B0228E491ECD47E60022D34F /* GFPartnersMessageViewController.m */,
				B0228E4A1ECD47E60022D34F /* GFTransformViewController.h */,
				B0228E4B1ECD47E60022D34F /* GFTransformViewController.m */,
				B0228E4C1ECD47E60022D34F /* PoiSearchDemoViewController.h */,
				B0228E4D1ECD47E60022D34F /* PoiSearchDemoViewController.mm */,
				B081E7581ECEC9DE003558DC /* CLCollectViewController.h */,
				B081E7591ECEC9DE003558DC /* CLCollectViewController.m */,
				B081E7611ECEF537003558DC /* CLCollectListViewController.h */,
				B081E7621ECEF537003558DC /* CLCollectListViewController.m */,
			);
			path = Controller;
			sourceTree = "<group>";
		};
		B0228E4E1ECD47E60022D34F /* Model */ = {
			isa = PBXGroup;
			children = (
				B0228E4F1ECD47E60022D34F /* CLNotificationModel.h */,
				B0228E501ECD47E60022D34F /* CLNotificationModel.m */,
				B081E75E1ECEDDA8003558DC /* CLTechModel.h */,
				B081E75F1ECEDDA8003558DC /* CLTechModel.m */,
			);
			path = Model;
			sourceTree = "<group>";
		};
		B0228E511ECD47E60022D34F /* View */ = {
			isa = PBXGroup;
			children = (
				B0228E521ECD47E60022D34F /* GFTransformTableViewCell.h */,
				B0228E531ECD47E60022D34F /* GFTransformTableViewCell.m */,
				B081E75B1ECEC9F9003558DC /* CLCollectTableViewCell.h */,
				B081E75C1ECEC9F9003558DC /* CLCollectTableViewCell.m */,
			);
			path = View;
			sourceTree = "<group>";
		};
		B0228E601ECD48B40022D34F /* 人员管理 */ = {
			isa = PBXGroup;
			children = (
				B0228E611ECD48B40022D34F /* Controller */,
				B0228E681ECD48B40022D34F /* Model */,
				B0228E6B1ECD48B40022D34F /* View */,
			);
			path = "人员管理";
			sourceTree = "<group>";
		};
		B0228E611ECD48B40022D34F /* Controller */ = {
			isa = PBXGroup;
			children = (
				B0228E621ECD48B40022D34F /* GFAddWorkerViewController.h */,
				B0228E631ECD48B40022D34F /* GFAddWorkerViewController.m */,
				B0228E641ECD48B40022D34F /* GFBianjiViewController.h */,
				B0228E651ECD48B40022D34F /* GFBianjiViewController.m */,
				B0228E661ECD48B40022D34F /* GFWorkerViewController.h */,
				B0228E671ECD48B40022D34F /* GFWorkerViewController.m */,
			);
			path = Controller;
			sourceTree = "<group>";
		};
		B0228E681ECD48B40022D34F /* Model */ = {
			isa = PBXGroup;
			children = (
				B0228E691ECD48B40022D34F /* CLWorkerModel.h */,
				B0228E6A1ECD48B40022D34F /* CLWorkerModel.m */,
			);
			path = Model;
			sourceTree = "<group>";
		};
		B0228E6B1ECD48B40022D34F /* View */ = {
			isa = PBXGroup;
			children = (
				B0228E6C1ECD48B40022D34F /* GFWorkerTableViewCell.h */,
				B0228E6D1ECD48B40022D34F /* GFWorkerTableViewCell.m */,
			);
			path = View;
			sourceTree = "<group>";
		};
		B0228E731ECD48BD0022D34F /* 登录注册 */ = {
			isa = PBXGroup;
			children = (
				B0228E741ECD48BD0022D34F /* Controller */,
				B0228E7F1ECD48BD0022D34F /* Model */,
				B0228E801ECD48BD0022D34F /* View */,
			);
			path = "登录注册";
			sourceTree = "<group>";
		};
		B0228E741ECD48BD0022D34F /* Controller */ = {
			isa = PBXGroup;
			children = (
				B0228E751ECD48BD0022D34F /* CLDelegateViewController.h */,
				B0228E761ECD48BD0022D34F /* CLDelegateViewController.m */,
				B0228E771ECD48BD0022D34F /* GFChangePwdViewController.h */,
				B0228E781ECD48BD0022D34F /* GFChangePwdViewController.m */,
				B0228E791ECD48BD0022D34F /* GFForgetPwdViewController.h */,
				B0228E7A1ECD48BD0022D34F /* GFForgetPwdViewController.m */,
				B0228E7B1ECD48BD0022D34F /* GFSignInViewController.h */,
				B0228E7C1ECD48BD0022D34F /* GFSignInViewController.m */,
				B0228E7D1ECD48BD0022D34F /* GFSignUpViewController.h */,
				B0228E7E1ECD48BD0022D34F /* GFSignUpViewController.m */,
			);
			path = Controller;
			sourceTree = "<group>";
		};
		B0228E7F1ECD48BD0022D34F /* Model */ = {
			isa = PBXGroup;
			children = (
			);
			path = Model;
			sourceTree = "<group>";
		};
		B0228E801ECD48BD0022D34F /* View */ = {
			isa = PBXGroup;
			children = (
			);
			path = View;
			sourceTree = "<group>";
		};
		B0228E861ECD499D0022D34F /* 主页面 */ = {
			isa = PBXGroup;
			children = (
				B0228E871ECD499D0022D34F /* Controller */,
				B0228E941ECD499D0022D34F /* Model */,
				B0228E9B1ECD499D0022D34F /* View */,
			);
			path = "主页面";
			sourceTree = "<group>";
		};
		B0228E871ECD499D0022D34F /* Controller */ = {
			isa = PBXGroup;
			children = (
				B0228E881ECD499D0022D34F /* CLAddPersonViewController.h */,
				B0228E891ECD499D0022D34F /* CLAddPersonViewController.m */,
				B0228E8A1ECD499D0022D34F /* GFDeNoindentViewController.h */,
				B0228E8B1ECD499D0022D34F /* GFDeNoindentViewController.mm */,
				B0228E8C1ECD499D0022D34F /* GFDetailPeoViewController.h */,
				B0228E8D1ECD499D0022D34F /* GFDetailPeoViewController.m */,
				B0228E8E1ECD499D0022D34F /* GFJishiDDViewController.h */,
				B0228E8F1ECD499D0022D34F /* GFJishiDDViewController.m */,
				B0228E901ECD499D0022D34F /* GFNoIndentViewController.h */,
				B0228E911ECD499D0022D34F /* GFNoIndentViewController.m */,
				B0228E921ECD499D0022D34F /* GFOneIndentViewController.h */,
				B0228E931ECD499D0022D34F /* GFOneIndentViewController.m */,
			);
			path = Controller;
			sourceTree = "<group>";
		};
		B0228E941ECD499D0022D34F /* Model */ = {
			isa = PBXGroup;
			children = (
				B0228E951ECD499D0022D34F /* CLAddPersonModel.h */,
				B0228E961ECD499D0022D34F /* CLAddPersonModel.m */,
				B0228E971ECD499D0022D34F /* CLIndentModel.h */,
				B0228E981ECD499D0022D34F /* CLIndentModel.m */,
				B0228E991ECD499D0022D34F /* GFNoIndentModel.h */,
				B0228E9A1ECD499D0022D34F /* GFNoIndentModel.m */,
			);
			path = Model;
			sourceTree = "<group>";
		};
		B0228E9B1ECD499D0022D34F /* View */ = {
			isa = PBXGroup;
			children = (
				B0228E9C1ECD499D0022D34F /* CLPersonTableViewCell.h */,
				B0228E9D1ECD499D0022D34F /* CLPersonTableViewCell.m */,
				B0228E9E1ECD499D0022D34F /* GFNoIndentTableViewCell.h */,
				B0228E9F1ECD499D0022D34F /* GFNoIndentTableViewCell.m */,
				B0228EA01ECD499D0022D34F /* GFNoInTableViewCell.h */,
				B0228EA11ECD499D0022D34F /* GFNoInTableViewCell.m */,
			);
			path = View;
			sourceTree = "<group>";
		};
		B0228EAE1ECD49A80022D34F /* 评价 */ = {
			isa = PBXGroup;
			children = (
				B0228EAF1ECD49A80022D34F /* Controller */,
				B0228EB81ECD49A80022D34F /* Model */,
				B0228EBD1ECD49A80022D34F /* View */,
			);
			path = "评价";
			sourceTree = "<group>";
		};
		B0228EAF1ECD49A80022D34F /* Controller */ = {
			isa = PBXGroup;
			children = (
				B0228EB01ECD49A80022D34F /* GFEvaluateShareViewController.h */,
				B0228EB11ECD49A80022D34F /* GFEvaluateShareViewController.m */,
				B0228EB21ECD49A80022D34F /* GFEvaluateViewController.h */,
				B0228EB31ECD49A80022D34F /* GFEvaluateViewController.m */,
				B0228EB41ECD49A80022D34F /* GFIndentDetialsViewController.h */,
				B0228EB51ECD49A80022D34F /* GFIndentDetialsViewController.m */,
				B0228EB61ECD49A80022D34F /* GFIndentViewController.h */,
				B0228EB71ECD49A80022D34F /* GFIndentViewController.m */,
			);
			path = Controller;
			sourceTree = "<group>";
		};
		B0228EB81ECD49A80022D34F /* Model */ = {
			isa = PBXGroup;
			children = (
				B0228EB91ECD49A80022D34F /* GFIndentModel.h */,
				B0228EBA1ECD49A80022D34F /* GFIndentModel.m */,
				B0228EBB1ECD49A80022D34F /* GFNewIndentModel.h */,
				B0228EBC1ECD49A80022D34F /* GFNewIndentModel.m */,
			);
			path = Model;
			sourceTree = "<group>";
		};
		B0228EBD1ECD49A80022D34F /* View */ = {
			isa = PBXGroup;
			children = (
				B0228EBE1ECD49A80022D34F /* GFIndentTableViewCell.h */,
				B0228EBF1ECD49A80022D34F /* GFIndentTableViewCell.m */,
			);
			path = View;
			sourceTree = "<group>";
		};
		B0228F9F1ECD49F40022D34F /* lib */ = {
			isa = PBXGroup;
			children = (
				B0228FA01ECD49F40022D34F /* ACETelPrompt.h */,
				B0228FA11ECD49F40022D34F /* ACETelPrompt.m */,
				B0228FFB1ECD49F40022D34F /* 工具页面 */,
				B02290041ECD49F40022D34F /* 百度地图 */,
				B022900B1ECD49F40022D34F /* 自定义控件 */,
			);
			path = lib;
			sourceTree = "<group>";
		};
		B0228FFB1ECD49F40022D34F /* 工具页面 */ = {
			isa = PBXGroup;
			children = (
				B0228FFC1ECD49F40022D34F /* FirstViewController.h */,
				B0228FFD1ECD49F40022D34F /* FirstViewController.m */,
				B0228FFE1ECD49F40022D34F /* SecondViewController.h */,
				B0228FFF1ECD49F40022D34F /* SecondViewController.m */,
				B02290001ECD49F40022D34F /* TestViewController.h */,
				B02290011ECD49F40022D34F /* TestViewController.m */,
				B02290021ECD49F40022D34F /* ViewController.h */,
				B02290031ECD49F40022D34F /* ViewController.m */,
			);
			path = "工具页面";
			sourceTree = "<group>";
		};
		B02290041ECD49F40022D34F /* 百度地图 */ = {
			isa = PBXGroup;
			children = (
				B02290051ECD49F40022D34F /* GFAnnotation.h */,
				B02290061ECD49F40022D34F /* GFAnnotation.m */,
				B02290071ECD49F40022D34F /* GFAnnotationView.h */,
				B02290081ECD49F40022D34F /* GFAnnotationView.m */,
				B02290091ECD49F40022D34F /* GFMapViewController.h */,
				B022900A1ECD49F40022D34F /* GFMapViewController.mm */,
			);
			path = "百度地图";
			sourceTree = "<group>";
		};
		B022900B1ECD49F40022D34F /* 自定义控件 */ = {
			isa = PBXGroup;
			children = (
				B022900C1ECD49F40022D34F /* CLImageView.h */,
				B022900D1ECD49F40022D34F /* CLImageView.m */,
				B022900E1ECD49F40022D34F /* CLTouchImageView.h */,
				B022900F1ECD49F40022D34F /* CLTouchImageView.m */,
				B02290101ECD49F40022D34F /* CLTouchScrollView.h */,
				B02290111ECD49F40022D34F /* CLTouchScrollView.m */,
				B02290121ECD49F40022D34F /* CLTouchView.h */,
				B02290131ECD49F40022D34F /* CLTouchView.m */,
				B02290141ECD49F40022D34F /* GFAlertView.h */,
				B02290151ECD49F40022D34F /* GFAlertView.m */,
				B02290161ECD49F40022D34F /* GFButton.h */,
				B02290171ECD49F40022D34F /* GFButton.m */,
				B02290181ECD49F40022D34F /* GFImageView.h */,
				B02290191ECD49F40022D34F /* GFImageView.m */,
				B022901A1ECD49F40022D34F /* GFNavigationView.h */,
				B022901B1ECD49F40022D34F /* GFNavigationView.m */,
				B022901C1ECD49F40022D34F /* GFNothingView.h */,
				B022901D1ECD49F40022D34F /* GFNothingView.m */,
				B022901E1ECD49F40022D34F /* GFTextField.h */,
				B022901F1ECD49F40022D34F /* GFTextField.m */,
				B02290201ECD49F40022D34F /* GFTipView.h */,
				B02290211ECD49F40022D34F /* GFTipView.m */,
				B02290221ECD49F40022D34F /* GFTitleView.h */,
				B02290231ECD49F40022D34F /* GFTitleView.m */,
				B02290241ECD49F40022D34F /* GFTouchImageView.h */,
				B02290251ECD49F40022D34F /* GFTouchImageView.m */,
				B02290261ECD49F40022D34F /* HZPhotoBrowser */,
				B022902F1ECD49F40022D34F /* MYImageView.h */,
				B02290301ECD49F40022D34F /* MYImageView.m */,
				B02290311ECD49F40022D34F /* UWDatePickerView.h */,
				B02290321ECD49F40022D34F /* UWDatePickerView.m */,
				B02290331ECD49F40022D34F /* UWDatePickerView.xib */,
			);
			path = "自定义控件";
			sourceTree = "<group>";
		};
		B02290261ECD49F40022D34F /* HZPhotoBrowser */ = {
			isa = PBXGroup;
			children = (
				B02290271ECD49F40022D34F /* HZIndicatorView.h */,
				B02290281ECD49F40022D34F /* HZIndicatorView.m */,
				B02290291ECD49F40022D34F /* HZPhotoBrowser.h */,
				B022902A1ECD49F40022D34F /* HZPhotoBrowser.m */,
				B022902B1ECD49F40022D34F /* HZPhotoBrowserConfig.h */,
				B022902C1ECD49F40022D34F /* HZPhotoBrowserView.h */,
				B022902D1ECD49F40022D34F /* HZPhotoBrowserView.m */,
				B022902E1ECD49F40022D34F /* whiteplaceholder.png */,
			);
			path = HZPhotoBrowser;
			sourceTree = "<group>";
		};
		ED9BC2ED8CACE4AC72CBFA1F /* Pods */ = {
			isa = PBXGroup;
			children = (
				00D3C26D5C1D2EFBF0A813D0 /* Pods-CarMapB.debug.xcconfig */,
				C4779D0AF22B67AE4A5F3A88 /* Pods-CarMapB.release.xcconfig */,
			);
			name = Pods;
			sourceTree = "<group>";
		};
/* End PBXGroup section */

/* Begin PBXNativeTarget section */
		9B9754381C5765B3004BDC7C /* CarMapB */ = {
			isa = PBXNativeTarget;
			buildConfigurationList = 9B97545B1C5765B3004BDC7C /* Build configuration list for PBXNativeTarget "CarMapB" */;
			buildPhases = (
				E22F3026C9B30B6D872FEB4F /* [CP] Check Pods Manifest.lock */,
				9B9754351C5765B3004BDC7C /* Sources */,
				9B9754361C5765B3004BDC7C /* Frameworks */,
				9B9754371C5765B3004BDC7C /* Resources */,
				E2C144B6FD2308F8BCF464CC /* [CP] Embed Pods Frameworks */,
				F38E276BC4F7D78B9052352E /* [CP] Copy Pods Resources */,
			);
			buildRules = (
			);
			dependencies = (
			);
			name = CarMapB;
			productName = CarMap;
			productReference = 9B9754391C5765B3004BDC7C /* CarMapB.app */;
			productType = "com.apple.product-type.application";
		};
		9B9754511C5765B3004BDC7C /* CarMapBUITests */ = {
			isa = PBXNativeTarget;
			buildConfigurationList = 9B97545E1C5765B3004BDC7C /* Build configuration list for PBXNativeTarget "CarMapBUITests" */;
			buildPhases = (
				9B97544E1C5765B3004BDC7C /* Sources */,
				9B97544F1C5765B3004BDC7C /* Frameworks */,
				9B9754501C5765B3004BDC7C /* Resources */,
			);
			buildRules = (
			);
			dependencies = (
				9B9754541C5765B3004BDC7C /* PBXTargetDependency */,
			);
			name = CarMapBUITests;
			productName = CarMapUITests;
			productReference = 9B9754521C5765B3004BDC7C /* CarMapB.xctest */;
			productType = "com.apple.product-type.bundle.ui-testing";
		};
/* End PBXNativeTarget section */

/* Begin PBXProject section */
		9B9754311C5765B3004BDC7C /* Project object */ = {
			isa = PBXProject;
			attributes = {
				LastUpgradeCheck = 0800;
				ORGANIZATIONNAME = mll;
				TargetAttributes = {
					9B9754381C5765B3004BDC7C = {
						CreatedOnToolsVersion = 7.2;
						DevelopmentTeam = EXB4V929SQ;
						SystemCapabilities = {
							com.apple.BackgroundModes = {
								enabled = 1;
							};
							com.apple.InAppPurchase = {
								enabled = 1;
							};
							com.apple.Push = {
								enabled = 1;
							};
						};
					};
					9B9754511C5765B3004BDC7C = {
						CreatedOnToolsVersion = 7.2;
						TestTargetID = 9B9754381C5765B3004BDC7C;
					};
				};
			};
			buildConfigurationList = 9B9754341C5765B3004BDC7C /* Build configuration list for PBXProject "CarMapB" */;
			compatibilityVersion = "Xcode 3.2";
			developmentRegion = English;
			hasScannedForEncodings = 0;
			knownRegions = (
				en,
				Base,
			);
			mainGroup = 9B9754301C5765B3004BDC7C;
			productRefGroup = 9B97543A1C5765B3004BDC7C /* Products */;
			projectDirPath = "";
			projectRoot = "";
			targets = (
				9B9754381C5765B3004BDC7C /* CarMapB */,
				9B9754511C5765B3004BDC7C /* CarMapBUITests */,
			);
		};
/* End PBXProject section */

/* Begin PBXResourcesBuildPhase section */
		9B9754371C5765B3004BDC7C /* Resources */ = {
			isa = PBXResourcesBuildPhase;
			buildActionMask = 2147483647;
			files = (
				B02290761ECD49F50022D34F /* UWDatePickerView.xib in Resources */,
				9B42F0761CBF980900F08C4E /* LaunchScreen.storyboard in Resources */,
				9BDD16251C9BF27B0017E8E9 /* address.plist in Resources */,
				B02290731ECD49F50022D34F /* whiteplaceholder.png in Resources */,
				9B9754491C5765B3004BDC7C /* Assets.xcassets in Resources */,
				867E6D871D179BC9009F4938 /* WorkItemDic.plist in Resources */,
				9B9754471C5765B3004BDC7C /* Main.storyboard in Resources */,
				9B5EBEE51CBDD80E00E753BF /* servicedelegate.html in Resources */,
			);
			runOnlyForDeploymentPostprocessing = 0;
		};
		9B9754501C5765B3004BDC7C /* Resources */ = {
			isa = PBXResourcesBuildPhase;
			buildActionMask = 2147483647;
			files = (
			);
			runOnlyForDeploymentPostprocessing = 0;
		};
/* End PBXResourcesBuildPhase section */

/* Begin PBXShellScriptBuildPhase section */
		E22F3026C9B30B6D872FEB4F /* [CP] Check Pods Manifest.lock */ = {
			isa = PBXShellScriptBuildPhase;
			buildActionMask = 2147483647;
			files = (
			);
			inputPaths = (
				"${PODS_PODFILE_DIR_PATH}/Podfile.lock",
				"${PODS_ROOT}/Manifest.lock",
			);
			name = "[CP] Check Pods Manifest.lock";
			outputPaths = (
				"$(DERIVED_FILE_DIR)/Pods-CarMapB-checkManifestLockResult.txt",
			);
			runOnlyForDeploymentPostprocessing = 0;
			shellPath = /bin/sh;
			shellScript = "diff \"${PODS_PODFILE_DIR_PATH}/Podfile.lock\" \"${PODS_ROOT}/Manifest.lock\" > /dev/null\nif [ $? != 0 ] ; then\n    # print error to STDERR\n    echo \"error: The sandbox is not in sync with the Podfile.lock. Run 'pod install' or update your CocoaPods installation.\" >&2\n    exit 1\nfi\n# This output is used by Xcode 'outputs' to avoid re-running this script phase.\necho \"SUCCESS\" > \"${SCRIPT_OUTPUT_FILE_0}\"\n";
			showEnvVarsInLog = 0;
		};
		E2C144B6FD2308F8BCF464CC /* [CP] Embed Pods Frameworks */ = {
			isa = PBXShellScriptBuildPhase;
			buildActionMask = 2147483647;
			files = (
			);
			inputPaths = (
			);
			name = "[CP] Embed Pods Frameworks";
			outputPaths = (
			);
			runOnlyForDeploymentPostprocessing = 0;
			shellPath = /bin/sh;
			shellScript = "\"${SRCROOT}/Pods/Target Support Files/Pods-CarMapB/Pods-CarMapB-frameworks.sh\"\n";
			showEnvVarsInLog = 0;
		};
		F38E276BC4F7D78B9052352E /* [CP] Copy Pods Resources */ = {
			isa = PBXShellScriptBuildPhase;
			buildActionMask = 2147483647;
			files = (
			);
			inputPaths = (
				"${SRCROOT}/Pods/Target Support Files/Pods-CarMapB/Pods-CarMapB-resources.sh",
				"${PODS_ROOT}/BaiduMapKit/BaiduMapKit/BaiduMapAPI_Map.framework/Resources/mapapi.bundle",
				"${PODS_ROOT}/MJRefresh/MJRefresh/MJRefresh.bundle",
				"${PODS_ROOT}/UMengUShare/UShareSDK/UMSocialSDK/UMSocialSDKPromptResources.bundle",
				"${PODS_ROOT}/UMengUShare/UShareSDK/SocialLibraries/QQ/QQSDK/TencentOpenApi_IOS_Bundle.bundle",
				"${PODS_ROOT}/UMengUShare/UShareSDK/SocialLibraries/Sina/SinaSDK/WeiboSDK.bundle",
				"${PODS_ROOT}/UMengUShare/UShareSDK/UMSocialUI/UMSocialSDKResources.bundle",
			);
			name = "[CP] Copy Pods Resources";
			outputPaths = (
				"${TARGET_BUILD_DIR}/${UNLOCALIZED_RESOURCES_FOLDER_PATH}",
			);
			runOnlyForDeploymentPostprocessing = 0;
			shellPath = /bin/sh;
			shellScript = "\"${SRCROOT}/Pods/Target Support Files/Pods-CarMapB/Pods-CarMapB-resources.sh\"\n";
			showEnvVarsInLog = 0;
		};
/* End PBXShellScriptBuildPhase section */

/* Begin PBXSourcesBuildPhase section */
		9B9754351C5765B3004BDC7C /* Sources */ = {
			isa = PBXSourcesBuildPhase;
			buildActionMask = 2147483647;
			files = (
				B0228EAA1ECD499D0022D34F /* GFNoIndentModel.m in Sources */,
				B0228EA71ECD499D0022D34F /* GFOneIndentViewController.m in Sources */,
				B0228E811ECD48BD0022D34F /* CLDelegateViewController.m in Sources */,
				B0228E541ECD47E60022D34F /* CLCooperateFailViewController.m in Sources */,
				B0228EC31ECD49A80022D34F /* GFIndentViewController.m in Sources */,
				B0228EC21ECD49A80022D34F /* GFIndentDetialsViewController.m in Sources */,
				B0228EA61ECD499D0022D34F /* GFNoIndentViewController.m in Sources */,
				B0228E5C1ECD47E60022D34F /* GFTransformViewController.m in Sources */,
				B022905C1ECD49F50022D34F /* FirstViewController.m in Sources */,
				B02290631ECD49F50022D34F /* CLImageView.m in Sources */,
				B0228E581ECD47E60022D34F /* GFIWillAddViewController.m in Sources */,
				B0228E701ECD48B40022D34F /* GFWorkerViewController.m in Sources */,
				B0228E591ECD47E60022D34F /* GFJoinInViewController_1.m in Sources */,
				B02290701ECD49F50022D34F /* HZIndicatorView.m in Sources */,
				B02290601ECD49F50022D34F /* GFAnnotation.m in Sources */,
				B0228E6F1ECD48B40022D34F /* GFBianjiViewController.m in Sources */,
				B0228E5E1ECD47E60022D34F /* CLNotificationModel.m in Sources */,
				B081E75A1ECEC9DE003558DC /* CLCollectViewController.m in Sources */,
				B0228E6E1ECD48B40022D34F /* GFAddWorkerViewController.m in Sources */,
				B02290641ECD49F50022D34F /* CLTouchImageView.m in Sources */,
				B02290721ECD49F50022D34F /* HZPhotoBrowserView.m in Sources */,
				B0228EA51ECD499D0022D34F /* GFJishiDDViewController.m in Sources */,
				B02290651ECD49F50022D34F /* CLTouchScrollView.m in Sources */,
				B02290341ECD49F40022D34F /* ACETelPrompt.m in Sources */,
				B0228EAC1ECD499D0022D34F /* GFNoIndentTableViewCell.m in Sources */,
				B022906E1ECD49F50022D34F /* GFTitleView.m in Sources */,
				B022906D1ECD49F50022D34F /* GFTipView.m in Sources */,
				B0228E5B1ECD47E60022D34F /* GFPartnersMessageViewController.m in Sources */,
				B0228EA81ECD499D0022D34F /* CLAddPersonModel.m in Sources */,
				B0228E5A1ECD47E60022D34F /* GFJoinInViewController_2.m in Sources */,
				B0228EAB1ECD499D0022D34F /* CLPersonTableViewCell.m in Sources */,
				B0228EC51ECD49A80022D34F /* GFNewIndentModel.m in Sources */,
				B0228E571ECD47E60022D34F /* GFCooperationViewController.m in Sources */,
				B0228E711ECD48B40022D34F /* CLWorkerModel.m in Sources */,
				B022905D1ECD49F50022D34F /* SecondViewController.m in Sources */,
				B0228EA31ECD499D0022D34F /* GFDeNoindentViewController.mm in Sources */,
				B02290681ECD49F50022D34F /* GFButton.m in Sources */,
				B02290751ECD49F50022D34F /* UWDatePickerView.m in Sources */,
				B0228EA91ECD499D0022D34F /* CLIndentModel.m in Sources */,
				B02290611ECD49F50022D34F /* GFAnnotationView.m in Sources */,
				B02290691ECD49F50022D34F /* GFImageView.m in Sources */,
				B0228E5D1ECD47E60022D34F /* PoiSearchDemoViewController.mm in Sources */,
				B022906B1ECD49F50022D34F /* GFNothingView.m in Sources */,
				9B6B6ED41C9A5A1A00449259 /* Reachability.m in Sources */,
				B022905E1ECD49F50022D34F /* TestViewController.m in Sources */,
				B02290711ECD49F50022D34F /* HZPhotoBrowser.m in Sources */,
				9B9754411C5765B3004BDC7C /* AppDelegate.mm in Sources */,
				B02290661ECD49F50022D34F /* CLTouchView.m in Sources */,
				B081E7631ECEF537003558DC /* CLCollectListViewController.m in Sources */,
				B0228EA41ECD499D0022D34F /* GFDetailPeoViewController.m in Sources */,
				B0228E821ECD48BD0022D34F /* GFChangePwdViewController.m in Sources */,
				9B6B6ED11C9A59EA00449259 /* GFHttpTool.m in Sources */,
				B0228EAD1ECD499D0022D34F /* GFNoInTableViewCell.m in Sources */,
				B022906F1ECD49F50022D34F /* GFTouchImageView.m in Sources */,
				B081E75D1ECEC9F9003558DC /* CLCollectTableViewCell.m in Sources */,
				B02290621ECD49F50022D34F /* GFMapViewController.mm in Sources */,
				B02290671ECD49F50022D34F /* GFAlertView.m in Sources */,
				B022906C1ECD49F50022D34F /* GFTextField.m in Sources */,
				9B97543E1C5765B3004BDC7C /* main.m in Sources */,
				B0228EC01ECD49A80022D34F /* GFEvaluateShareViewController.m in Sources */,
				B0228EA21ECD499D0022D34F /* CLAddPersonViewController.m in Sources */,
				B081E7601ECEDDA8003558DC /* CLTechModel.m in Sources */,
				B0228E831ECD48BD0022D34F /* GFForgetPwdViewController.m in Sources */,
				B0228E551ECD47E60022D34F /* CLCooperatingViewController.m in Sources */,
				B0228EC41ECD49A80022D34F /* GFIndentModel.m in Sources */,
				B022906A1ECD49F50022D34F /* GFNavigationView.m in Sources */,
				B0228E561ECD47E60022D34F /* GFCooperatingSucViewController.m in Sources */,
				B0228E5F1ECD47E60022D34F /* GFTransformTableViewCell.m in Sources */,
				B0228E721ECD48B40022D34F /* GFWorkerTableViewCell.m in Sources */,
				B02290741ECD49F50022D34F /* MYImageView.m in Sources */,
				B022905F1ECD49F50022D34F /* ViewController.m in Sources */,
				B0228E841ECD48BD0022D34F /* GFSignInViewController.m in Sources */,
				B0228EC61ECD49A80022D34F /* GFIndentTableViewCell.m in Sources */,
				B0228EC11ECD49A80022D34F /* GFEvaluateViewController.m in Sources */,
				B0228E851ECD48BD0022D34F /* GFSignUpViewController.m in Sources */,
			);
			runOnlyForDeploymentPostprocessing = 0;
		};
		9B97544E1C5765B3004BDC7C /* Sources */ = {
			isa = PBXSourcesBuildPhase;
			buildActionMask = 2147483647;
			files = (
				9B9754571C5765B3004BDC7C /* CarMapUITests.m in Sources */,
			);
			runOnlyForDeploymentPostprocessing = 0;
		};
/* End PBXSourcesBuildPhase section */

/* Begin PBXTargetDependency section */
		9B9754541C5765B3004BDC7C /* PBXTargetDependency */ = {
			isa = PBXTargetDependency;
			target = 9B9754381C5765B3004BDC7C /* CarMapB */;
			targetProxy = 9B9754531C5765B3004BDC7C /* PBXContainerItemProxy */;
		};
/* End PBXTargetDependency section */

/* Begin PBXVariantGroup section */
		9B9754451C5765B3004BDC7C /* Main.storyboard */ = {
			isa = PBXVariantGroup;
			children = (
				9B9754461C5765B3004BDC7C /* Base */,
			);
			name = Main.storyboard;
			sourceTree = "<group>";
		};
/* End PBXVariantGroup section */

/* Begin XCBuildConfiguration section */
		9B9754591C5765B3004BDC7C /* Debug */ = {
			isa = XCBuildConfiguration;
			buildSettings = {
				ALWAYS_SEARCH_USER_PATHS = NO;
				CLANG_CXX_LANGUAGE_STANDARD = "gnu++0x";
				CLANG_CXX_LIBRARY = "libc++";
				CLANG_ENABLE_MODULES = YES;
				CLANG_ENABLE_OBJC_ARC = YES;
				CLANG_WARN_BOOL_CONVERSION = YES;
				CLANG_WARN_CONSTANT_CONVERSION = YES;
				CLANG_WARN_DIRECT_OBJC_ISA_USAGE = YES_ERROR;
				CLANG_WARN_EMPTY_BODY = YES;
				CLANG_WARN_ENUM_CONVERSION = YES;
				CLANG_WARN_INFINITE_RECURSION = YES;
				CLANG_WARN_INT_CONVERSION = YES;
				CLANG_WARN_OBJC_ROOT_CLASS = YES_ERROR;
				CLANG_WARN_SUSPICIOUS_MOVE = YES;
				CLANG_WARN_UNREACHABLE_CODE = YES;
				CLANG_WARN__DUPLICATE_METHOD_MATCH = YES;
				CODE_SIGN_IDENTITY = "iPhone Developer";
				"CODE_SIGN_IDENTITY[sdk=*]" = "iPhone Developer";
				COPY_PHASE_STRIP = NO;
				DEBUG_INFORMATION_FORMAT = dwarf;
				ENABLE_BITCODE = NO;
				ENABLE_STRICT_OBJC_MSGSEND = YES;
				ENABLE_TESTABILITY = YES;
				GCC_C_LANGUAGE_STANDARD = gnu99;
				GCC_DYNAMIC_NO_PIC = NO;
				GCC_NO_COMMON_BLOCKS = YES;
				GCC_OPTIMIZATION_LEVEL = 0;
				GCC_PREPROCESSOR_DEFINITIONS = (
					"DEBUG=1",
					"$(inherited)",
				);
				GCC_WARN_64_TO_32_BIT_CONVERSION = YES;
				GCC_WARN_ABOUT_RETURN_TYPE = YES_ERROR;
				GCC_WARN_UNDECLARED_SELECTOR = YES;
				GCC_WARN_UNINITIALIZED_AUTOS = YES_AGGRESSIVE;
				GCC_WARN_UNUSED_FUNCTION = YES;
				GCC_WARN_UNUSED_VARIABLE = YES;
				IPHONEOS_DEPLOYMENT_TARGET = 8.0;
				MTL_ENABLE_DEBUG_INFO = YES;
				ONLY_ACTIVE_ARCH = YES;
				OTHER_LDFLAGS = "-all_load";
				PROVISIONING_PROFILE = "";
				SDKROOT = iphoneos;
				TARGETED_DEVICE_FAMILY = "1,2";
			};
			name = Debug;
		};
		9B97545A1C5765B3004BDC7C /* Release */ = {
			isa = XCBuildConfiguration;
			buildSettings = {
				ALWAYS_SEARCH_USER_PATHS = NO;
				CLANG_CXX_LANGUAGE_STANDARD = "gnu++0x";
				CLANG_CXX_LIBRARY = "libc++";
				CLANG_ENABLE_MODULES = YES;
				CLANG_ENABLE_OBJC_ARC = YES;
				CLANG_WARN_BOOL_CONVERSION = YES;
				CLANG_WARN_CONSTANT_CONVERSION = YES;
				CLANG_WARN_DIRECT_OBJC_ISA_USAGE = YES_ERROR;
				CLANG_WARN_EMPTY_BODY = YES;
				CLANG_WARN_ENUM_CONVERSION = YES;
				CLANG_WARN_INFINITE_RECURSION = YES;
				CLANG_WARN_INT_CONVERSION = YES;
				CLANG_WARN_OBJC_ROOT_CLASS = YES_ERROR;
				CLANG_WARN_SUSPICIOUS_MOVE = YES;
				CLANG_WARN_UNREACHABLE_CODE = YES;
				CLANG_WARN__DUPLICATE_METHOD_MATCH = YES;
				CODE_SIGN_IDENTITY = "iPhone Developer";
				"CODE_SIGN_IDENTITY[sdk=iphoneos*]" = "iPhone Developer";
				COPY_PHASE_STRIP = NO;
				DEBUG_INFORMATION_FORMAT = "dwarf-with-dsym";
				ENABLE_BITCODE = NO;
				ENABLE_NS_ASSERTIONS = NO;
				ENABLE_STRICT_OBJC_MSGSEND = YES;
				GCC_C_LANGUAGE_STANDARD = gnu99;
				GCC_NO_COMMON_BLOCKS = YES;
				GCC_WARN_64_TO_32_BIT_CONVERSION = YES;
				GCC_WARN_ABOUT_RETURN_TYPE = YES_ERROR;
				GCC_WARN_UNDECLARED_SELECTOR = YES;
				GCC_WARN_UNINITIALIZED_AUTOS = YES_AGGRESSIVE;
				GCC_WARN_UNUSED_FUNCTION = YES;
				GCC_WARN_UNUSED_VARIABLE = YES;
				IPHONEOS_DEPLOYMENT_TARGET = 8.0;
				MTL_ENABLE_DEBUG_INFO = NO;
				OTHER_LDFLAGS = "-all_load";
				PROVISIONING_PROFILE = "";
				SDKROOT = iphoneos;
				TARGETED_DEVICE_FAMILY = "1,2";
				VALIDATE_PRODUCT = YES;
			};
			name = Release;
		};
		9B97545C1C5765B3004BDC7C /* Debug */ = {
			isa = XCBuildConfiguration;
			baseConfigurationReference = 00D3C26D5C1D2EFBF0A813D0 /* Pods-CarMapB.debug.xcconfig */;
			buildSettings = {
				ALWAYS_SEARCH_USER_PATHS = NO;
				ASSETCATALOG_COMPILER_APPICON_NAME = AppIcon;
				ASSETCATALOG_COMPILER_LAUNCHIMAGE_NAME = LaunchImage;
				CODE_SIGN_ENTITLEMENTS = CarMapB.entitlements;
				CODE_SIGN_IDENTITY = "iPhone Developer";
				"CODE_SIGN_IDENTITY[sdk=iphoneos*]" = "iPhone Developer";
				DEVELOPMENT_TEAM = EXB4V929SQ;
				ENABLE_BITCODE = NO;
				FRAMEWORK_SEARCH_PATHS = (
					"$(inherited)",
					"$(PROJECT_DIR)",
					"$(PROJECT_DIR)/BaiduMapAPI",
				);
				GCC_PREFIX_HEADER = "$(SRCROOT)/CarMap/PrefixHeader.pch";
				HEADER_SEARCH_PATHS = (
					"$(inherited)",
					"\"${PODS_ROOT}/Headers/Public\"",
					"\"${PODS_ROOT}/Headers/Public/BaiduMapKit\"",
					"\"${PODS_ROOT}/Headers/Public/GTSDK\"",
					"\"${PODS_ROOT}/Headers/Public/UMengSocial\"",
				);
				INFOPLIST_FILE = CarMap/Info.plist;
				IPHONEOS_DEPLOYMENT_TARGET = 8.0;
				LD_RUNPATH_SEARCH_PATHS = "$(inherited) @executable_path/Frameworks";
				LIBRARY_SEARCH_PATHS = (
					"$(inherited)",
					"$(PROJECT_DIR)",
					"$(PROJECT_DIR)/build/Debug-iphoneos",
					"$(PROJECT_DIR)/BaiduMapAPI/thirdlibs",
				);
				PRODUCT_BUNDLE_IDENTIFIER = CarNeighborB;
				PRODUCT_NAME = CarMapB;
				PROVISIONING_PROFILE = "";
				TARGETED_DEVICE_FAMILY = 1;
				USER_HEADER_SEARCH_PATHS = "";
			};
			name = Debug;
		};
		9B97545D1C5765B3004BDC7C /* Release */ = {
			isa = XCBuildConfiguration;
			baseConfigurationReference = C4779D0AF22B67AE4A5F3A88 /* Pods-CarMapB.release.xcconfig */;
			buildSettings = {
				ALWAYS_SEARCH_USER_PATHS = NO;
				ASSETCATALOG_COMPILER_APPICON_NAME = AppIcon;
				ASSETCATALOG_COMPILER_LAUNCHIMAGE_NAME = LaunchImage;
				CODE_SIGN_ENTITLEMENTS = CarMapB.entitlements;
				CODE_SIGN_IDENTITY = "iPhone Developer";
				"CODE_SIGN_IDENTITY[sdk=iphoneos*]" = "iPhone Developer";
				DEVELOPMENT_TEAM = EXB4V929SQ;
				ENABLE_BITCODE = NO;
				FRAMEWORK_SEARCH_PATHS = (
					"$(inherited)",
					"$(PROJECT_DIR)",
					"$(PROJECT_DIR)/BaiduMapAPI",
				);
				GCC_PREFIX_HEADER = "$(SRCROOT)/CarMap/PrefixHeader.pch";
				HEADER_SEARCH_PATHS = (
					"$(inherited)",
					"\"${PODS_ROOT}/Headers/Public\"",
					"\"${PODS_ROOT}/Headers/Public/BaiduMapKit\"",
					"\"${PODS_ROOT}/Headers/Public/GTSDK\"",
					"\"${PODS_ROOT}/Headers/Public/UMengSocial\"",
				);
				INFOPLIST_FILE = CarMap/Info.plist;
				IPHONEOS_DEPLOYMENT_TARGET = 8.0;
				LD_RUNPATH_SEARCH_PATHS = "$(inherited) @executable_path/Frameworks";
				LIBRARY_SEARCH_PATHS = (
					"$(inherited)",
					"$(PROJECT_DIR)",
					"$(PROJECT_DIR)/build/Debug-iphoneos",
					"$(PROJECT_DIR)/BaiduMapAPI/thirdlibs",
				);
				PRODUCT_BUNDLE_IDENTIFIER = CarNeighborB;
				PRODUCT_NAME = CarMapB;
				PROVISIONING_PROFILE = "";
				TARGETED_DEVICE_FAMILY = 1;
				USER_HEADER_SEARCH_PATHS = "";
			};
			name = Release;
		};
		9B97545F1C5765B3004BDC7C /* Debug */ = {
			isa = XCBuildConfiguration;
			buildSettings = {
				INFOPLIST_FILE = CarMapUITests/Info.plist;
				LD_RUNPATH_SEARCH_PATHS = "$(inherited) @executable_path/Frameworks @loader_path/Frameworks";
				PRODUCT_BUNDLE_IDENTIFIER = IC.CarMapUITests;
				PRODUCT_NAME = CarMapB;
				TEST_TARGET_NAME = CarMap;
				USES_XCTRUNNER = YES;
			};
			name = Debug;
		};
		9B9754601C5765B3004BDC7C /* Release */ = {
			isa = XCBuildConfiguration;
			buildSettings = {
				INFOPLIST_FILE = CarMapUITests/Info.plist;
				LD_RUNPATH_SEARCH_PATHS = "$(inherited) @executable_path/Frameworks @loader_path/Frameworks";
				PRODUCT_BUNDLE_IDENTIFIER = IC.CarMapUITests;
				PRODUCT_NAME = CarMapB;
				TEST_TARGET_NAME = CarMap;
				USES_XCTRUNNER = YES;
			};
			name = Release;
		};
/* End XCBuildConfiguration section */

/* Begin XCConfigurationList section */
		9B9754341C5765B3004BDC7C /* Build configuration list for PBXProject "CarMapB" */ = {
			isa = XCConfigurationList;
			buildConfigurations = (
				9B9754591C5765B3004BDC7C /* Debug */,
				9B97545A1C5765B3004BDC7C /* Release */,
			);
			defaultConfigurationIsVisible = 0;
			defaultConfigurationName = Release;
		};
		9B97545B1C5765B3004BDC7C /* Build configuration list for PBXNativeTarget "CarMapB" */ = {
			isa = XCConfigurationList;
			buildConfigurations = (
				9B97545C1C5765B3004BDC7C /* Debug */,
				9B97545D1C5765B3004BDC7C /* Release */,
			);
			defaultConfigurationIsVisible = 0;
			defaultConfigurationName = Release;
		};
		9B97545E1C5765B3004BDC7C /* Build configuration list for PBXNativeTarget "CarMapBUITests" */ = {
			isa = XCConfigurationList;
			buildConfigurations = (
				9B97545F1C5765B3004BDC7C /* Debug */,
				9B9754601C5765B3004BDC7C /* Release */,
			);
			defaultConfigurationIsVisible = 0;
			defaultConfigurationName = Release;
		};
/* End XCConfigurationList section */
	};
	rootObject = 9B9754311C5765B3004BDC7C /* Project object */;
}
