// !$*UTF8*$!
{
	archiveVersion = 1;
	classes = {
	};
	objectVersion = 46;
	objects = {

/* Begin PBXBuildFile section */
		8673FDCC1C99459200666634 /* AFHTTPSessionManager.m in Sources */ = {isa = PBXBuildFile; fileRef = 8673FDBE1C99459200666634 /* AFHTTPSessionManager.m */; };
		8673FDCD1C99459200666634 /* AFNetworkReachabilityManager.m in Sources */ = {isa = PBXBuildFile; fileRef = 8673FDC11C99459200666634 /* AFNetworkReachabilityManager.m */; };
		8673FDCE1C99459200666634 /* AFSecurityPolicy.m in Sources */ = {isa = PBXBuildFile; fileRef = 8673FDC31C99459200666634 /* AFSecurityPolicy.m */; };
		8673FDCF1C99459200666634 /* AFURLRequestSerialization.m in Sources */ = {isa = PBXBuildFile; fileRef = 8673FDC51C99459200666634 /* AFURLRequestSerialization.m */; };
		8673FDD01C99459200666634 /* AFURLResponseSerialization.m in Sources */ = {isa = PBXBuildFile; fileRef = 8673FDC71C99459200666634 /* AFURLResponseSerialization.m */; };
		8673FDD11C99459200666634 /* AFURLSessionManager.m in Sources */ = {isa = PBXBuildFile; fileRef = 8673FDC91C99459200666634 /* AFURLSessionManager.m */; };
		9B0D38951CACCA1F00D490B7 /* AudioToolbox.framework in Frameworks */ = {isa = PBXBuildFile; fileRef = 9B0D38941CACCA1F00D490B7 /* AudioToolbox.framework */; };
		9B42F0761CBF980900F08C4E /* LaunchScreen.storyboard in Resources */ = {isa = PBXBuildFile; fileRef = 9B42F0751CBF980900F08C4E /* LaunchScreen.storyboard */; };
		9B5EBEE51CBDD80E00E753BF /* servicedelegate.html in Resources */ = {isa = PBXBuildFile; fileRef = 9B5EBEE41CBDD80E00E753BF /* servicedelegate.html */; };
		9B5EBEE81CBDEE3B00E753BF /* ACETelPrompt.m in Sources */ = {isa = PBXBuildFile; fileRef = 9B5EBEE71CBDEE3B00E753BF /* ACETelPrompt.m */; };
		9B5FBC261CAE582E00A0BF96 /* PoiSearchDemoViewController.mm in Sources */ = {isa = PBXBuildFile; fileRef = 9B5FBC241CAE582E00A0BF96 /* PoiSearchDemoViewController.mm */; };
		9B5FBC5D1CAE70F800A0BF96 /* GFNothingView.m in Sources */ = {isa = PBXBuildFile; fileRef = 9B5FBC5C1CAE70F800A0BF96 /* GFNothingView.m */; };
		9B6757241C97CAC70001C478 /* MJRefreshAutoFooter.m in Sources */ = {isa = PBXBuildFile; fileRef = 9B6756FA1C97CAC70001C478 /* MJRefreshAutoFooter.m */; };
		9B6757251C97CAC70001C478 /* MJRefreshBackFooter.m in Sources */ = {isa = PBXBuildFile; fileRef = 9B6756FC1C97CAC70001C478 /* MJRefreshBackFooter.m */; };
		9B6757261C97CAC70001C478 /* MJRefreshComponent.m in Sources */ = {isa = PBXBuildFile; fileRef = 9B6756FE1C97CAC70001C478 /* MJRefreshComponent.m */; };
		9B6757271C97CAC70001C478 /* MJRefreshFooter.m in Sources */ = {isa = PBXBuildFile; fileRef = 9B6757001C97CAC70001C478 /* MJRefreshFooter.m */; };
		9B6757281C97CAC70001C478 /* MJRefreshHeader.m in Sources */ = {isa = PBXBuildFile; fileRef = 9B6757021C97CAC70001C478 /* MJRefreshHeader.m */; };
		9B6757291C97CAC70001C478 /* MJRefreshAutoGifFooter.m in Sources */ = {isa = PBXBuildFile; fileRef = 9B6757071C97CAC70001C478 /* MJRefreshAutoGifFooter.m */; };
		9B67572A1C97CAC70001C478 /* MJRefreshAutoNormalFooter.m in Sources */ = {isa = PBXBuildFile; fileRef = 9B6757091C97CAC70001C478 /* MJRefreshAutoNormalFooter.m */; };
		9B67572B1C97CAC70001C478 /* MJRefreshAutoStateFooter.m in Sources */ = {isa = PBXBuildFile; fileRef = 9B67570B1C97CAC70001C478 /* MJRefreshAutoStateFooter.m */; };
		9B67572C1C97CAC70001C478 /* MJRefreshBackGifFooter.m in Sources */ = {isa = PBXBuildFile; fileRef = 9B67570E1C97CAC70001C478 /* MJRefreshBackGifFooter.m */; };
		9B67572D1C97CAC70001C478 /* MJRefreshBackNormalFooter.m in Sources */ = {isa = PBXBuildFile; fileRef = 9B6757101C97CAC70001C478 /* MJRefreshBackNormalFooter.m */; };
		9B67572E1C97CAC70001C478 /* MJRefreshBackStateFooter.m in Sources */ = {isa = PBXBuildFile; fileRef = 9B6757121C97CAC70001C478 /* MJRefreshBackStateFooter.m */; };
		9B67572F1C97CAC70001C478 /* MJRefreshGifHeader.m in Sources */ = {isa = PBXBuildFile; fileRef = 9B6757151C97CAC70001C478 /* MJRefreshGifHeader.m */; };
		9B6757301C97CAC70001C478 /* MJRefreshNormalHeader.m in Sources */ = {isa = PBXBuildFile; fileRef = 9B6757171C97CAC70001C478 /* MJRefreshNormalHeader.m */; };
		9B6757311C97CAC70001C478 /* MJRefreshStateHeader.m in Sources */ = {isa = PBXBuildFile; fileRef = 9B6757191C97CAC70001C478 /* MJRefreshStateHeader.m */; };
		9B6757321C97CAC70001C478 /* MJRefresh.bundle in Resources */ = {isa = PBXBuildFile; fileRef = 9B67571A1C97CAC70001C478 /* MJRefresh.bundle */; };
		9B6757331C97CAC70001C478 /* MJRefreshConst.m in Sources */ = {isa = PBXBuildFile; fileRef = 9B67571D1C97CAC70001C478 /* MJRefreshConst.m */; };
		9B6757341C97CAC70001C478 /* UIScrollView+MJExtension.m in Sources */ = {isa = PBXBuildFile; fileRef = 9B67571F1C97CAC70001C478 /* UIScrollView+MJExtension.m */; };
		9B6757351C97CAC70001C478 /* UIScrollView+MJRefresh.m in Sources */ = {isa = PBXBuildFile; fileRef = 9B6757211C97CAC70001C478 /* UIScrollView+MJRefresh.m */; };
		9B6757361C97CAC70001C478 /* UIView+MJExtension.m in Sources */ = {isa = PBXBuildFile; fileRef = 9B6757231C97CAC70001C478 /* UIView+MJExtension.m */; };
		9B6757371C97CAFE0001C478 /* GFAlertView.m in Sources */ = {isa = PBXBuildFile; fileRef = 86D4FAF91C96A08F004E26AC /* GFAlertView.m */; };
		9B6757381C97CB770001C478 /* GFTitleView.m in Sources */ = {isa = PBXBuildFile; fileRef = 86D4FB031C96A08F004E26AC /* GFTitleView.m */; };
		9B6B6E3B1C9A452C00449259 /* FirstViewController.m in Sources */ = {isa = PBXBuildFile; fileRef = 9B6B6E341C9A452C00449259 /* FirstViewController.m */; };
		9B6B6E3C1C9A452C00449259 /* SecondViewController.m in Sources */ = {isa = PBXBuildFile; fileRef = 9B6B6E361C9A452C00449259 /* SecondViewController.m */; };
		9B6B6E3D1C9A452C00449259 /* TestViewController.m in Sources */ = {isa = PBXBuildFile; fileRef = 9B6B6E381C9A452C00449259 /* TestViewController.m */; };
		9B6B6E3E1C9A452C00449259 /* ViewController.m in Sources */ = {isa = PBXBuildFile; fileRef = 9B6B6E3A1C9A452C00449259 /* ViewController.m */; };
		9B6B6E461C9A466D00449259 /* GFNoIndentTableViewCell.m in Sources */ = {isa = PBXBuildFile; fileRef = 9B6B6E411C9A466D00449259 /* GFNoIndentTableViewCell.m */; };
		9B6B6E471C9A466D00449259 /* GFNoIndentViewController.m in Sources */ = {isa = PBXBuildFile; fileRef = 9B6B6E431C9A466D00449259 /* GFNoIndentViewController.m */; };
		9B6B6E481C9A466D00449259 /* GFOneIndentViewController.m in Sources */ = {isa = PBXBuildFile; fileRef = 9B6B6E451C9A466D00449259 /* GFOneIndentViewController.m */; };
		9B6B6E961C9A485B00449259 /* CLCooperateFailViewController.m in Sources */ = {isa = PBXBuildFile; fileRef = 9B6B6E891C9A485B00449259 /* CLCooperateFailViewController.m */; };
		9B6B6E971C9A485B00449259 /* CLCooperatingViewController.m in Sources */ = {isa = PBXBuildFile; fileRef = 9B6B6E8B1C9A485B00449259 /* CLCooperatingViewController.m */; };
		9B6B6E981C9A485B00449259 /* GFIWillAddViewController.m in Sources */ = {isa = PBXBuildFile; fileRef = 9B6B6E8D1C9A485B00449259 /* GFIWillAddViewController.m */; };
		9B6B6E991C9A485B00449259 /* GFJoinInViewController_1.m in Sources */ = {isa = PBXBuildFile; fileRef = 9B6B6E8F1C9A485B00449259 /* GFJoinInViewController_1.m */; };
		9B6B6E9A1C9A485B00449259 /* GFJoinInViewController_2.m in Sources */ = {isa = PBXBuildFile; fileRef = 9B6B6E911C9A485B00449259 /* GFJoinInViewController_2.m */; };
		9B6B6E9B1C9A485B00449259 /* GFPartnersMessageViewController.m in Sources */ = {isa = PBXBuildFile; fileRef = 9B6B6E931C9A485B00449259 /* GFPartnersMessageViewController.m */; };
		9B6B6EAE1C9A4B1400449259 /* GFAddWorkerViewController.m in Sources */ = {isa = PBXBuildFile; fileRef = 9B6B6EA91C9A4B1400449259 /* GFAddWorkerViewController.m */; };
		9B6B6EAF1C9A4B1400449259 /* GFWorkerTableViewCell.m in Sources */ = {isa = PBXBuildFile; fileRef = 9B6B6EAB1C9A4B1400449259 /* GFWorkerTableViewCell.m */; };
		9B6B6EB01C9A4B1400449259 /* GFWorkerViewController.m in Sources */ = {isa = PBXBuildFile; fileRef = 9B6B6EAD1C9A4B1400449259 /* GFWorkerViewController.m */; };
		9B6B6EBA1C9A4B6400449259 /* GFChangePwdViewController.m in Sources */ = {isa = PBXBuildFile; fileRef = 9B6B6EB31C9A4B6400449259 /* GFChangePwdViewController.m */; };
		9B6B6EBB1C9A4B6400449259 /* GFForgetPwdViewController.m in Sources */ = {isa = PBXBuildFile; fileRef = 9B6B6EB51C9A4B6400449259 /* GFForgetPwdViewController.m */; };
		9B6B6EBC1C9A4B6400449259 /* GFSignInViewController.m in Sources */ = {isa = PBXBuildFile; fileRef = 9B6B6EB71C9A4B6400449259 /* GFSignInViewController.m */; };
		9B6B6EBD1C9A4B6400449259 /* GFSignUpViewController.m in Sources */ = {isa = PBXBuildFile; fileRef = 9B6B6EB91C9A4B6400449259 /* GFSignUpViewController.m */; };
		9B6B6EC91C9A4BAC00449259 /* GFEvaluateShareViewController.m in Sources */ = {isa = PBXBuildFile; fileRef = 9B6B6EC01C9A4BAC00449259 /* GFEvaluateShareViewController.m */; };
		9B6B6ECA1C9A4BAC00449259 /* GFEvaluateViewController.m in Sources */ = {isa = PBXBuildFile; fileRef = 9B6B6EC21C9A4BAC00449259 /* GFEvaluateViewController.m */; };
		9B6B6ECB1C9A4BAC00449259 /* GFIndentDetialsViewController.m in Sources */ = {isa = PBXBuildFile; fileRef = 9B6B6EC41C9A4BAC00449259 /* GFIndentDetialsViewController.m */; };
		9B6B6ECC1C9A4BAC00449259 /* GFIndentTableViewCell.m in Sources */ = {isa = PBXBuildFile; fileRef = 9B6B6EC61C9A4BAC00449259 /* GFIndentTableViewCell.m */; };
		9B6B6ECD1C9A4BAC00449259 /* GFIndentViewController.m in Sources */ = {isa = PBXBuildFile; fileRef = 9B6B6EC81C9A4BAC00449259 /* GFIndentViewController.m */; };
		9B6B6ECE1C9A594E00449259 /* GFTipView.m in Sources */ = {isa = PBXBuildFile; fileRef = 86D4FB011C96A08F004E26AC /* GFTipView.m */; };
		9B6B6ED11C9A59EA00449259 /* GFHttpTool.m in Sources */ = {isa = PBXBuildFile; fileRef = 9B6B6ED01C9A59EA00449259 /* GFHttpTool.m */; };
		9B6B6ED41C9A5A1A00449259 /* Reachability.m in Sources */ = {isa = PBXBuildFile; fileRef = 9B6B6ED31C9A5A1A00449259 /* Reachability.m */; };
		9B8513D91C965E2800BB9CF5 /* libPods.a in Frameworks */ = {isa = PBXBuildFile; fileRef = 9B8513D81C965E2800BB9CF5 /* libPods.a */; };
		9B9515411C60503800445F93 /* GFAnnotation.m in Sources */ = {isa = PBXBuildFile; fileRef = 9B95153C1C60503800445F93 /* GFAnnotation.m */; };
		9B9515421C60503800445F93 /* GFAnnotationView.m in Sources */ = {isa = PBXBuildFile; fileRef = 9B95153E1C60503800445F93 /* GFAnnotationView.m */; };
		9B9515431C60503800445F93 /* GFMapViewController.mm in Sources */ = {isa = PBXBuildFile; fileRef = 9B9515401C60503800445F93 /* GFMapViewController.mm */; };
		9B97543E1C5765B3004BDC7C /* main.m in Sources */ = {isa = PBXBuildFile; fileRef = 9B97543D1C5765B3004BDC7C /* main.m */; };
		9B9754411C5765B3004BDC7C /* AppDelegate.mm in Sources */ = {isa = PBXBuildFile; fileRef = 9B9754401C5765B3004BDC7C /* AppDelegate.mm */; };
		9B9754471C5765B3004BDC7C /* Main.storyboard in Resources */ = {isa = PBXBuildFile; fileRef = 9B9754451C5765B3004BDC7C /* Main.storyboard */; };
		9B9754491C5765B3004BDC7C /* Assets.xcassets in Resources */ = {isa = PBXBuildFile; fileRef = 9B9754481C5765B3004BDC7C /* Assets.xcassets */; };
		9B9754571C5765B3004BDC7C /* CarMapUITests.m in Sources */ = {isa = PBXBuildFile; fileRef = 9B9754561C5765B3004BDC7C /* CarMapUITests.m */; };
		9B9B45A51CBF700400D0F507 /* GFTransformTableViewCell.m in Sources */ = {isa = PBXBuildFile; fileRef = 9B9B45A21CBF700400D0F507 /* GFTransformTableViewCell.m */; };
		9B9B45A91CBF70B300D0F507 /* CLNotificationModel.m in Sources */ = {isa = PBXBuildFile; fileRef = 9B9B45A81CBF70B300D0F507 /* CLNotificationModel.m */; };
		9B9B45AC1CBF78B400D0F507 /* GFTransformViewController.m in Sources */ = {isa = PBXBuildFile; fileRef = 9B9B45AB1CBF78B400D0F507 /* GFTransformViewController.m */; };
		9B9FE9DB1CA378D500231747 /* CLDelegateViewController.m in Sources */ = {isa = PBXBuildFile; fileRef = 9B9FE9DA1CA378D500231747 /* CLDelegateViewController.m */; };
		9B9FE9DF1CA37A1300231747 /* UWDatePickerView.m in Sources */ = {isa = PBXBuildFile; fileRef = 9B9FE9DD1CA37A1300231747 /* UWDatePickerView.m */; };
		9B9FE9E01CA37A1300231747 /* UWDatePickerView.xib in Resources */ = {isa = PBXBuildFile; fileRef = 9B9FE9DE1CA37A1300231747 /* UWDatePickerView.xib */; };
		9B9FE9FF1CA38E1000231747 /* NSData+ImageContentType.m in Sources */ = {isa = PBXBuildFile; fileRef = 9B9FE9E31CA38E1000231747 /* NSData+ImageContentType.m */; };
		9B9FEA001CA38E1000231747 /* SDImageCache.m in Sources */ = {isa = PBXBuildFile; fileRef = 9B9FE9E51CA38E1000231747 /* SDImageCache.m */; };
		9B9FEA011CA38E1000231747 /* SDWebImageCompat.m in Sources */ = {isa = PBXBuildFile; fileRef = 9B9FE9E71CA38E1000231747 /* SDWebImageCompat.m */; };
		9B9FEA021CA38E1000231747 /* SDWebImageDecoder.m in Sources */ = {isa = PBXBuildFile; fileRef = 9B9FE9E91CA38E1000231747 /* SDWebImageDecoder.m */; };
		9B9FEA031CA38E1000231747 /* SDWebImageDownloader.m in Sources */ = {isa = PBXBuildFile; fileRef = 9B9FE9EB1CA38E1000231747 /* SDWebImageDownloader.m */; };
		9B9FEA041CA38E1000231747 /* SDWebImageDownloaderOperation.m in Sources */ = {isa = PBXBuildFile; fileRef = 9B9FE9ED1CA38E1000231747 /* SDWebImageDownloaderOperation.m */; };
		9B9FEA051CA38E1000231747 /* SDWebImageManager.m in Sources */ = {isa = PBXBuildFile; fileRef = 9B9FE9EF1CA38E1000231747 /* SDWebImageManager.m */; };
		9B9FEA061CA38E1000231747 /* SDWebImagePrefetcher.m in Sources */ = {isa = PBXBuildFile; fileRef = 9B9FE9F21CA38E1000231747 /* SDWebImagePrefetcher.m */; };
		9B9FEA071CA38E1000231747 /* UIButton+WebCache.m in Sources */ = {isa = PBXBuildFile; fileRef = 9B9FE9F41CA38E1000231747 /* UIButton+WebCache.m */; };
		9B9FEA081CA38E1000231747 /* UIImage+GIF.m in Sources */ = {isa = PBXBuildFile; fileRef = 9B9FE9F61CA38E1000231747 /* UIImage+GIF.m */; };
		9B9FEA091CA38E1000231747 /* UIImage+MultiFormat.m in Sources */ = {isa = PBXBuildFile; fileRef = 9B9FE9F81CA38E1000231747 /* UIImage+MultiFormat.m */; };
		9B9FEA0A1CA38E1000231747 /* UIImageView+HighlightedWebCache.m in Sources */ = {isa = PBXBuildFile; fileRef = 9B9FE9FA1CA38E1000231747 /* UIImageView+HighlightedWebCache.m */; };
		9B9FEA0B1CA38E1000231747 /* UIImageView+WebCache.m in Sources */ = {isa = PBXBuildFile; fileRef = 9B9FE9FC1CA38E1000231747 /* UIImageView+WebCache.m */; };
		9B9FEA0C1CA38E1000231747 /* UIView+WebCacheOperation.m in Sources */ = {isa = PBXBuildFile; fileRef = 9B9FE9FE1CA38E1000231747 /* UIView+WebCacheOperation.m */; };
		9B9FEA0F1CA3BC0900231747 /* CLTouchScrollView.m in Sources */ = {isa = PBXBuildFile; fileRef = 9B9FEA0E1CA3BC0900231747 /* CLTouchScrollView.m */; };
		9B9FEA121CA3EEC000231747 /* CLIndentModel.m in Sources */ = {isa = PBXBuildFile; fileRef = 9B9FEA111CA3EEC000231747 /* CLIndentModel.m */; };
		9BA71D9A1CA91B94006EA500 /* GFIndentModel.m in Sources */ = {isa = PBXBuildFile; fileRef = 9BA71D991CA91B94006EA500 /* GFIndentModel.m */; };
		9BAFCA621CB6089E000AA419 /* StoreKit.framework in Frameworks */ = {isa = PBXBuildFile; fileRef = 9B02AF661C5A22CB0044FB71 /* StoreKit.framework */; };
		9BD218D21CB74F130093621A /* CLWorkerModel.m in Sources */ = {isa = PBXBuildFile; fileRef = 9BD218D11CB74F130093621A /* CLWorkerModel.m */; };
		9BD6254A1C97BDA600F129CB /* GFNavigationView.m in Sources */ = {isa = PBXBuildFile; fileRef = 86D4FAFD1C96A08F004E26AC /* GFNavigationView.m */; };
		9BD6254B1C97BDBB00F129CB /* GFTextField.m in Sources */ = {isa = PBXBuildFile; fileRef = 86D4FAFF1C96A08F004E26AC /* GFTextField.m */; };
		9BDD16251C9BF27B0017E8E9 /* address.plist in Resources */ = {isa = PBXBuildFile; fileRef = 9BDD16241C9BF27B0017E8E9 /* address.plist */; };
/* End PBXBuildFile section */

/* Begin PBXContainerItemProxy section */
		9B9754531C5765B3004BDC7C /* PBXContainerItemProxy */ = {
			isa = PBXContainerItemProxy;
			containerPortal = 9B9754311C5765B3004BDC7C /* Project object */;
			proxyType = 1;
			remoteGlobalIDString = 9B9754381C5765B3004BDC7C;
			remoteInfo = CarMap;
		};
/* End PBXContainerItemProxy section */

/* Begin PBXFileReference section */
		8673FDBD1C99459200666634 /* AFHTTPSessionManager.h */ = {isa = PBXFileReference; fileEncoding = 4; lastKnownFileType = sourcecode.c.h; path = AFHTTPSessionManager.h; sourceTree = "<group>"; };
		8673FDBE1C99459200666634 /* AFHTTPSessionManager.m */ = {isa = PBXFileReference; fileEncoding = 4; lastKnownFileType = sourcecode.c.objc; path = AFHTTPSessionManager.m; sourceTree = "<group>"; };
		8673FDBF1C99459200666634 /* AFNetworking.h */ = {isa = PBXFileReference; fileEncoding = 4; lastKnownFileType = sourcecode.c.h; path = AFNetworking.h; sourceTree = "<group>"; };
		8673FDC01C99459200666634 /* AFNetworkReachabilityManager.h */ = {isa = PBXFileReference; fileEncoding = 4; lastKnownFileType = sourcecode.c.h; path = AFNetworkReachabilityManager.h; sourceTree = "<group>"; };
		8673FDC11C99459200666634 /* AFNetworkReachabilityManager.m */ = {isa = PBXFileReference; fileEncoding = 4; lastKnownFileType = sourcecode.c.objc; path = AFNetworkReachabilityManager.m; sourceTree = "<group>"; };
		8673FDC21C99459200666634 /* AFSecurityPolicy.h */ = {isa = PBXFileReference; fileEncoding = 4; lastKnownFileType = sourcecode.c.h; path = AFSecurityPolicy.h; sourceTree = "<group>"; };
		8673FDC31C99459200666634 /* AFSecurityPolicy.m */ = {isa = PBXFileReference; fileEncoding = 4; lastKnownFileType = sourcecode.c.objc; path = AFSecurityPolicy.m; sourceTree = "<group>"; };
		8673FDC41C99459200666634 /* AFURLRequestSerialization.h */ = {isa = PBXFileReference; fileEncoding = 4; lastKnownFileType = sourcecode.c.h; path = AFURLRequestSerialization.h; sourceTree = "<group>"; };
		8673FDC51C99459200666634 /* AFURLRequestSerialization.m */ = {isa = PBXFileReference; fileEncoding = 4; lastKnownFileType = sourcecode.c.objc; path = AFURLRequestSerialization.m; sourceTree = "<group>"; };
		8673FDC61C99459200666634 /* AFURLResponseSerialization.h */ = {isa = PBXFileReference; fileEncoding = 4; lastKnownFileType = sourcecode.c.h; path = AFURLResponseSerialization.h; sourceTree = "<group>"; };
		8673FDC71C99459200666634 /* AFURLResponseSerialization.m */ = {isa = PBXFileReference; fileEncoding = 4; lastKnownFileType = sourcecode.c.objc; path = AFURLResponseSerialization.m; sourceTree = "<group>"; };
		8673FDC81C99459200666634 /* AFURLSessionManager.h */ = {isa = PBXFileReference; fileEncoding = 4; lastKnownFileType = sourcecode.c.h; path = AFURLSessionManager.h; sourceTree = "<group>"; };
		8673FDC91C99459200666634 /* AFURLSessionManager.m */ = {isa = PBXFileReference; fileEncoding = 4; lastKnownFileType = sourcecode.c.objc; path = AFURLSessionManager.m; sourceTree = "<group>"; };
		86D4FAF81C96A08F004E26AC /* GFAlertView.h */ = {isa = PBXFileReference; fileEncoding = 4; lastKnownFileType = sourcecode.c.h; path = GFAlertView.h; sourceTree = "<group>"; };
		86D4FAF91C96A08F004E26AC /* GFAlertView.m */ = {isa = PBXFileReference; fileEncoding = 4; lastKnownFileType = sourcecode.c.objc; path = GFAlertView.m; sourceTree = "<group>"; };
		86D4FAFA1C96A08F004E26AC /* GFButton.h */ = {isa = PBXFileReference; fileEncoding = 4; lastKnownFileType = sourcecode.c.h; path = GFButton.h; sourceTree = "<group>"; };
		86D4FAFB1C96A08F004E26AC /* GFButton.m */ = {isa = PBXFileReference; fileEncoding = 4; lastKnownFileType = sourcecode.c.objc; path = GFButton.m; sourceTree = "<group>"; };
		86D4FAFC1C96A08F004E26AC /* GFNavigationView.h */ = {isa = PBXFileReference; fileEncoding = 4; lastKnownFileType = sourcecode.c.h; path = GFNavigationView.h; sourceTree = "<group>"; };
		86D4FAFD1C96A08F004E26AC /* GFNavigationView.m */ = {isa = PBXFileReference; fileEncoding = 4; lastKnownFileType = sourcecode.c.objc; path = GFNavigationView.m; sourceTree = "<group>"; };
		86D4FAFE1C96A08F004E26AC /* GFTextField.h */ = {isa = PBXFileReference; fileEncoding = 4; lastKnownFileType = sourcecode.c.h; path = GFTextField.h; sourceTree = "<group>"; };
		86D4FAFF1C96A08F004E26AC /* GFTextField.m */ = {isa = PBXFileReference; fileEncoding = 4; lastKnownFileType = sourcecode.c.objc; path = GFTextField.m; sourceTree = "<group>"; };
		86D4FB001C96A08F004E26AC /* GFTipView.h */ = {isa = PBXFileReference; fileEncoding = 4; lastKnownFileType = sourcecode.c.h; path = GFTipView.h; sourceTree = "<group>"; };
		86D4FB011C96A08F004E26AC /* GFTipView.m */ = {isa = PBXFileReference; fileEncoding = 4; lastKnownFileType = sourcecode.c.objc; path = GFTipView.m; sourceTree = "<group>"; };
		86D4FB021C96A08F004E26AC /* GFTitleView.h */ = {isa = PBXFileReference; fileEncoding = 4; lastKnownFileType = sourcecode.c.h; path = GFTitleView.h; sourceTree = "<group>"; };
		86D4FB031C96A08F004E26AC /* GFTitleView.m */ = {isa = PBXFileReference; fileEncoding = 4; lastKnownFileType = sourcecode.c.objc; path = GFTitleView.m; sourceTree = "<group>"; };
		9B02AF661C5A22CB0044FB71 /* StoreKit.framework */ = {isa = PBXFileReference; lastKnownFileType = wrapper.framework; name = StoreKit.framework; path = System/Library/Frameworks/StoreKit.framework; sourceTree = SDKROOT; };
		9B0D38941CACCA1F00D490B7 /* AudioToolbox.framework */ = {isa = PBXFileReference; lastKnownFileType = wrapper.framework; name = AudioToolbox.framework; path = System/Library/Frameworks/AudioToolbox.framework; sourceTree = SDKROOT; };
		9B42F0751CBF980900F08C4E /* LaunchScreen.storyboard */ = {isa = PBXFileReference; fileEncoding = 4; lastKnownFileType = file.storyboard; path = LaunchScreen.storyboard; sourceTree = "<group>"; };
		9B5EBEE41CBDD80E00E753BF /* servicedelegate.html */ = {isa = PBXFileReference; fileEncoding = 4; lastKnownFileType = text.html; path = servicedelegate.html; sourceTree = "<group>"; };
		9B5EBEE61CBDEE3B00E753BF /* ACETelPrompt.h */ = {isa = PBXFileReference; fileEncoding = 4; lastKnownFileType = sourcecode.c.h; name = ACETelPrompt.h; path = ../ACETelPrompt.h; sourceTree = "<group>"; };
		9B5EBEE71CBDEE3B00E753BF /* ACETelPrompt.m */ = {isa = PBXFileReference; fileEncoding = 4; lastKnownFileType = sourcecode.c.objc; name = ACETelPrompt.m; path = ../ACETelPrompt.m; sourceTree = "<group>"; };
		9B5FBC241CAE582E00A0BF96 /* PoiSearchDemoViewController.mm */ = {isa = PBXFileReference; fileEncoding = 4; lastKnownFileType = sourcecode.cpp.objcpp; path = PoiSearchDemoViewController.mm; sourceTree = "<group>"; };
		9B5FBC251CAE582E00A0BF96 /* PoiSearchDemoViewController.h */ = {isa = PBXFileReference; fileEncoding = 4; lastKnownFileType = sourcecode.c.h; path = PoiSearchDemoViewController.h; sourceTree = "<group>"; };
		9B5FBC5B1CAE70F800A0BF96 /* GFNothingView.h */ = {isa = PBXFileReference; fileEncoding = 4; lastKnownFileType = sourcecode.c.h; path = GFNothingView.h; sourceTree = "<group>"; };
		9B5FBC5C1CAE70F800A0BF96 /* GFNothingView.m */ = {isa = PBXFileReference; fileEncoding = 4; lastKnownFileType = sourcecode.c.objc; path = GFNothingView.m; sourceTree = "<group>"; };
		9B6756F91C97CAC70001C478 /* MJRefreshAutoFooter.h */ = {isa = PBXFileReference; fileEncoding = 4; lastKnownFileType = sourcecode.c.h; path = MJRefreshAutoFooter.h; sourceTree = "<group>"; };
		9B6756FA1C97CAC70001C478 /* MJRefreshAutoFooter.m */ = {isa = PBXFileReference; fileEncoding = 4; lastKnownFileType = sourcecode.c.objc; path = MJRefreshAutoFooter.m; sourceTree = "<group>"; };
		9B6756FB1C97CAC70001C478 /* MJRefreshBackFooter.h */ = {isa = PBXFileReference; fileEncoding = 4; lastKnownFileType = sourcecode.c.h; path = MJRefreshBackFooter.h; sourceTree = "<group>"; };
		9B6756FC1C97CAC70001C478 /* MJRefreshBackFooter.m */ = {isa = PBXFileReference; fileEncoding = 4; lastKnownFileType = sourcecode.c.objc; path = MJRefreshBackFooter.m; sourceTree = "<group>"; };
		9B6756FD1C97CAC70001C478 /* MJRefreshComponent.h */ = {isa = PBXFileReference; fileEncoding = 4; lastKnownFileType = sourcecode.c.h; path = MJRefreshComponent.h; sourceTree = "<group>"; };
		9B6756FE1C97CAC70001C478 /* MJRefreshComponent.m */ = {isa = PBXFileReference; fileEncoding = 4; lastKnownFileType = sourcecode.c.objc; path = MJRefreshComponent.m; sourceTree = "<group>"; };
		9B6756FF1C97CAC70001C478 /* MJRefreshFooter.h */ = {isa = PBXFileReference; fileEncoding = 4; lastKnownFileType = sourcecode.c.h; path = MJRefreshFooter.h; sourceTree = "<group>"; };
		9B6757001C97CAC70001C478 /* MJRefreshFooter.m */ = {isa = PBXFileReference; fileEncoding = 4; lastKnownFileType = sourcecode.c.objc; path = MJRefreshFooter.m; sourceTree = "<group>"; };
		9B6757011C97CAC70001C478 /* MJRefreshHeader.h */ = {isa = PBXFileReference; fileEncoding = 4; lastKnownFileType = sourcecode.c.h; path = MJRefreshHeader.h; sourceTree = "<group>"; };
		9B6757021C97CAC70001C478 /* MJRefreshHeader.m */ = {isa = PBXFileReference; fileEncoding = 4; lastKnownFileType = sourcecode.c.objc; path = MJRefreshHeader.m; sourceTree = "<group>"; };
		9B6757061C97CAC70001C478 /* MJRefreshAutoGifFooter.h */ = {isa = PBXFileReference; fileEncoding = 4; lastKnownFileType = sourcecode.c.h; path = MJRefreshAutoGifFooter.h; sourceTree = "<group>"; };
		9B6757071C97CAC70001C478 /* MJRefreshAutoGifFooter.m */ = {isa = PBXFileReference; fileEncoding = 4; lastKnownFileType = sourcecode.c.objc; path = MJRefreshAutoGifFooter.m; sourceTree = "<group>"; };
		9B6757081C97CAC70001C478 /* MJRefreshAutoNormalFooter.h */ = {isa = PBXFileReference; fileEncoding = 4; lastKnownFileType = sourcecode.c.h; path = MJRefreshAutoNormalFooter.h; sourceTree = "<group>"; };
		9B6757091C97CAC70001C478 /* MJRefreshAutoNormalFooter.m */ = {isa = PBXFileReference; fileEncoding = 4; lastKnownFileType = sourcecode.c.objc; path = MJRefreshAutoNormalFooter.m; sourceTree = "<group>"; };
		9B67570A1C97CAC70001C478 /* MJRefreshAutoStateFooter.h */ = {isa = PBXFileReference; fileEncoding = 4; lastKnownFileType = sourcecode.c.h; path = MJRefreshAutoStateFooter.h; sourceTree = "<group>"; };
		9B67570B1C97CAC70001C478 /* MJRefreshAutoStateFooter.m */ = {isa = PBXFileReference; fileEncoding = 4; lastKnownFileType = sourcecode.c.objc; path = MJRefreshAutoStateFooter.m; sourceTree = "<group>"; };
		9B67570D1C97CAC70001C478 /* MJRefreshBackGifFooter.h */ = {isa = PBXFileReference; fileEncoding = 4; lastKnownFileType = sourcecode.c.h; path = MJRefreshBackGifFooter.h; sourceTree = "<group>"; };
		9B67570E1C97CAC70001C478 /* MJRefreshBackGifFooter.m */ = {isa = PBXFileReference; fileEncoding = 4; lastKnownFileType = sourcecode.c.objc; path = MJRefreshBackGifFooter.m; sourceTree = "<group>"; };
		9B67570F1C97CAC70001C478 /* MJRefreshBackNormalFooter.h */ = {isa = PBXFileReference; fileEncoding = 4; lastKnownFileType = sourcecode.c.h; path = MJRefreshBackNormalFooter.h; sourceTree = "<group>"; };
		9B6757101C97CAC70001C478 /* MJRefreshBackNormalFooter.m */ = {isa = PBXFileReference; fileEncoding = 4; lastKnownFileType = sourcecode.c.objc; path = MJRefreshBackNormalFooter.m; sourceTree = "<group>"; };
		9B6757111C97CAC70001C478 /* MJRefreshBackStateFooter.h */ = {isa = PBXFileReference; fileEncoding = 4; lastKnownFileType = sourcecode.c.h; path = MJRefreshBackStateFooter.h; sourceTree = "<group>"; };
		9B6757121C97CAC70001C478 /* MJRefreshBackStateFooter.m */ = {isa = PBXFileReference; fileEncoding = 4; lastKnownFileType = sourcecode.c.objc; path = MJRefreshBackStateFooter.m; sourceTree = "<group>"; };
		9B6757141C97CAC70001C478 /* MJRefreshGifHeader.h */ = {isa = PBXFileReference; fileEncoding = 4; lastKnownFileType = sourcecode.c.h; path = MJRefreshGifHeader.h; sourceTree = "<group>"; };
		9B6757151C97CAC70001C478 /* MJRefreshGifHeader.m */ = {isa = PBXFileReference; fileEncoding = 4; lastKnownFileType = sourcecode.c.objc; path = MJRefreshGifHeader.m; sourceTree = "<group>"; };
		9B6757161C97CAC70001C478 /* MJRefreshNormalHeader.h */ = {isa = PBXFileReference; fileEncoding = 4; lastKnownFileType = sourcecode.c.h; path = MJRefreshNormalHeader.h; sourceTree = "<group>"; };
		9B6757171C97CAC70001C478 /* MJRefreshNormalHeader.m */ = {isa = PBXFileReference; fileEncoding = 4; lastKnownFileType = sourcecode.c.objc; path = MJRefreshNormalHeader.m; sourceTree = "<group>"; };
		9B6757181C97CAC70001C478 /* MJRefreshStateHeader.h */ = {isa = PBXFileReference; fileEncoding = 4; lastKnownFileType = sourcecode.c.h; path = MJRefreshStateHeader.h; sourceTree = "<group>"; };
		9B6757191C97CAC70001C478 /* MJRefreshStateHeader.m */ = {isa = PBXFileReference; fileEncoding = 4; lastKnownFileType = sourcecode.c.objc; path = MJRefreshStateHeader.m; sourceTree = "<group>"; };
		9B67571A1C97CAC70001C478 /* MJRefresh.bundle */ = {isa = PBXFileReference; lastKnownFileType = "wrapper.plug-in"; path = MJRefresh.bundle; sourceTree = "<group>"; };
		9B67571B1C97CAC70001C478 /* MJRefresh.h */ = {isa = PBXFileReference; fileEncoding = 4; lastKnownFileType = sourcecode.c.h; path = MJRefresh.h; sourceTree = "<group>"; };
		9B67571C1C97CAC70001C478 /* MJRefreshConst.h */ = {isa = PBXFileReference; fileEncoding = 4; lastKnownFileType = sourcecode.c.h; path = MJRefreshConst.h; sourceTree = "<group>"; };
		9B67571D1C97CAC70001C478 /* MJRefreshConst.m */ = {isa = PBXFileReference; fileEncoding = 4; lastKnownFileType = sourcecode.c.objc; path = MJRefreshConst.m; sourceTree = "<group>"; };
		9B67571E1C97CAC70001C478 /* UIScrollView+MJExtension.h */ = {isa = PBXFileReference; fileEncoding = 4; lastKnownFileType = sourcecode.c.h; path = "UIScrollView+MJExtension.h"; sourceTree = "<group>"; };
		9B67571F1C97CAC70001C478 /* UIScrollView+MJExtension.m */ = {isa = PBXFileReference; fileEncoding = 4; lastKnownFileType = sourcecode.c.objc; path = "UIScrollView+MJExtension.m"; sourceTree = "<group>"; };
		9B6757201C97CAC70001C478 /* UIScrollView+MJRefresh.h */ = {isa = PBXFileReference; fileEncoding = 4; lastKnownFileType = sourcecode.c.h; path = "UIScrollView+MJRefresh.h"; sourceTree = "<group>"; };
		9B6757211C97CAC70001C478 /* UIScrollView+MJRefresh.m */ = {isa = PBXFileReference; fileEncoding = 4; lastKnownFileType = sourcecode.c.objc; path = "UIScrollView+MJRefresh.m"; sourceTree = "<group>"; };
		9B6757221C97CAC70001C478 /* UIView+MJExtension.h */ = {isa = PBXFileReference; fileEncoding = 4; lastKnownFileType = sourcecode.c.h; path = "UIView+MJExtension.h"; sourceTree = "<group>"; };
		9B6757231C97CAC70001C478 /* UIView+MJExtension.m */ = {isa = PBXFileReference; fileEncoding = 4; lastKnownFileType = sourcecode.c.objc; path = "UIView+MJExtension.m"; sourceTree = "<group>"; };
		9B6B6E331C9A452C00449259 /* FirstViewController.h */ = {isa = PBXFileReference; fileEncoding = 4; lastKnownFileType = sourcecode.c.h; path = FirstViewController.h; sourceTree = "<group>"; };
		9B6B6E341C9A452C00449259 /* FirstViewController.m */ = {isa = PBXFileReference; fileEncoding = 4; lastKnownFileType = sourcecode.c.objc; path = FirstViewController.m; sourceTree = "<group>"; };
		9B6B6E351C9A452C00449259 /* SecondViewController.h */ = {isa = PBXFileReference; fileEncoding = 4; lastKnownFileType = sourcecode.c.h; path = SecondViewController.h; sourceTree = "<group>"; };
		9B6B6E361C9A452C00449259 /* SecondViewController.m */ = {isa = PBXFileReference; fileEncoding = 4; lastKnownFileType = sourcecode.c.objc; path = SecondViewController.m; sourceTree = "<group>"; };
		9B6B6E371C9A452C00449259 /* TestViewController.h */ = {isa = PBXFileReference; fileEncoding = 4; lastKnownFileType = sourcecode.c.h; path = TestViewController.h; sourceTree = "<group>"; };
		9B6B6E381C9A452C00449259 /* TestViewController.m */ = {isa = PBXFileReference; fileEncoding = 4; lastKnownFileType = sourcecode.c.objc; path = TestViewController.m; sourceTree = "<group>"; };
		9B6B6E391C9A452C00449259 /* ViewController.h */ = {isa = PBXFileReference; fileEncoding = 4; lastKnownFileType = sourcecode.c.h; path = ViewController.h; sourceTree = "<group>"; };
		9B6B6E3A1C9A452C00449259 /* ViewController.m */ = {isa = PBXFileReference; fileEncoding = 4; lastKnownFileType = sourcecode.c.objc; path = ViewController.m; sourceTree = "<group>"; };
		9B6B6E401C9A466D00449259 /* GFNoIndentTableViewCell.h */ = {isa = PBXFileReference; fileEncoding = 4; lastKnownFileType = sourcecode.c.h; path = GFNoIndentTableViewCell.h; sourceTree = "<group>"; };
		9B6B6E411C9A466D00449259 /* GFNoIndentTableViewCell.m */ = {isa = PBXFileReference; fileEncoding = 4; lastKnownFileType = sourcecode.c.objc; path = GFNoIndentTableViewCell.m; sourceTree = "<group>"; };
		9B6B6E421C9A466D00449259 /* GFNoIndentViewController.h */ = {isa = PBXFileReference; fileEncoding = 4; lastKnownFileType = sourcecode.c.h; path = GFNoIndentViewController.h; sourceTree = "<group>"; };
		9B6B6E431C9A466D00449259 /* GFNoIndentViewController.m */ = {isa = PBXFileReference; fileEncoding = 4; lastKnownFileType = sourcecode.c.objc; path = GFNoIndentViewController.m; sourceTree = "<group>"; };
		9B6B6E441C9A466D00449259 /* GFOneIndentViewController.h */ = {isa = PBXFileReference; fileEncoding = 4; lastKnownFileType = sourcecode.c.h; path = GFOneIndentViewController.h; sourceTree = "<group>"; };
		9B6B6E451C9A466D00449259 /* GFOneIndentViewController.m */ = {isa = PBXFileReference; fileEncoding = 4; lastKnownFileType = sourcecode.c.objc; path = GFOneIndentViewController.m; sourceTree = "<group>"; };
		9B6B6E881C9A485B00449259 /* CLCooperateFailViewController.h */ = {isa = PBXFileReference; fileEncoding = 4; lastKnownFileType = sourcecode.c.h; path = CLCooperateFailViewController.h; sourceTree = "<group>"; };
		9B6B6E891C9A485B00449259 /* CLCooperateFailViewController.m */ = {isa = PBXFileReference; fileEncoding = 4; lastKnownFileType = sourcecode.c.objc; path = CLCooperateFailViewController.m; sourceTree = "<group>"; };
		9B6B6E8A1C9A485B00449259 /* CLCooperatingViewController.h */ = {isa = PBXFileReference; fileEncoding = 4; lastKnownFileType = sourcecode.c.h; path = CLCooperatingViewController.h; sourceTree = "<group>"; };
		9B6B6E8B1C9A485B00449259 /* CLCooperatingViewController.m */ = {isa = PBXFileReference; fileEncoding = 4; lastKnownFileType = sourcecode.c.objc; path = CLCooperatingViewController.m; sourceTree = "<group>"; };
		9B6B6E8C1C9A485B00449259 /* GFIWillAddViewController.h */ = {isa = PBXFileReference; fileEncoding = 4; lastKnownFileType = sourcecode.c.h; path = GFIWillAddViewController.h; sourceTree = "<group>"; };
		9B6B6E8D1C9A485B00449259 /* GFIWillAddViewController.m */ = {isa = PBXFileReference; fileEncoding = 4; lastKnownFileType = sourcecode.c.objc; path = GFIWillAddViewController.m; sourceTree = "<group>"; };
		9B6B6E8E1C9A485B00449259 /* GFJoinInViewController_1.h */ = {isa = PBXFileReference; fileEncoding = 4; lastKnownFileType = sourcecode.c.h; path = GFJoinInViewController_1.h; sourceTree = "<group>"; };
		9B6B6E8F1C9A485B00449259 /* GFJoinInViewController_1.m */ = {isa = PBXFileReference; fileEncoding = 4; lastKnownFileType = sourcecode.c.objc; path = GFJoinInViewController_1.m; sourceTree = "<group>"; };
		9B6B6E901C9A485B00449259 /* GFJoinInViewController_2.h */ = {isa = PBXFileReference; fileEncoding = 4; lastKnownFileType = sourcecode.c.h; path = GFJoinInViewController_2.h; sourceTree = "<group>"; };
		9B6B6E911C9A485B00449259 /* GFJoinInViewController_2.m */ = {isa = PBXFileReference; fileEncoding = 4; lastKnownFileType = sourcecode.c.objc; path = GFJoinInViewController_2.m; sourceTree = "<group>"; };
		9B6B6E921C9A485B00449259 /* GFPartnersMessageViewController.h */ = {isa = PBXFileReference; fileEncoding = 4; lastKnownFileType = sourcecode.c.h; path = GFPartnersMessageViewController.h; sourceTree = "<group>"; };
		9B6B6E931C9A485B00449259 /* GFPartnersMessageViewController.m */ = {isa = PBXFileReference; fileEncoding = 4; lastKnownFileType = sourcecode.c.objc; path = GFPartnersMessageViewController.m; sourceTree = "<group>"; };
		9B6B6EA81C9A4B1400449259 /* GFAddWorkerViewController.h */ = {isa = PBXFileReference; fileEncoding = 4; lastKnownFileType = sourcecode.c.h; path = GFAddWorkerViewController.h; sourceTree = "<group>"; };
		9B6B6EA91C9A4B1400449259 /* GFAddWorkerViewController.m */ = {isa = PBXFileReference; fileEncoding = 4; lastKnownFileType = sourcecode.c.objc; path = GFAddWorkerViewController.m; sourceTree = "<group>"; };
		9B6B6EAA1C9A4B1400449259 /* GFWorkerTableViewCell.h */ = {isa = PBXFileReference; fileEncoding = 4; lastKnownFileType = sourcecode.c.h; path = GFWorkerTableViewCell.h; sourceTree = "<group>"; };
		9B6B6EAB1C9A4B1400449259 /* GFWorkerTableViewCell.m */ = {isa = PBXFileReference; fileEncoding = 4; lastKnownFileType = sourcecode.c.objc; path = GFWorkerTableViewCell.m; sourceTree = "<group>"; };
		9B6B6EAC1C9A4B1400449259 /* GFWorkerViewController.h */ = {isa = PBXFileReference; fileEncoding = 4; lastKnownFileType = sourcecode.c.h; path = GFWorkerViewController.h; sourceTree = "<group>"; };
		9B6B6EAD1C9A4B1400449259 /* GFWorkerViewController.m */ = {isa = PBXFileReference; fileEncoding = 4; lastKnownFileType = sourcecode.c.objc; path = GFWorkerViewController.m; sourceTree = "<group>"; };
		9B6B6EB21C9A4B6400449259 /* GFChangePwdViewController.h */ = {isa = PBXFileReference; fileEncoding = 4; lastKnownFileType = sourcecode.c.h; path = GFChangePwdViewController.h; sourceTree = "<group>"; };
		9B6B6EB31C9A4B6400449259 /* GFChangePwdViewController.m */ = {isa = PBXFileReference; fileEncoding = 4; lastKnownFileType = sourcecode.c.objc; path = GFChangePwdViewController.m; sourceTree = "<group>"; };
		9B6B6EB41C9A4B6400449259 /* GFForgetPwdViewController.h */ = {isa = PBXFileReference; fileEncoding = 4; lastKnownFileType = sourcecode.c.h; path = GFForgetPwdViewController.h; sourceTree = "<group>"; };
		9B6B6EB51C9A4B6400449259 /* GFForgetPwdViewController.m */ = {isa = PBXFileReference; fileEncoding = 4; lastKnownFileType = sourcecode.c.objc; path = GFForgetPwdViewController.m; sourceTree = "<group>"; };
		9B6B6EB61C9A4B6400449259 /* GFSignInViewController.h */ = {isa = PBXFileReference; fileEncoding = 4; lastKnownFileType = sourcecode.c.h; path = GFSignInViewController.h; sourceTree = "<group>"; };
		9B6B6EB71C9A4B6400449259 /* GFSignInViewController.m */ = {isa = PBXFileReference; fileEncoding = 4; lastKnownFileType = sourcecode.c.objc; path = GFSignInViewController.m; sourceTree = "<group>"; };
		9B6B6EB81C9A4B6400449259 /* GFSignUpViewController.h */ = {isa = PBXFileReference; fileEncoding = 4; lastKnownFileType = sourcecode.c.h; path = GFSignUpViewController.h; sourceTree = "<group>"; };
		9B6B6EB91C9A4B6400449259 /* GFSignUpViewController.m */ = {isa = PBXFileReference; fileEncoding = 4; lastKnownFileType = sourcecode.c.objc; path = GFSignUpViewController.m; sourceTree = "<group>"; };
		9B6B6EBF1C9A4BAC00449259 /* GFEvaluateShareViewController.h */ = {isa = PBXFileReference; fileEncoding = 4; lastKnownFileType = sourcecode.c.h; path = GFEvaluateShareViewController.h; sourceTree = "<group>"; };
		9B6B6EC01C9A4BAC00449259 /* GFEvaluateShareViewController.m */ = {isa = PBXFileReference; fileEncoding = 4; lastKnownFileType = sourcecode.c.objc; path = GFEvaluateShareViewController.m; sourceTree = "<group>"; };
		9B6B6EC11C9A4BAC00449259 /* GFEvaluateViewController.h */ = {isa = PBXFileReference; fileEncoding = 4; lastKnownFileType = sourcecode.c.h; path = GFEvaluateViewController.h; sourceTree = "<group>"; };
		9B6B6EC21C9A4BAC00449259 /* GFEvaluateViewController.m */ = {isa = PBXFileReference; fileEncoding = 4; lastKnownFileType = sourcecode.c.objc; path = GFEvaluateViewController.m; sourceTree = "<group>"; };
		9B6B6EC31C9A4BAC00449259 /* GFIndentDetialsViewController.h */ = {isa = PBXFileReference; fileEncoding = 4; lastKnownFileType = sourcecode.c.h; path = GFIndentDetialsViewController.h; sourceTree = "<group>"; };
		9B6B6EC41C9A4BAC00449259 /* GFIndentDetialsViewController.m */ = {isa = PBXFileReference; fileEncoding = 4; lastKnownFileType = sourcecode.c.objc; path = GFIndentDetialsViewController.m; sourceTree = "<group>"; };
		9B6B6EC51C9A4BAC00449259 /* GFIndentTableViewCell.h */ = {isa = PBXFileReference; fileEncoding = 4; lastKnownFileType = sourcecode.c.h; path = GFIndentTableViewCell.h; sourceTree = "<group>"; };
		9B6B6EC61C9A4BAC00449259 /* GFIndentTableViewCell.m */ = {isa = PBXFileReference; fileEncoding = 4; lastKnownFileType = sourcecode.c.objc; path = GFIndentTableViewCell.m; sourceTree = "<group>"; };
		9B6B6EC71C9A4BAC00449259 /* GFIndentViewController.h */ = {isa = PBXFileReference; fileEncoding = 4; lastKnownFileType = sourcecode.c.h; path = GFIndentViewController.h; sourceTree = "<group>"; };
		9B6B6EC81C9A4BAC00449259 /* GFIndentViewController.m */ = {isa = PBXFileReference; fileEncoding = 4; lastKnownFileType = sourcecode.c.objc; path = GFIndentViewController.m; sourceTree = "<group>"; };
		9B6B6ECF1C9A59EA00449259 /* GFHttpTool.h */ = {isa = PBXFileReference; fileEncoding = 4; lastKnownFileType = sourcecode.c.h; path = GFHttpTool.h; sourceTree = "<group>"; };
		9B6B6ED01C9A59EA00449259 /* GFHttpTool.m */ = {isa = PBXFileReference; fileEncoding = 4; lastKnownFileType = sourcecode.c.objc; path = GFHttpTool.m; sourceTree = "<group>"; };
		9B6B6ED21C9A5A1A00449259 /* Reachability.h */ = {isa = PBXFileReference; fileEncoding = 4; lastKnownFileType = sourcecode.c.h; path = Reachability.h; sourceTree = "<group>"; };
		9B6B6ED31C9A5A1A00449259 /* Reachability.m */ = {isa = PBXFileReference; fileEncoding = 4; lastKnownFileType = sourcecode.c.objc; path = Reachability.m; sourceTree = "<group>"; };
		9B8513D81C965E2800BB9CF5 /* libPods.a */ = {isa = PBXFileReference; lastKnownFileType = archive.ar; name = libPods.a; path = "Pods/../build/Debug-iphoneos/libPods.a"; sourceTree = "<group>"; };
		9B95153B1C60503800445F93 /* GFAnnotation.h */ = {isa = PBXFileReference; fileEncoding = 4; lastKnownFileType = sourcecode.c.h; path = GFAnnotation.h; sourceTree = "<group>"; };
		9B95153C1C60503800445F93 /* GFAnnotation.m */ = {isa = PBXFileReference; fileEncoding = 4; lastKnownFileType = sourcecode.c.objc; path = GFAnnotation.m; sourceTree = "<group>"; };
		9B95153D1C60503800445F93 /* GFAnnotationView.h */ = {isa = PBXFileReference; fileEncoding = 4; lastKnownFileType = sourcecode.c.h; path = GFAnnotationView.h; sourceTree = "<group>"; };
		9B95153E1C60503800445F93 /* GFAnnotationView.m */ = {isa = PBXFileReference; fileEncoding = 4; lastKnownFileType = sourcecode.c.objc; path = GFAnnotationView.m; sourceTree = "<group>"; };
		9B95153F1C60503800445F93 /* GFMapViewController.h */ = {isa = PBXFileReference; fileEncoding = 4; lastKnownFileType = sourcecode.c.h; path = GFMapViewController.h; sourceTree = "<group>"; };
		9B9515401C60503800445F93 /* GFMapViewController.mm */ = {isa = PBXFileReference; fileEncoding = 4; lastKnownFileType = sourcecode.cpp.objcpp; path = GFMapViewController.mm; sourceTree = "<group>"; };
		9B9515441C6089A200445F93 /* PrefixHeader.pch */ = {isa = PBXFileReference; lastKnownFileType = sourcecode.c.h; path = PrefixHeader.pch; sourceTree = "<group>"; };
		9B9754391C5765B3004BDC7C /* CarMap.app */ = {isa = PBXFileReference; explicitFileType = wrapper.application; includeInIndex = 0; path = CarMap.app; sourceTree = BUILT_PRODUCTS_DIR; };
		9B97543D1C5765B3004BDC7C /* main.m */ = {isa = PBXFileReference; lastKnownFileType = sourcecode.c.objc; path = main.m; sourceTree = "<group>"; };
		9B97543F1C5765B3004BDC7C /* AppDelegate.h */ = {isa = PBXFileReference; lastKnownFileType = sourcecode.c.h; path = AppDelegate.h; sourceTree = "<group>"; };
		9B9754401C5765B3004BDC7C /* AppDelegate.mm */ = {isa = PBXFileReference; lastKnownFileType = sourcecode.cpp.objcpp; path = AppDelegate.mm; sourceTree = "<group>"; };
		9B9754461C5765B3004BDC7C /* Base */ = {isa = PBXFileReference; lastKnownFileType = file.storyboard; name = Base; path = Base.lproj/Main.storyboard; sourceTree = "<group>"; };
		9B9754481C5765B3004BDC7C /* Assets.xcassets */ = {isa = PBXFileReference; lastKnownFileType = folder.assetcatalog; path = Assets.xcassets; sourceTree = "<group>"; };
		9B97544D1C5765B3004BDC7C /* Info.plist */ = {isa = PBXFileReference; lastKnownFileType = text.plist.xml; path = Info.plist; sourceTree = "<group>"; };
		9B9754521C5765B3004BDC7C /* CarMapUITests.xctest */ = {isa = PBXFileReference; explicitFileType = wrapper.cfbundle; includeInIndex = 0; path = CarMapUITests.xctest; sourceTree = BUILT_PRODUCTS_DIR; };
		9B9754561C5765B3004BDC7C /* CarMapUITests.m */ = {isa = PBXFileReference; lastKnownFileType = sourcecode.c.objc; path = CarMapUITests.m; sourceTree = "<group>"; };
		9B9754581C5765B3004BDC7C /* Info.plist */ = {isa = PBXFileReference; lastKnownFileType = text.plist.xml; path = Info.plist; sourceTree = "<group>"; };
		9B9B45A11CBF700400D0F507 /* GFTransformTableViewCell.h */ = {isa = PBXFileReference; fileEncoding = 4; lastKnownFileType = sourcecode.c.h; path = GFTransformTableViewCell.h; sourceTree = "<group>"; };
		9B9B45A21CBF700400D0F507 /* GFTransformTableViewCell.m */ = {isa = PBXFileReference; fileEncoding = 4; lastKnownFileType = sourcecode.c.objc; path = GFTransformTableViewCell.m; sourceTree = "<group>"; };
		9B9B45A71CBF70B300D0F507 /* CLNotificationModel.h */ = {isa = PBXFileReference; fileEncoding = 4; lastKnownFileType = sourcecode.c.h; path = CLNotificationModel.h; sourceTree = "<group>"; };
		9B9B45A81CBF70B300D0F507 /* CLNotificationModel.m */ = {isa = PBXFileReference; fileEncoding = 4; lastKnownFileType = sourcecode.c.objc; path = CLNotificationModel.m; sourceTree = "<group>"; };
		9B9B45AA1CBF78B400D0F507 /* GFTransformViewController.h */ = {isa = PBXFileReference; fileEncoding = 4; lastKnownFileType = sourcecode.c.h; path = GFTransformViewController.h; sourceTree = "<group>"; };
		9B9B45AB1CBF78B400D0F507 /* GFTransformViewController.m */ = {isa = PBXFileReference; fileEncoding = 4; lastKnownFileType = sourcecode.c.objc; path = GFTransformViewController.m; sourceTree = "<group>"; };
		9B9FE9D91CA378D500231747 /* CLDelegateViewController.h */ = {isa = PBXFileReference; fileEncoding = 4; lastKnownFileType = sourcecode.c.h; path = CLDelegateViewController.h; sourceTree = "<group>"; };
		9B9FE9DA1CA378D500231747 /* CLDelegateViewController.m */ = {isa = PBXFileReference; fileEncoding = 4; lastKnownFileType = sourcecode.c.objc; path = CLDelegateViewController.m; sourceTree = "<group>"; };
		9B9FE9DC1CA37A1300231747 /* UWDatePickerView.h */ = {isa = PBXFileReference; fileEncoding = 4; lastKnownFileType = sourcecode.c.h; path = UWDatePickerView.h; sourceTree = "<group>"; };
		9B9FE9DD1CA37A1300231747 /* UWDatePickerView.m */ = {isa = PBXFileReference; fileEncoding = 4; lastKnownFileType = sourcecode.c.objc; path = UWDatePickerView.m; sourceTree = "<group>"; };
		9B9FE9DE1CA37A1300231747 /* UWDatePickerView.xib */ = {isa = PBXFileReference; fileEncoding = 4; lastKnownFileType = file.xib; path = UWDatePickerView.xib; sourceTree = "<group>"; };
		9B9FE9E21CA38E1000231747 /* NSData+ImageContentType.h */ = {isa = PBXFileReference; fileEncoding = 4; lastKnownFileType = sourcecode.c.h; path = "NSData+ImageContentType.h"; sourceTree = "<group>"; };
		9B9FE9E31CA38E1000231747 /* NSData+ImageContentType.m */ = {isa = PBXFileReference; fileEncoding = 4; lastKnownFileType = sourcecode.c.objc; path = "NSData+ImageContentType.m"; sourceTree = "<group>"; };
		9B9FE9E41CA38E1000231747 /* SDImageCache.h */ = {isa = PBXFileReference; fileEncoding = 4; lastKnownFileType = sourcecode.c.h; path = SDImageCache.h; sourceTree = "<group>"; };
		9B9FE9E51CA38E1000231747 /* SDImageCache.m */ = {isa = PBXFileReference; fileEncoding = 4; lastKnownFileType = sourcecode.c.objc; path = SDImageCache.m; sourceTree = "<group>"; };
		9B9FE9E61CA38E1000231747 /* SDWebImageCompat.h */ = {isa = PBXFileReference; fileEncoding = 4; lastKnownFileType = sourcecode.c.h; path = SDWebImageCompat.h; sourceTree = "<group>"; };
		9B9FE9E71CA38E1000231747 /* SDWebImageCompat.m */ = {isa = PBXFileReference; fileEncoding = 4; lastKnownFileType = sourcecode.c.objc; path = SDWebImageCompat.m; sourceTree = "<group>"; };
		9B9FE9E81CA38E1000231747 /* SDWebImageDecoder.h */ = {isa = PBXFileReference; fileEncoding = 4; lastKnownFileType = sourcecode.c.h; path = SDWebImageDecoder.h; sourceTree = "<group>"; };
		9B9FE9E91CA38E1000231747 /* SDWebImageDecoder.m */ = {isa = PBXFileReference; fileEncoding = 4; lastKnownFileType = sourcecode.c.objc; path = SDWebImageDecoder.m; sourceTree = "<group>"; };
		9B9FE9EA1CA38E1000231747 /* SDWebImageDownloader.h */ = {isa = PBXFileReference; fileEncoding = 4; lastKnownFileType = sourcecode.c.h; path = SDWebImageDownloader.h; sourceTree = "<group>"; };
		9B9FE9EB1CA38E1000231747 /* SDWebImageDownloader.m */ = {isa = PBXFileReference; fileEncoding = 4; lastKnownFileType = sourcecode.c.objc; path = SDWebImageDownloader.m; sourceTree = "<group>"; };
		9B9FE9EC1CA38E1000231747 /* SDWebImageDownloaderOperation.h */ = {isa = PBXFileReference; fileEncoding = 4; lastKnownFileType = sourcecode.c.h; path = SDWebImageDownloaderOperation.h; sourceTree = "<group>"; };
		9B9FE9ED1CA38E1000231747 /* SDWebImageDownloaderOperation.m */ = {isa = PBXFileReference; fileEncoding = 4; lastKnownFileType = sourcecode.c.objc; path = SDWebImageDownloaderOperation.m; sourceTree = "<group>"; };
		9B9FE9EE1CA38E1000231747 /* SDWebImageManager.h */ = {isa = PBXFileReference; fileEncoding = 4; lastKnownFileType = sourcecode.c.h; path = SDWebImageManager.h; sourceTree = "<group>"; };
		9B9FE9EF1CA38E1000231747 /* SDWebImageManager.m */ = {isa = PBXFileReference; fileEncoding = 4; lastKnownFileType = sourcecode.c.objc; path = SDWebImageManager.m; sourceTree = "<group>"; };
		9B9FE9F01CA38E1000231747 /* SDWebImageOperation.h */ = {isa = PBXFileReference; fileEncoding = 4; lastKnownFileType = sourcecode.c.h; path = SDWebImageOperation.h; sourceTree = "<group>"; };
		9B9FE9F11CA38E1000231747 /* SDWebImagePrefetcher.h */ = {isa = PBXFileReference; fileEncoding = 4; lastKnownFileType = sourcecode.c.h; path = SDWebImagePrefetcher.h; sourceTree = "<group>"; };
		9B9FE9F21CA38E1000231747 /* SDWebImagePrefetcher.m */ = {isa = PBXFileReference; fileEncoding = 4; lastKnownFileType = sourcecode.c.objc; path = SDWebImagePrefetcher.m; sourceTree = "<group>"; };
		9B9FE9F31CA38E1000231747 /* UIButton+WebCache.h */ = {isa = PBXFileReference; fileEncoding = 4; lastKnownFileType = sourcecode.c.h; path = "UIButton+WebCache.h"; sourceTree = "<group>"; };
		9B9FE9F41CA38E1000231747 /* UIButton+WebCache.m */ = {isa = PBXFileReference; fileEncoding = 4; lastKnownFileType = sourcecode.c.objc; path = "UIButton+WebCache.m"; sourceTree = "<group>"; };
		9B9FE9F51CA38E1000231747 /* UIImage+GIF.h */ = {isa = PBXFileReference; fileEncoding = 4; lastKnownFileType = sourcecode.c.h; path = "UIImage+GIF.h"; sourceTree = "<group>"; };
		9B9FE9F61CA38E1000231747 /* UIImage+GIF.m */ = {isa = PBXFileReference; fileEncoding = 4; lastKnownFileType = sourcecode.c.objc; path = "UIImage+GIF.m"; sourceTree = "<group>"; };
		9B9FE9F71CA38E1000231747 /* UIImage+MultiFormat.h */ = {isa = PBXFileReference; fileEncoding = 4; lastKnownFileType = sourcecode.c.h; path = "UIImage+MultiFormat.h"; sourceTree = "<group>"; };
		9B9FE9F81CA38E1000231747 /* UIImage+MultiFormat.m */ = {isa = PBXFileReference; fileEncoding = 4; lastKnownFileType = sourcecode.c.objc; path = "UIImage+MultiFormat.m"; sourceTree = "<group>"; };
		9B9FE9F91CA38E1000231747 /* UIImageView+HighlightedWebCache.h */ = {isa = PBXFileReference; fileEncoding = 4; lastKnownFileType = sourcecode.c.h; path = "UIImageView+HighlightedWebCache.h"; sourceTree = "<group>"; };
		9B9FE9FA1CA38E1000231747 /* UIImageView+HighlightedWebCache.m */ = {isa = PBXFileReference; fileEncoding = 4; lastKnownFileType = sourcecode.c.objc; path = "UIImageView+HighlightedWebCache.m"; sourceTree = "<group>"; };
		9B9FE9FB1CA38E1000231747 /* UIImageView+WebCache.h */ = {isa = PBXFileReference; fileEncoding = 4; lastKnownFileType = sourcecode.c.h; path = "UIImageView+WebCache.h"; sourceTree = "<group>"; };
		9B9FE9FC1CA38E1000231747 /* UIImageView+WebCache.m */ = {isa = PBXFileReference; fileEncoding = 4; lastKnownFileType = sourcecode.c.objc; path = "UIImageView+WebCache.m"; sourceTree = "<group>"; };
		9B9FE9FD1CA38E1000231747 /* UIView+WebCacheOperation.h */ = {isa = PBXFileReference; fileEncoding = 4; lastKnownFileType = sourcecode.c.h; path = "UIView+WebCacheOperation.h"; sourceTree = "<group>"; };
		9B9FE9FE1CA38E1000231747 /* UIView+WebCacheOperation.m */ = {isa = PBXFileReference; fileEncoding = 4; lastKnownFileType = sourcecode.c.objc; path = "UIView+WebCacheOperation.m"; sourceTree = "<group>"; };
		9B9FEA0D1CA3BC0900231747 /* CLTouchScrollView.h */ = {isa = PBXFileReference; fileEncoding = 4; lastKnownFileType = sourcecode.c.h; path = CLTouchScrollView.h; sourceTree = "<group>"; };
		9B9FEA0E1CA3BC0900231747 /* CLTouchScrollView.m */ = {isa = PBXFileReference; fileEncoding = 4; lastKnownFileType = sourcecode.c.objc; path = CLTouchScrollView.m; sourceTree = "<group>"; };
		9B9FEA101CA3EEC000231747 /* CLIndentModel.h */ = {isa = PBXFileReference; fileEncoding = 4; lastKnownFileType = sourcecode.c.h; path = CLIndentModel.h; sourceTree = "<group>"; };
		9B9FEA111CA3EEC000231747 /* CLIndentModel.m */ = {isa = PBXFileReference; fileEncoding = 4; lastKnownFileType = sourcecode.c.objc; path = CLIndentModel.m; sourceTree = "<group>"; };
		9BA71D981CA91B94006EA500 /* GFIndentModel.h */ = {isa = PBXFileReference; fileEncoding = 4; lastKnownFileType = sourcecode.c.h; path = GFIndentModel.h; sourceTree = "<group>"; };
		9BA71D991CA91B94006EA500 /* GFIndentModel.m */ = {isa = PBXFileReference; fileEncoding = 4; lastKnownFileType = sourcecode.c.objc; path = GFIndentModel.m; sourceTree = "<group>"; };
		9BD218D01CB74F130093621A /* CLWorkerModel.h */ = {isa = PBXFileReference; fileEncoding = 4; lastKnownFileType = sourcecode.c.h; path = CLWorkerModel.h; sourceTree = "<group>"; };
		9BD218D11CB74F130093621A /* CLWorkerModel.m */ = {isa = PBXFileReference; fileEncoding = 4; lastKnownFileType = sourcecode.c.objc; path = CLWorkerModel.m; sourceTree = "<group>"; };
		9BDD16241C9BF27B0017E8E9 /* address.plist */ = {isa = PBXFileReference; fileEncoding = 4; lastKnownFileType = text.plist.xml; path = address.plist; sourceTree = "<group>"; };
		9BFA805A1C5F4009001651C3 /* BaiduMapAPI_Base.framework */ = {isa = PBXFileReference; lastKnownFileType = wrapper.framework; name = BaiduMapAPI_Base.framework; path = "../../Downloads/BaiduMap_IOSSDK_v2.10-2.0/BaiduMap_IOSSDK_v2.10.0_Sample/BMKOCDemo/BaiduMapAPI/BaiduMapAPI_Base.framework"; sourceTree = "<group>"; };
		9BFA805B1C5F4009001651C3 /* BaiduMapAPI_Cloud.framework */ = {isa = PBXFileReference; lastKnownFileType = wrapper.framework; name = BaiduMapAPI_Cloud.framework; path = "../../Downloads/BaiduMap_IOSSDK_v2.10-2.0/BaiduMap_IOSSDK_v2.10.0_Sample/BMKOCDemo/BaiduMapAPI/BaiduMapAPI_Cloud.framework"; sourceTree = "<group>"; };
		9BFA805C1C5F4009001651C3 /* BaiduMapAPI_Location.framework */ = {isa = PBXFileReference; lastKnownFileType = wrapper.framework; name = BaiduMapAPI_Location.framework; path = "../../Downloads/BaiduMap_IOSSDK_v2.10-2.0/BaiduMap_IOSSDK_v2.10.0_Sample/BMKOCDemo/BaiduMapAPI/BaiduMapAPI_Location.framework"; sourceTree = "<group>"; };
		9BFA805D1C5F4009001651C3 /* BaiduMapAPI_Map.framework */ = {isa = PBXFileReference; lastKnownFileType = wrapper.framework; name = BaiduMapAPI_Map.framework; path = "../../Downloads/BaiduMap_IOSSDK_v2.10-2.0/BaiduMap_IOSSDK_v2.10.0_Sample/BMKOCDemo/BaiduMapAPI/BaiduMapAPI_Map.framework"; sourceTree = "<group>"; };
		9BFA805E1C5F4009001651C3 /* BaiduMapAPI_Radar.framework */ = {isa = PBXFileReference; lastKnownFileType = wrapper.framework; name = BaiduMapAPI_Radar.framework; path = "../../Downloads/BaiduMap_IOSSDK_v2.10-2.0/BaiduMap_IOSSDK_v2.10.0_Sample/BMKOCDemo/BaiduMapAPI/BaiduMapAPI_Radar.framework"; sourceTree = "<group>"; };
		9BFA805F1C5F4009001651C3 /* BaiduMapAPI_Search.framework */ = {isa = PBXFileReference; lastKnownFileType = wrapper.framework; name = BaiduMapAPI_Search.framework; path = "../../Downloads/BaiduMap_IOSSDK_v2.10-2.0/BaiduMap_IOSSDK_v2.10.0_Sample/BMKOCDemo/BaiduMapAPI/BaiduMapAPI_Search.framework"; sourceTree = "<group>"; };
		9BFA80601C5F4009001651C3 /* BaiduMapAPI_Utils.framework */ = {isa = PBXFileReference; lastKnownFileType = wrapper.framework; name = BaiduMapAPI_Utils.framework; path = "../../Downloads/BaiduMap_IOSSDK_v2.10-2.0/BaiduMap_IOSSDK_v2.10.0_Sample/BMKOCDemo/BaiduMapAPI/BaiduMapAPI_Utils.framework"; sourceTree = "<group>"; };
		9BFA806B1C5F450D001651C3 /* MessageUI.framework */ = {isa = PBXFileReference; lastKnownFileType = wrapper.framework; name = MessageUI.framework; path = System/Library/Frameworks/MessageUI.framework; sourceTree = SDKROOT; };
		9BFA806D1C5F4519001651C3 /* QuartzCore.framework */ = {isa = PBXFileReference; lastKnownFileType = wrapper.framework; name = QuartzCore.framework; path = System/Library/Frameworks/QuartzCore.framework; sourceTree = SDKROOT; };
		9BFA806F1C5F4526001651C3 /* CoreGraphics.framework */ = {isa = PBXFileReference; lastKnownFileType = wrapper.framework; name = CoreGraphics.framework; path = System/Library/Frameworks/CoreGraphics.framework; sourceTree = SDKROOT; };
		9BFA80711C5F4535001651C3 /* CoreTelephony.framework */ = {isa = PBXFileReference; lastKnownFileType = wrapper.framework; name = CoreTelephony.framework; path = System/Library/Frameworks/CoreTelephony.framework; sourceTree = SDKROOT; };
		9BFA80731C5F4547001651C3 /* libsqlite3.tbd */ = {isa = PBXFileReference; lastKnownFileType = "sourcecode.text-based-dylib-definition"; name = libsqlite3.tbd; path = usr/lib/libsqlite3.tbd; sourceTree = SDKROOT; };
		9BFA80751C5F4554001651C3 /* Security.framework */ = {isa = PBXFileReference; lastKnownFileType = wrapper.framework; name = Security.framework; path = System/Library/Frameworks/Security.framework; sourceTree = SDKROOT; };
		9BFA80771C5F4561001651C3 /* OpenGLES.framework */ = {isa = PBXFileReference; lastKnownFileType = wrapper.framework; name = OpenGLES.framework; path = System/Library/Frameworks/OpenGLES.framework; sourceTree = SDKROOT; };
		9BFA80791C5F4573001651C3 /* CoreLocation.framework */ = {isa = PBXFileReference; lastKnownFileType = wrapper.framework; name = CoreLocation.framework; path = System/Library/Frameworks/CoreLocation.framework; sourceTree = SDKROOT; };
		9BFA807B1C5F4584001651C3 /* SystemConfiguration.framework */ = {isa = PBXFileReference; lastKnownFileType = wrapper.framework; name = SystemConfiguration.framework; path = System/Library/Frameworks/SystemConfiguration.framework; sourceTree = SDKROOT; };
		9BFA807D1C5F458F001651C3 /* Foundation.framework */ = {isa = PBXFileReference; lastKnownFileType = wrapper.framework; name = Foundation.framework; path = System/Library/Frameworks/Foundation.framework; sourceTree = SDKROOT; };
		9BFA807F1C5F4596001651C3 /* UIKit.framework */ = {isa = PBXFileReference; lastKnownFileType = wrapper.framework; name = UIKit.framework; path = System/Library/Frameworks/UIKit.framework; sourceTree = SDKROOT; };
		9BFA80811C5F4744001651C3 /* libsqlite3.0.tbd */ = {isa = PBXFileReference; lastKnownFileType = "sourcecode.text-based-dylib-definition"; name = libsqlite3.0.tbd; path = usr/lib/libsqlite3.0.tbd; sourceTree = SDKROOT; };
		9BFA80841C5F475B001651C3 /* libstdc++.6.0.9.tbd */ = {isa = PBXFileReference; lastKnownFileType = "sourcecode.text-based-dylib-definition"; name = "libstdc++.6.0.9.tbd"; path = "usr/lib/libstdc++.6.0.9.tbd"; sourceTree = SDKROOT; };
		C95997697E5E85C90BAF73FD /* Pods.release.xcconfig */ = {isa = PBXFileReference; includeInIndex = 1; lastKnownFileType = text.xcconfig; name = Pods.release.xcconfig; path = "Pods/Target Support Files/Pods/Pods.release.xcconfig"; sourceTree = "<group>"; };
		F99A50507FF60FC41E844D9D /* Pods.debug.xcconfig */ = {isa = PBXFileReference; includeInIndex = 1; lastKnownFileType = text.xcconfig; name = Pods.debug.xcconfig; path = "Pods/Target Support Files/Pods/Pods.debug.xcconfig"; sourceTree = "<group>"; };
/* End PBXFileReference section */

/* Begin PBXFrameworksBuildPhase section */
		9B9754361C5765B3004BDC7C /* Frameworks */ = {
			isa = PBXFrameworksBuildPhase;
			buildActionMask = 2147483647;
			files = (
				9BAFCA621CB6089E000AA419 /* StoreKit.framework in Frameworks */,
				9B0D38951CACCA1F00D490B7 /* AudioToolbox.framework in Frameworks */,
				9B8513D91C965E2800BB9CF5 /* libPods.a in Frameworks */,
			);
			runOnlyForDeploymentPostprocessing = 0;
		};
		9B97544F1C5765B3004BDC7C /* Frameworks */ = {
			isa = PBXFrameworksBuildPhase;
			buildActionMask = 2147483647;
			files = (
			);
			runOnlyForDeploymentPostprocessing = 0;
		};
/* End PBXFrameworksBuildPhase section */

/* Begin PBXGroup section */
		8673FDBB1C99459200666634 /* 网络请求(AFNetworking) */ = {
			isa = PBXGroup;
			children = (
				8673FDBC1C99459200666634 /* AFNetworking */,
				9B6B6ECF1C9A59EA00449259 /* GFHttpTool.h */,
				9B6B6ED01C9A59EA00449259 /* GFHttpTool.m */,
				9B6B6ED21C9A5A1A00449259 /* Reachability.h */,
				9B6B6ED31C9A5A1A00449259 /* Reachability.m */,
			);
			path = "网络请求(AFNetworking)";
			sourceTree = "<group>";
		};
		8673FDBC1C99459200666634 /* AFNetworking */ = {
			isa = PBXGroup;
			children = (
				8673FDBD1C99459200666634 /* AFHTTPSessionManager.h */,
				8673FDBE1C99459200666634 /* AFHTTPSessionManager.m */,
				8673FDBF1C99459200666634 /* AFNetworking.h */,
				8673FDC01C99459200666634 /* AFNetworkReachabilityManager.h */,
				8673FDC11C99459200666634 /* AFNetworkReachabilityManager.m */,
				8673FDC21C99459200666634 /* AFSecurityPolicy.h */,
				8673FDC31C99459200666634 /* AFSecurityPolicy.m */,
				8673FDC41C99459200666634 /* AFURLRequestSerialization.h */,
				8673FDC51C99459200666634 /* AFURLRequestSerialization.m */,
				8673FDC61C99459200666634 /* AFURLResponseSerialization.h */,
				8673FDC71C99459200666634 /* AFURLResponseSerialization.m */,
				8673FDC81C99459200666634 /* AFURLSessionManager.h */,
				8673FDC91C99459200666634 /* AFURLSessionManager.m */,
			);
			path = AFNetworking;
			sourceTree = "<group>";
		};
		86D4FAF71C96A08F004E26AC /* 自定义控件 */ = {
			isa = PBXGroup;
			children = (
				86D4FAF81C96A08F004E26AC /* GFAlertView.h */,
				86D4FAF91C96A08F004E26AC /* GFAlertView.m */,
				86D4FAFA1C96A08F004E26AC /* GFButton.h */,
				86D4FAFB1C96A08F004E26AC /* GFButton.m */,
				86D4FAFC1C96A08F004E26AC /* GFNavigationView.h */,
				86D4FAFD1C96A08F004E26AC /* GFNavigationView.m */,
				86D4FAFE1C96A08F004E26AC /* GFTextField.h */,
				86D4FAFF1C96A08F004E26AC /* GFTextField.m */,
				86D4FB001C96A08F004E26AC /* GFTipView.h */,
				86D4FB011C96A08F004E26AC /* GFTipView.m */,
				86D4FB021C96A08F004E26AC /* GFTitleView.h */,
				86D4FB031C96A08F004E26AC /* GFTitleView.m */,
				9B9FE9DC1CA37A1300231747 /* UWDatePickerView.h */,
				9B9FE9DD1CA37A1300231747 /* UWDatePickerView.m */,
				9B9FE9DE1CA37A1300231747 /* UWDatePickerView.xib */,
				9B9FEA0D1CA3BC0900231747 /* CLTouchScrollView.h */,
				9B9FEA0E1CA3BC0900231747 /* CLTouchScrollView.m */,
				9B5FBC5B1CAE70F800A0BF96 /* GFNothingView.h */,
				9B5FBC5C1CAE70F800A0BF96 /* GFNothingView.m */,
			);
			path = "自定义控件";
			sourceTree = "<group>";
		};
		8C8F7DDB3387FA41E0656EC2 /* Pods */ = {
			isa = PBXGroup;
			children = (
				F99A50507FF60FC41E844D9D /* Pods.debug.xcconfig */,
				C95997697E5E85C90BAF73FD /* Pods.release.xcconfig */,
			);
			name = Pods;
			sourceTree = "<group>";
		};
		909B27CA6FA162B8934C9008 /* Frameworks */ = {
			isa = PBXGroup;
			children = (
				9B0D38941CACCA1F00D490B7 /* AudioToolbox.framework */,
				9B8513D81C965E2800BB9CF5 /* libPods.a */,
				9BFA80841C5F475B001651C3 /* libstdc++.6.0.9.tbd */,
				9BFA80811C5F4744001651C3 /* libsqlite3.0.tbd */,
				9BFA807F1C5F4596001651C3 /* UIKit.framework */,
				9BFA807D1C5F458F001651C3 /* Foundation.framework */,
				9BFA807B1C5F4584001651C3 /* SystemConfiguration.framework */,
				9BFA80791C5F4573001651C3 /* CoreLocation.framework */,
				9BFA80771C5F4561001651C3 /* OpenGLES.framework */,
				9BFA80751C5F4554001651C3 /* Security.framework */,
				9BFA80731C5F4547001651C3 /* libsqlite3.tbd */,
				9BFA80711C5F4535001651C3 /* CoreTelephony.framework */,
				9BFA806F1C5F4526001651C3 /* CoreGraphics.framework */,
				9BFA806D1C5F4519001651C3 /* QuartzCore.framework */,
				9BFA806B1C5F450D001651C3 /* MessageUI.framework */,
				9BFA805A1C5F4009001651C3 /* BaiduMapAPI_Base.framework */,
				9BFA805B1C5F4009001651C3 /* BaiduMapAPI_Cloud.framework */,
				9BFA805C1C5F4009001651C3 /* BaiduMapAPI_Location.framework */,
				9BFA805D1C5F4009001651C3 /* BaiduMapAPI_Map.framework */,
				9BFA805E1C5F4009001651C3 /* BaiduMapAPI_Radar.framework */,
				9BFA805F1C5F4009001651C3 /* BaiduMapAPI_Search.framework */,
				9BFA80601C5F4009001651C3 /* BaiduMapAPI_Utils.framework */,
				9B02AF661C5A22CB0044FB71 /* StoreKit.framework */,
			);
			name = Frameworks;
			sourceTree = "<group>";
		};
		9B6756F71C97CAC70001C478 /* MJRefresh */ = {
			isa = PBXGroup;
			children = (
				9B6756F81C97CAC70001C478 /* Base */,
				9B6757031C97CAC70001C478 /* Custom */,
				9B67571A1C97CAC70001C478 /* MJRefresh.bundle */,
				9B67571B1C97CAC70001C478 /* MJRefresh.h */,
				9B67571C1C97CAC70001C478 /* MJRefreshConst.h */,
				9B67571D1C97CAC70001C478 /* MJRefreshConst.m */,
				9B67571E1C97CAC70001C478 /* UIScrollView+MJExtension.h */,
				9B67571F1C97CAC70001C478 /* UIScrollView+MJExtension.m */,
				9B6757201C97CAC70001C478 /* UIScrollView+MJRefresh.h */,
				9B6757211C97CAC70001C478 /* UIScrollView+MJRefresh.m */,
				9B6757221C97CAC70001C478 /* UIView+MJExtension.h */,
				9B6757231C97CAC70001C478 /* UIView+MJExtension.m */,
			);
			path = MJRefresh;
			sourceTree = "<group>";
		};
		9B6756F81C97CAC70001C478 /* Base */ = {
			isa = PBXGroup;
			children = (
				9B6756F91C97CAC70001C478 /* MJRefreshAutoFooter.h */,
				9B6756FA1C97CAC70001C478 /* MJRefreshAutoFooter.m */,
				9B6756FB1C97CAC70001C478 /* MJRefreshBackFooter.h */,
				9B6756FC1C97CAC70001C478 /* MJRefreshBackFooter.m */,
				9B6756FD1C97CAC70001C478 /* MJRefreshComponent.h */,
				9B6756FE1C97CAC70001C478 /* MJRefreshComponent.m */,
				9B6756FF1C97CAC70001C478 /* MJRefreshFooter.h */,
				9B6757001C97CAC70001C478 /* MJRefreshFooter.m */,
				9B6757011C97CAC70001C478 /* MJRefreshHeader.h */,
				9B6757021C97CAC70001C478 /* MJRefreshHeader.m */,
			);
			path = Base;
			sourceTree = "<group>";
		};
		9B6757031C97CAC70001C478 /* Custom */ = {
			isa = PBXGroup;
			children = (
				9B6757041C97CAC70001C478 /* Footer */,
				9B6757131C97CAC70001C478 /* Header */,
			);
			path = Custom;
			sourceTree = "<group>";
		};
		9B6757041C97CAC70001C478 /* Footer */ = {
			isa = PBXGroup;
			children = (
				9B6757051C97CAC70001C478 /* Auto */,
				9B67570C1C97CAC70001C478 /* Back */,
			);
			path = Footer;
			sourceTree = "<group>";
		};
		9B6757051C97CAC70001C478 /* Auto */ = {
			isa = PBXGroup;
			children = (
				9B6757061C97CAC70001C478 /* MJRefreshAutoGifFooter.h */,
				9B6757071C97CAC70001C478 /* MJRefreshAutoGifFooter.m */,
				9B6757081C97CAC70001C478 /* MJRefreshAutoNormalFooter.h */,
				9B6757091C97CAC70001C478 /* MJRefreshAutoNormalFooter.m */,
				9B67570A1C97CAC70001C478 /* MJRefreshAutoStateFooter.h */,
				9B67570B1C97CAC70001C478 /* MJRefreshAutoStateFooter.m */,
			);
			path = Auto;
			sourceTree = "<group>";
		};
		9B67570C1C97CAC70001C478 /* Back */ = {
			isa = PBXGroup;
			children = (
				9B67570D1C97CAC70001C478 /* MJRefreshBackGifFooter.h */,
				9B67570E1C97CAC70001C478 /* MJRefreshBackGifFooter.m */,
				9B67570F1C97CAC70001C478 /* MJRefreshBackNormalFooter.h */,
				9B6757101C97CAC70001C478 /* MJRefreshBackNormalFooter.m */,
				9B6757111C97CAC70001C478 /* MJRefreshBackStateFooter.h */,
				9B6757121C97CAC70001C478 /* MJRefreshBackStateFooter.m */,
			);
			path = Back;
			sourceTree = "<group>";
		};
		9B6757131C97CAC70001C478 /* Header */ = {
			isa = PBXGroup;
			children = (
				9B6757141C97CAC70001C478 /* MJRefreshGifHeader.h */,
				9B6757151C97CAC70001C478 /* MJRefreshGifHeader.m */,
				9B6757161C97CAC70001C478 /* MJRefreshNormalHeader.h */,
				9B6757171C97CAC70001C478 /* MJRefreshNormalHeader.m */,
				9B6757181C97CAC70001C478 /* MJRefreshStateHeader.h */,
				9B6757191C97CAC70001C478 /* MJRefreshStateHeader.m */,
			);
			path = Header;
			sourceTree = "<group>";
		};
		9B6B6E321C9A452C00449259 /* 工具页面 */ = {
			isa = PBXGroup;
			children = (
				9B6B6E331C9A452C00449259 /* FirstViewController.h */,
				9B6B6E341C9A452C00449259 /* FirstViewController.m */,
				9B6B6E351C9A452C00449259 /* SecondViewController.h */,
				9B6B6E361C9A452C00449259 /* SecondViewController.m */,
				9B6B6E371C9A452C00449259 /* TestViewController.h */,
				9B6B6E381C9A452C00449259 /* TestViewController.m */,
				9B6B6E391C9A452C00449259 /* ViewController.h */,
				9B6B6E3A1C9A452C00449259 /* ViewController.m */,
			);
			path = "工具页面";
			sourceTree = "<group>";
		};
		9B6B6E3F1C9A466D00449259 /* 主页面 */ = {
			isa = PBXGroup;
			children = (
				9B6B6E401C9A466D00449259 /* GFNoIndentTableViewCell.h */,
				9B6B6E411C9A466D00449259 /* GFNoIndentTableViewCell.m */,
				9B9FEA101CA3EEC000231747 /* CLIndentModel.h */,
				9B9FEA111CA3EEC000231747 /* CLIndentModel.m */,
				9B6B6E421C9A466D00449259 /* GFNoIndentViewController.h */,
				9B6B6E431C9A466D00449259 /* GFNoIndentViewController.m */,
				9B6B6E441C9A466D00449259 /* GFOneIndentViewController.h */,
				9B6B6E451C9A466D00449259 /* GFOneIndentViewController.m */,
			);
			path = "主页面";
			sourceTree = "<group>";
		};
		9B6B6E871C9A485B00449259 /* 加盟 */ = {
			isa = PBXGroup;
			children = (
				9B6B6E881C9A485B00449259 /* CLCooperateFailViewController.h */,
				9B6B6E891C9A485B00449259 /* CLCooperateFailViewController.m */,
				9B6B6E8A1C9A485B00449259 /* CLCooperatingViewController.h */,
				9B6B6E8B1C9A485B00449259 /* CLCooperatingViewController.m */,
				9B6B6E8C1C9A485B00449259 /* GFIWillAddViewController.h */,
				9B6B6E8D1C9A485B00449259 /* GFIWillAddViewController.m */,
				9B6B6E8E1C9A485B00449259 /* GFJoinInViewController_1.h */,
				9B6B6E8F1C9A485B00449259 /* GFJoinInViewController_1.m */,
				9B6B6E901C9A485B00449259 /* GFJoinInViewController_2.h */,
				9B6B6E911C9A485B00449259 /* GFJoinInViewController_2.m */,
				9B6B6E921C9A485B00449259 /* GFPartnersMessageViewController.h */,
				9B6B6E931C9A485B00449259 /* GFPartnersMessageViewController.m */,
				9B9B45AA1CBF78B400D0F507 /* GFTransformViewController.h */,
				9B9B45AB1CBF78B400D0F507 /* GFTransformViewController.m */,
				9B9B45A11CBF700400D0F507 /* GFTransformTableViewCell.h */,
				9B9B45A21CBF700400D0F507 /* GFTransformTableViewCell.m */,
				9B9B45A71CBF70B300D0F507 /* CLNotificationModel.h */,
				9B9B45A81CBF70B300D0F507 /* CLNotificationModel.m */,
				9B5EBEE61CBDEE3B00E753BF /* ACETelPrompt.h */,
				9B5EBEE71CBDEE3B00E753BF /* ACETelPrompt.m */,
				9B5FBC251CAE582E00A0BF96 /* PoiSearchDemoViewController.h */,
				9B5FBC241CAE582E00A0BF96 /* PoiSearchDemoViewController.mm */,
			);
			path = "加盟";
			sourceTree = "<group>";
		};
		9B6B6EA71C9A4B1400449259 /* 人员管理 */ = {
			isa = PBXGroup;
			children = (
				9B6B6EA81C9A4B1400449259 /* GFAddWorkerViewController.h */,
				9B6B6EA91C9A4B1400449259 /* GFAddWorkerViewController.m */,
				9B6B6EAA1C9A4B1400449259 /* GFWorkerTableViewCell.h */,
				9B6B6EAB1C9A4B1400449259 /* GFWorkerTableViewCell.m */,
				9BD218D01CB74F130093621A /* CLWorkerModel.h */,
				9BD218D11CB74F130093621A /* CLWorkerModel.m */,
				9B6B6EAC1C9A4B1400449259 /* GFWorkerViewController.h */,
				9B6B6EAD1C9A4B1400449259 /* GFWorkerViewController.m */,
			);
			path = "人员管理";
			sourceTree = "<group>";
		};
		9B6B6EB11C9A4B6400449259 /* 登录注册 */ = {
			isa = PBXGroup;
			children = (
				9B6B6EB21C9A4B6400449259 /* GFChangePwdViewController.h */,
				9B6B6EB31C9A4B6400449259 /* GFChangePwdViewController.m */,
				9B6B6EB41C9A4B6400449259 /* GFForgetPwdViewController.h */,
				9B6B6EB51C9A4B6400449259 /* GFForgetPwdViewController.m */,
				9B6B6EB61C9A4B6400449259 /* GFSignInViewController.h */,
				9B6B6EB71C9A4B6400449259 /* GFSignInViewController.m */,
				9B6B6EB81C9A4B6400449259 /* GFSignUpViewController.h */,
				9B6B6EB91C9A4B6400449259 /* GFSignUpViewController.m */,
				9B9FE9D91CA378D500231747 /* CLDelegateViewController.h */,
				9B9FE9DA1CA378D500231747 /* CLDelegateViewController.m */,
			);
			path = "登录注册";
			sourceTree = "<group>";
		};
		9B6B6EBE1C9A4BAC00449259 /* 评价 */ = {
			isa = PBXGroup;
			children = (
				9B6B6EBF1C9A4BAC00449259 /* GFEvaluateShareViewController.h */,
				9B6B6EC01C9A4BAC00449259 /* GFEvaluateShareViewController.m */,
				9B6B6EC11C9A4BAC00449259 /* GFEvaluateViewController.h */,
				9B6B6EC21C9A4BAC00449259 /* GFEvaluateViewController.m */,
				9B6B6EC31C9A4BAC00449259 /* GFIndentDetialsViewController.h */,
				9B6B6EC41C9A4BAC00449259 /* GFIndentDetialsViewController.m */,
				9B6B6EC51C9A4BAC00449259 /* GFIndentTableViewCell.h */,
				9B6B6EC61C9A4BAC00449259 /* GFIndentTableViewCell.m */,
				9BA71D981CA91B94006EA500 /* GFIndentModel.h */,
				9BA71D991CA91B94006EA500 /* GFIndentModel.m */,
				9B6B6EC71C9A4BAC00449259 /* GFIndentViewController.h */,
				9B6B6EC81C9A4BAC00449259 /* GFIndentViewController.m */,
			);
			path = "评价";
			sourceTree = "<group>";
		};
		9B95153A1C60503800445F93 /* 百度地图 */ = {
			isa = PBXGroup;
			children = (
				9B95153B1C60503800445F93 /* GFAnnotation.h */,
				9B95153C1C60503800445F93 /* GFAnnotation.m */,
				9B95153D1C60503800445F93 /* GFAnnotationView.h */,
				9B95153E1C60503800445F93 /* GFAnnotationView.m */,
				9B95153F1C60503800445F93 /* GFMapViewController.h */,
				9B9515401C60503800445F93 /* GFMapViewController.mm */,
			);
			path = "百度地图";
			sourceTree = "<group>";
		};
		9B9754301C5765B3004BDC7C = {
			isa = PBXGroup;
			children = (
				9B97543B1C5765B3004BDC7C /* CarMap */,
				9B9754551C5765B3004BDC7C /* CarMapUITests */,
				9B97543A1C5765B3004BDC7C /* Products */,
				8C8F7DDB3387FA41E0656EC2 /* Pods */,
				909B27CA6FA162B8934C9008 /* Frameworks */,
			);
			sourceTree = "<group>";
		};
		9B97543A1C5765B3004BDC7C /* Products */ = {
			isa = PBXGroup;
			children = (
				9B9754391C5765B3004BDC7C /* CarMap.app */,
				9B9754521C5765B3004BDC7C /* CarMapUITests.xctest */,
			);
			name = Products;
			sourceTree = "<group>";
		};
		9B97543B1C5765B3004BDC7C /* CarMap */ = {
			isa = PBXGroup;
			children = (
				9B97543F1C5765B3004BDC7C /* AppDelegate.h */,
				9B9754401C5765B3004BDC7C /* AppDelegate.mm */,
				9B6B6EB11C9A4B6400449259 /* 登录注册 */,
				9B6B6E321C9A452C00449259 /* 工具页面 */,
				9B6B6EA71C9A4B1400449259 /* 人员管理 */,
				9B6B6E871C9A485B00449259 /* 加盟 */,
				9B6B6E3F1C9A466D00449259 /* 主页面 */,
				9B6B6EBE1C9A4BAC00449259 /* 评价 */,
				86D4FAF71C96A08F004E26AC /* 自定义控件 */,
				8673FDBB1C99459200666634 /* 网络请求(AFNetworking) */,
				9B6756F71C97CAC70001C478 /* MJRefresh */,
				9B95153A1C60503800445F93 /* 百度地图 */,
				9B9FE9E11CA38E1000231747 /* SDWebImage */,
				9B9754451C5765B3004BDC7C /* Main.storyboard */,
				9B42F0751CBF980900F08C4E /* LaunchScreen.storyboard */,
				9B9515441C6089A200445F93 /* PrefixHeader.pch */,
				9B5EBEE41CBDD80E00E753BF /* servicedelegate.html */,
				9B9754481C5765B3004BDC7C /* Assets.xcassets */,
				9BDD16241C9BF27B0017E8E9 /* address.plist */,
				9B97544D1C5765B3004BDC7C /* Info.plist */,
				9B97543C1C5765B3004BDC7C /* Supporting Files */,
			);
			path = CarMap;
			sourceTree = "<group>";
		};
		9B97543C1C5765B3004BDC7C /* Supporting Files */ = {
			isa = PBXGroup;
			children = (
				9B97543D1C5765B3004BDC7C /* main.m */,
			);
			name = "Supporting Files";
			sourceTree = "<group>";
		};
		9B9754551C5765B3004BDC7C /* CarMapUITests */ = {
			isa = PBXGroup;
			children = (
				9B9754561C5765B3004BDC7C /* CarMapUITests.m */,
				9B9754581C5765B3004BDC7C /* Info.plist */,
			);
			path = CarMapUITests;
			sourceTree = "<group>";
		};
		9B9FE9E11CA38E1000231747 /* SDWebImage */ = {
			isa = PBXGroup;
			children = (
				9B9FE9E21CA38E1000231747 /* NSData+ImageContentType.h */,
				9B9FE9E31CA38E1000231747 /* NSData+ImageContentType.m */,
				9B9FE9E41CA38E1000231747 /* SDImageCache.h */,
				9B9FE9E51CA38E1000231747 /* SDImageCache.m */,
				9B9FE9E61CA38E1000231747 /* SDWebImageCompat.h */,
				9B9FE9E71CA38E1000231747 /* SDWebImageCompat.m */,
				9B9FE9E81CA38E1000231747 /* SDWebImageDecoder.h */,
				9B9FE9E91CA38E1000231747 /* SDWebImageDecoder.m */,
				9B9FE9EA1CA38E1000231747 /* SDWebImageDownloader.h */,
				9B9FE9EB1CA38E1000231747 /* SDWebImageDownloader.m */,
				9B9FE9EC1CA38E1000231747 /* SDWebImageDownloaderOperation.h */,
				9B9FE9ED1CA38E1000231747 /* SDWebImageDownloaderOperation.m */,
				9B9FE9EE1CA38E1000231747 /* SDWebImageManager.h */,
				9B9FE9EF1CA38E1000231747 /* SDWebImageManager.m */,
				9B9FE9F01CA38E1000231747 /* SDWebImageOperation.h */,
				9B9FE9F11CA38E1000231747 /* SDWebImagePrefetcher.h */,
				9B9FE9F21CA38E1000231747 /* SDWebImagePrefetcher.m */,
				9B9FE9F31CA38E1000231747 /* UIButton+WebCache.h */,
				9B9FE9F41CA38E1000231747 /* UIButton+WebCache.m */,
				9B9FE9F51CA38E1000231747 /* UIImage+GIF.h */,
				9B9FE9F61CA38E1000231747 /* UIImage+GIF.m */,
				9B9FE9F71CA38E1000231747 /* UIImage+MultiFormat.h */,
				9B9FE9F81CA38E1000231747 /* UIImage+MultiFormat.m */,
				9B9FE9F91CA38E1000231747 /* UIImageView+HighlightedWebCache.h */,
				9B9FE9FA1CA38E1000231747 /* UIImageView+HighlightedWebCache.m */,
				9B9FE9FB1CA38E1000231747 /* UIImageView+WebCache.h */,
				9B9FE9FC1CA38E1000231747 /* UIImageView+WebCache.m */,
				9B9FE9FD1CA38E1000231747 /* UIView+WebCacheOperation.h */,
				9B9FE9FE1CA38E1000231747 /* UIView+WebCacheOperation.m */,
			);
			path = SDWebImage;
			sourceTree = "<group>";
		};
/* End PBXGroup section */

/* Begin PBXNativeTarget section */
		9B9754381C5765B3004BDC7C /* CarMap */ = {
			isa = PBXNativeTarget;
			buildConfigurationList = 9B97545B1C5765B3004BDC7C /* Build configuration list for PBXNativeTarget "CarMap" */;
			buildPhases = (
				9A6F8586F12EDF1D1F04913B /* Check Pods Manifest.lock */,
				9B9754351C5765B3004BDC7C /* Sources */,
				9B9754361C5765B3004BDC7C /* Frameworks */,
				9B9754371C5765B3004BDC7C /* Resources */,
				2AC1DED63E650A694F9D5E8F /* Embed Pods Frameworks */,
				77BA4C96A19C72A331A3ADBE /* Copy Pods Resources */,
			);
			buildRules = (
			);
			dependencies = (
			);
			name = CarMap;
			productName = CarMap;
			productReference = 9B9754391C5765B3004BDC7C /* CarMap.app */;
			productType = "com.apple.product-type.application";
		};
		9B9754511C5765B3004BDC7C /* CarMapUITests */ = {
			isa = PBXNativeTarget;
			buildConfigurationList = 9B97545E1C5765B3004BDC7C /* Build configuration list for PBXNativeTarget "CarMapUITests" */;
			buildPhases = (
				9B97544E1C5765B3004BDC7C /* Sources */,
				9B97544F1C5765B3004BDC7C /* Frameworks */,
				9B9754501C5765B3004BDC7C /* Resources */,
			);
			buildRules = (
			);
			dependencies = (
				9B9754541C5765B3004BDC7C /* PBXTargetDependency */,
			);
			name = CarMapUITests;
			productName = CarMapUITests;
			productReference = 9B9754521C5765B3004BDC7C /* CarMapUITests.xctest */;
			productType = "com.apple.product-type.bundle.ui-testing";
		};
/* End PBXNativeTarget section */

/* Begin PBXProject section */
		9B9754311C5765B3004BDC7C /* Project object */ = {
			isa = PBXProject;
			attributes = {
				LastUpgradeCheck = 0720;
				ORGANIZATIONNAME = mll;
				TargetAttributes = {
					9B9754381C5765B3004BDC7C = {
						CreatedOnToolsVersion = 7.2;
						DevelopmentTeam = EXB4V929SQ;
						SystemCapabilities = {
							com.apple.BackgroundModes = {
								enabled = 1;
							};
							com.apple.InAppPurchase = {
								enabled = 1;
							};
							com.apple.Push = {
								enabled = 1;
							};
						};
					};
					9B9754511C5765B3004BDC7C = {
						CreatedOnToolsVersion = 7.2;
						TestTargetID = 9B9754381C5765B3004BDC7C;
					};
				};
			};
			buildConfigurationList = 9B9754341C5765B3004BDC7C /* Build configuration list for PBXProject "CarMap" */;
			compatibilityVersion = "Xcode 3.2";
			developmentRegion = English;
			hasScannedForEncodings = 0;
			knownRegions = (
				en,
				Base,
			);
			mainGroup = 9B9754301C5765B3004BDC7C;
			productRefGroup = 9B97543A1C5765B3004BDC7C /* Products */;
			projectDirPath = "";
			projectRoot = "";
			targets = (
				9B9754381C5765B3004BDC7C /* CarMap */,
				9B9754511C5765B3004BDC7C /* CarMapUITests */,
			);
		};
/* End PBXProject section */

/* Begin PBXResourcesBuildPhase section */
		9B9754371C5765B3004BDC7C /* Resources */ = {
			isa = PBXResourcesBuildPhase;
			buildActionMask = 2147483647;
			files = (
				9B42F0761CBF980900F08C4E /* LaunchScreen.storyboard in Resources */,
				9B9FE9E01CA37A1300231747 /* UWDatePickerView.xib in Resources */,
				9BDD16251C9BF27B0017E8E9 /* address.plist in Resources */,
				9B9754491C5765B3004BDC7C /* Assets.xcassets in Resources */,
				9B6757321C97CAC70001C478 /* MJRefresh.bundle in Resources */,
				9B9754471C5765B3004BDC7C /* Main.storyboard in Resources */,
				9B5EBEE51CBDD80E00E753BF /* servicedelegate.html in Resources */,
			);
			runOnlyForDeploymentPostprocessing = 0;
		};
		9B9754501C5765B3004BDC7C /* Resources */ = {
			isa = PBXResourcesBuildPhase;
			buildActionMask = 2147483647;
			files = (
			);
			runOnlyForDeploymentPostprocessing = 0;
		};
/* End PBXResourcesBuildPhase section */

/* Begin PBXShellScriptBuildPhase section */
		2AC1DED63E650A694F9D5E8F /* Embed Pods Frameworks */ = {
			isa = PBXShellScriptBuildPhase;
			buildActionMask = 2147483647;
			files = (
			);
			inputPaths = (
			);
			name = "Embed Pods Frameworks";
			outputPaths = (
			);
			runOnlyForDeploymentPostprocessing = 0;
			shellPath = /bin/sh;
			shellScript = "\"${SRCROOT}/Pods/Target Support Files/Pods/Pods-frameworks.sh\"\n";
			showEnvVarsInLog = 0;
		};
		77BA4C96A19C72A331A3ADBE /* Copy Pods Resources */ = {
			isa = PBXShellScriptBuildPhase;
			buildActionMask = 2147483647;
			files = (
			);
			inputPaths = (
			);
			name = "Copy Pods Resources";
			outputPaths = (
			);
			runOnlyForDeploymentPostprocessing = 0;
			shellPath = /bin/sh;
			shellScript = "\"${SRCROOT}/Pods/Target Support Files/Pods/Pods-resources.sh\"\n";
			showEnvVarsInLog = 0;
		};
		9A6F8586F12EDF1D1F04913B /* Check Pods Manifest.lock */ = {
			isa = PBXShellScriptBuildPhase;
			buildActionMask = 2147483647;
			files = (
			);
			inputPaths = (
			);
			name = "Check Pods Manifest.lock";
			outputPaths = (
			);
			runOnlyForDeploymentPostprocessing = 0;
			shellPath = /bin/sh;
			shellScript = "diff \"${PODS_ROOT}/../Podfile.lock\" \"${PODS_ROOT}/Manifest.lock\" > /dev/null\nif [[ $? != 0 ]] ; then\n    cat << EOM\nerror: The sandbox is not in sync with the Podfile.lock. Run 'pod install' or update your CocoaPods installation.\nEOM\n    exit 1\nfi\n";
			showEnvVarsInLog = 0;
		};
/* End PBXShellScriptBuildPhase section */

/* Begin PBXSourcesBuildPhase section */
		9B9754351C5765B3004BDC7C /* Sources */ = {
			isa = PBXSourcesBuildPhase;
			buildActionMask = 2147483647;
			files = (
				9B6B6ECE1C9A594E00449259 /* GFTipView.m in Sources */,
				9B6B6EBC1C9A4B6400449259 /* GFSignInViewController.m in Sources */,
				9B6757381C97CB770001C478 /* GFTitleView.m in Sources */,
				9B6B6E3B1C9A452C00449259 /* FirstViewController.m in Sources */,
				9B6757371C97CAFE0001C478 /* GFAlertView.m in Sources */,
				9B6757291C97CAC70001C478 /* MJRefreshAutoGifFooter.m in Sources */,
				9B9B45A91CBF70B300D0F507 /* CLNotificationModel.m in Sources */,
				9B6B6E981C9A485B00449259 /* GFIWillAddViewController.m in Sources */,
				9B9FEA001CA38E1000231747 /* SDImageCache.m in Sources */,
				9B6B6E471C9A466D00449259 /* GFNoIndentViewController.m in Sources */,
				9B9FEA061CA38E1000231747 /* SDWebImagePrefetcher.m in Sources */,
				9B6B6E3C1C9A452C00449259 /* SecondViewController.m in Sources */,
				9B9FEA0B1CA38E1000231747 /* UIImageView+WebCache.m in Sources */,
				9B6B6EBA1C9A4B6400449259 /* GFChangePwdViewController.m in Sources */,
				9BD218D21CB74F130093621A /* CLWorkerModel.m in Sources */,
				9B67572E1C97CAC70001C478 /* MJRefreshBackStateFooter.m in Sources */,
				9B9B45AC1CBF78B400D0F507 /* GFTransformViewController.m in Sources */,
				9B6757361C97CAC70001C478 /* UIView+MJExtension.m in Sources */,
				9B6757271C97CAC70001C478 /* MJRefreshFooter.m in Sources */,
				9B5FBC261CAE582E00A0BF96 /* PoiSearchDemoViewController.mm in Sources */,
				9BD6254B1C97BDBB00F129CB /* GFTextField.m in Sources */,
				8673FDCF1C99459200666634 /* AFURLRequestSerialization.m in Sources */,
				9B6B6E9B1C9A485B00449259 /* GFPartnersMessageViewController.m in Sources */,
				9B9FE9DF1CA37A1300231747 /* UWDatePickerView.m in Sources */,
				9B9FEA0F1CA3BC0900231747 /* CLTouchScrollView.m in Sources */,
				8673FDD11C99459200666634 /* AFURLSessionManager.m in Sources */,
				9B6757241C97CAC70001C478 /* MJRefreshAutoFooter.m in Sources */,
				9BD6254A1C97BDA600F129CB /* GFNavigationView.m in Sources */,
				9B9FEA091CA38E1000231747 /* UIImage+MultiFormat.m in Sources */,
				9B6B6ECB1C9A4BAC00449259 /* GFIndentDetialsViewController.m in Sources */,
				9B6B6E971C9A485B00449259 /* CLCooperatingViewController.m in Sources */,
				9B9FEA021CA38E1000231747 /* SDWebImageDecoder.m in Sources */,
				9B6B6E461C9A466D00449259 /* GFNoIndentTableViewCell.m in Sources */,
				9BA71D9A1CA91B94006EA500 /* GFIndentModel.m in Sources */,
				9B6B6E9A1C9A485B00449259 /* GFJoinInViewController_2.m in Sources */,
				9B9FEA081CA38E1000231747 /* UIImage+GIF.m in Sources */,
				9B6757341C97CAC70001C478 /* UIScrollView+MJExtension.m in Sources */,
				9B67572B1C97CAC70001C478 /* MJRefreshAutoStateFooter.m in Sources */,
				9B9515411C60503800445F93 /* GFAnnotation.m in Sources */,
				8673FDCC1C99459200666634 /* AFHTTPSessionManager.m in Sources */,
				9B6757281C97CAC70001C478 /* MJRefreshHeader.m in Sources */,
				9B6B6EBB1C9A4B6400449259 /* GFForgetPwdViewController.m in Sources */,
				9B9FE9DB1CA378D500231747 /* CLDelegateViewController.m in Sources */,
				9B6B6ECD1C9A4BAC00449259 /* GFIndentViewController.m in Sources */,
				8673FDCE1C99459200666634 /* AFSecurityPolicy.m in Sources */,
				9B9FEA0C1CA38E1000231747 /* UIView+WebCacheOperation.m in Sources */,
				9B6B6ECC1C9A4BAC00449259 /* GFIndentTableViewCell.m in Sources */,
				9B6757351C97CAC70001C478 /* UIScrollView+MJRefresh.m in Sources */,
				9B67572D1C97CAC70001C478 /* MJRefreshBackNormalFooter.m in Sources */,
				9B9B45A51CBF700400D0F507 /* GFTransformTableViewCell.m in Sources */,
				9B6757251C97CAC70001C478 /* MJRefreshBackFooter.m in Sources */,
				9B67572F1C97CAC70001C478 /* MJRefreshGifHeader.m in Sources */,
				9B6B6EAF1C9A4B1400449259 /* GFWorkerTableViewCell.m in Sources */,
				9B9515421C60503800445F93 /* GFAnnotationView.m in Sources */,
				9B6B6ECA1C9A4BAC00449259 /* GFEvaluateViewController.m in Sources */,
				9B6B6E961C9A485B00449259 /* CLCooperateFailViewController.m in Sources */,
				9B67572A1C97CAC70001C478 /* MJRefreshAutoNormalFooter.m in Sources */,
				9B9FEA041CA38E1000231747 /* SDWebImageDownloaderOperation.m in Sources */,
				9B9FEA031CA38E1000231747 /* SDWebImageDownloader.m in Sources */,
				9B6B6ED41C9A5A1A00449259 /* Reachability.m in Sources */,
				9B6B6E991C9A485B00449259 /* GFJoinInViewController_1.m in Sources */,
				9B67572C1C97CAC70001C478 /* MJRefreshBackGifFooter.m in Sources */,
				8673FDCD1C99459200666634 /* AFNetworkReachabilityManager.m in Sources */,
				9B6B6EC91C9A4BAC00449259 /* GFEvaluateShareViewController.m in Sources */,
				9B9FEA011CA38E1000231747 /* SDWebImageCompat.m in Sources */,
				9B9754411C5765B3004BDC7C /* AppDelegate.mm in Sources */,
				9B9FEA0A1CA38E1000231747 /* UIImageView+HighlightedWebCache.m in Sources */,
				9B6B6EB01C9A4B1400449259 /* GFWorkerViewController.m in Sources */,
				9B6B6ED11C9A59EA00449259 /* GFHttpTool.m in Sources */,
				8673FDD01C99459200666634 /* AFURLResponseSerialization.m in Sources */,
				9B97543E1C5765B3004BDC7C /* main.m in Sources */,
				9B6B6EBD1C9A4B6400449259 /* GFSignUpViewController.m in Sources */,
				9B9FE9FF1CA38E1000231747 /* NSData+ImageContentType.m in Sources */,
				9B9FEA051CA38E1000231747 /* SDWebImageManager.m in Sources */,
				9B6B6E3D1C9A452C00449259 /* TestViewController.m in Sources */,
				9B5FBC5D1CAE70F800A0BF96 /* GFNothingView.m in Sources */,
				9B5EBEE81CBDEE3B00E753BF /* ACETelPrompt.m in Sources */,
				9B6757311C97CAC70001C478 /* MJRefreshStateHeader.m in Sources */,
				9B9FEA071CA38E1000231747 /* UIButton+WebCache.m in Sources */,
				9B9515431C60503800445F93 /* GFMapViewController.mm in Sources */,
				9B6B6E3E1C9A452C00449259 /* ViewController.m in Sources */,
				9B6757331C97CAC70001C478 /* MJRefreshConst.m in Sources */,
				9B6757301C97CAC70001C478 /* MJRefreshNormalHeader.m in Sources */,
				9B9FEA121CA3EEC000231747 /* CLIndentModel.m in Sources */,
				9B6B6E481C9A466D00449259 /* GFOneIndentViewController.m in Sources */,
				9B6757261C97CAC70001C478 /* MJRefreshComponent.m in Sources */,
				9B6B6EAE1C9A4B1400449259 /* GFAddWorkerViewController.m in Sources */,
			);
			runOnlyForDeploymentPostprocessing = 0;
		};
		9B97544E1C5765B3004BDC7C /* Sources */ = {
			isa = PBXSourcesBuildPhase;
			buildActionMask = 2147483647;
			files = (
				9B9754571C5765B3004BDC7C /* CarMapUITests.m in Sources */,
			);
			runOnlyForDeploymentPostprocessing = 0;
		};
/* End PBXSourcesBuildPhase section */

/* Begin PBXTargetDependency section */
		9B9754541C5765B3004BDC7C /* PBXTargetDependency */ = {
			isa = PBXTargetDependency;
			target = 9B9754381C5765B3004BDC7C /* CarMap */;
			targetProxy = 9B9754531C5765B3004BDC7C /* PBXContainerItemProxy */;
		};
/* End PBXTargetDependency section */

/* Begin PBXVariantGroup section */
		9B9754451C5765B3004BDC7C /* Main.storyboard */ = {
			isa = PBXVariantGroup;
			children = (
				9B9754461C5765B3004BDC7C /* Base */,
			);
			name = Main.storyboard;
			sourceTree = "<group>";
		};
/* End PBXVariantGroup section */

/* Begin XCBuildConfiguration section */
		9B9754591C5765B3004BDC7C /* Debug */ = {
			isa = XCBuildConfiguration;
			buildSettings = {
				ALWAYS_SEARCH_USER_PATHS = NO;
				CLANG_CXX_LANGUAGE_STANDARD = "gnu++0x";
				CLANG_CXX_LIBRARY = "libc++";
				CLANG_ENABLE_MODULES = YES;
				CLANG_ENABLE_OBJC_ARC = YES;
				CLANG_WARN_BOOL_CONVERSION = YES;
				CLANG_WARN_CONSTANT_CONVERSION = YES;
				CLANG_WARN_DIRECT_OBJC_ISA_USAGE = YES_ERROR;
				CLANG_WARN_EMPTY_BODY = YES;
				CLANG_WARN_ENUM_CONVERSION = YES;
				CLANG_WARN_INT_CONVERSION = YES;
				CLANG_WARN_OBJC_ROOT_CLASS = YES_ERROR;
				CLANG_WARN_UNREACHABLE_CODE = YES;
				CLANG_WARN__DUPLICATE_METHOD_MATCH = YES;
				CODE_SIGN_IDENTITY = "";
				"CODE_SIGN_IDENTITY[sdk=*]" = "iPhone Developer: Xiong Guanghua (T69DE3Y6T9)";
				COPY_PHASE_STRIP = NO;
				DEBUG_INFORMATION_FORMAT = dwarf;
				ENABLE_BITCODE = NO;
				ENABLE_STRICT_OBJC_MSGSEND = YES;
				ENABLE_TESTABILITY = YES;
				GCC_C_LANGUAGE_STANDARD = gnu99;
				GCC_DYNAMIC_NO_PIC = NO;
				GCC_NO_COMMON_BLOCKS = YES;
				GCC_OPTIMIZATION_LEVEL = 0;
				GCC_PREPROCESSOR_DEFINITIONS = (
					"DEBUG=1",
					"$(inherited)",
				);
				GCC_WARN_64_TO_32_BIT_CONVERSION = YES;
				GCC_WARN_ABOUT_RETURN_TYPE = YES_ERROR;
				GCC_WARN_UNDECLARED_SELECTOR = YES;
				GCC_WARN_UNINITIALIZED_AUTOS = YES_AGGRESSIVE;
				GCC_WARN_UNUSED_FUNCTION = YES;
				GCC_WARN_UNUSED_VARIABLE = YES;
				IPHONEOS_DEPLOYMENT_TARGET = 7.0;
				MTL_ENABLE_DEBUG_INFO = YES;
				ONLY_ACTIVE_ARCH = YES;
				OTHER_LDFLAGS = "-all_load";
				PROVISIONING_PROFILE = "2524b3ab-1e6e-4951-9277-1e545019b94b";
				SDKROOT = iphoneos;
				TARGETED_DEVICE_FAMILY = "1,2";
			};
			name = Debug;
		};
		9B97545A1C5765B3004BDC7C /* Release */ = {
			isa = XCBuildConfiguration;
			buildSettings = {
				ALWAYS_SEARCH_USER_PATHS = NO;
				CLANG_CXX_LANGUAGE_STANDARD = "gnu++0x";
				CLANG_CXX_LIBRARY = "libc++";
				CLANG_ENABLE_MODULES = YES;
				CLANG_ENABLE_OBJC_ARC = YES;
				CLANG_WARN_BOOL_CONVERSION = YES;
				CLANG_WARN_CONSTANT_CONVERSION = YES;
				CLANG_WARN_DIRECT_OBJC_ISA_USAGE = YES_ERROR;
				CLANG_WARN_EMPTY_BODY = YES;
				CLANG_WARN_ENUM_CONVERSION = YES;
				CLANG_WARN_INT_CONVERSION = YES;
				CLANG_WARN_OBJC_ROOT_CLASS = YES_ERROR;
				CLANG_WARN_UNREACHABLE_CODE = YES;
				CLANG_WARN__DUPLICATE_METHOD_MATCH = YES;
				CODE_SIGN_IDENTITY = "";
				"CODE_SIGN_IDENTITY[sdk=iphoneos*]" = "iPhone Developer: Xiong Guanghua (T69DE3Y6T9)";
				COPY_PHASE_STRIP = NO;
				DEBUG_INFORMATION_FORMAT = "dwarf-with-dsym";
				ENABLE_BITCODE = NO;
				ENABLE_NS_ASSERTIONS = NO;
				ENABLE_STRICT_OBJC_MSGSEND = YES;
				GCC_C_LANGUAGE_STANDARD = gnu99;
				GCC_NO_COMMON_BLOCKS = YES;
				GCC_WARN_64_TO_32_BIT_CONVERSION = YES;
				GCC_WARN_ABOUT_RETURN_TYPE = YES_ERROR;
				GCC_WARN_UNDECLARED_SELECTOR = YES;
				GCC_WARN_UNINITIALIZED_AUTOS = YES_AGGRESSIVE;
				GCC_WARN_UNUSED_FUNCTION = YES;
				GCC_WARN_UNUSED_VARIABLE = YES;
				IPHONEOS_DEPLOYMENT_TARGET = 7.0;
				MTL_ENABLE_DEBUG_INFO = NO;
				OTHER_LDFLAGS = "-all_load";
				PROVISIONING_PROFILE = "2524b3ab-1e6e-4951-9277-1e545019b94b";
				SDKROOT = iphoneos;
				TARGETED_DEVICE_FAMILY = "1,2";
				VALIDATE_PRODUCT = YES;
			};
			name = Release;
		};
		9B97545C1C5765B3004BDC7C /* Debug */ = {
			isa = XCBuildConfiguration;
			baseConfigurationReference = F99A50507FF60FC41E844D9D /* Pods.debug.xcconfig */;
			buildSettings = {
				ASSETCATALOG_COMPILER_APPICON_NAME = AppIcon;
				ASSETCATALOG_COMPILER_LAUNCHIMAGE_NAME = LaunchImage;
				CODE_SIGN_IDENTITY = "iPhone Developer";
				"CODE_SIGN_IDENTITY[sdk=iphoneos*]" = "iPhone Developer";
				ENABLE_BITCODE = NO;
				INFOPLIST_FILE = CarMap/Info.plist;
				IPHONEOS_DEPLOYMENT_TARGET = 7.0;
				LD_RUNPATH_SEARCH_PATHS = "$(inherited) @executable_path/Frameworks";
				LIBRARY_SEARCH_PATHS = (
					"$(inherited)",
					"$(PROJECT_DIR)",
					"$(PROJECT_DIR)/build/Debug-iphoneos",
				);
				PRODUCT_BUNDLE_IDENTIFIER = CarNeighborB;
				PRODUCT_NAME = "$(TARGET_NAME)";
				PROVISIONING_PROFILE = "";
				TARGETED_DEVICE_FAMILY = 1;
				USER_HEADER_SEARCH_PATHS = "${SRCROOT}/**";
			};
			name = Debug;
		};
		9B97545D1C5765B3004BDC7C /* Release */ = {
			isa = XCBuildConfiguration;
			baseConfigurationReference = C95997697E5E85C90BAF73FD /* Pods.release.xcconfig */;
			buildSettings = {
				ASSETCATALOG_COMPILER_APPICON_NAME = AppIcon;
				ASSETCATALOG_COMPILER_LAUNCHIMAGE_NAME = LaunchImage;
				CODE_SIGN_IDENTITY = "iPhone Developer";
				"CODE_SIGN_IDENTITY[sdk=iphoneos*]" = "iPhone Developer";
				ENABLE_BITCODE = NO;
				INFOPLIST_FILE = CarMap/Info.plist;
				IPHONEOS_DEPLOYMENT_TARGET = 7.0;
				LD_RUNPATH_SEARCH_PATHS = "$(inherited) @executable_path/Frameworks";
				LIBRARY_SEARCH_PATHS = (
					"$(inherited)",
					"$(PROJECT_DIR)",
					"$(PROJECT_DIR)/build/Debug-iphoneos",
				);
				PRODUCT_BUNDLE_IDENTIFIER = CarNeighborB;
				PRODUCT_NAME = "$(TARGET_NAME)";
				PROVISIONING_PROFILE = "";
				TARGETED_DEVICE_FAMILY = 1;
			};
			name = Release;
		};
		9B97545F1C5765B3004BDC7C /* Debug */ = {
			isa = XCBuildConfiguration;
			buildSettings = {
				INFOPLIST_FILE = CarMapUITests/Info.plist;
				LD_RUNPATH_SEARCH_PATHS = "$(inherited) @executable_path/Frameworks @loader_path/Frameworks";
				PRODUCT_BUNDLE_IDENTIFIER = IC.CarMapUITests;
				PRODUCT_NAME = "$(TARGET_NAME)";
				TEST_TARGET_NAME = CarMap;
				USES_XCTRUNNER = YES;
			};
			name = Debug;
		};
		9B9754601C5765B3004BDC7C /* Release */ = {
			isa = XCBuildConfiguration;
			buildSettings = {
				INFOPLIST_FILE = CarMapUITests/Info.plist;
				LD_RUNPATH_SEARCH_PATHS = "$(inherited) @executable_path/Frameworks @loader_path/Frameworks";
				PRODUCT_BUNDLE_IDENTIFIER = IC.CarMapUITests;
				PRODUCT_NAME = "$(TARGET_NAME)";
				TEST_TARGET_NAME = CarMap;
				USES_XCTRUNNER = YES;
			};
			name = Release;
		};
/* End XCBuildConfiguration section */

/* Begin XCConfigurationList section */
		9B9754341C5765B3004BDC7C /* Build configuration list for PBXProject "CarMap" */ = {
			isa = XCConfigurationList;
			buildConfigurations = (
				9B9754591C5765B3004BDC7C /* Debug */,
				9B97545A1C5765B3004BDC7C /* Release */,
			);
			defaultConfigurationIsVisible = 0;
			defaultConfigurationName = Release;
		};
		9B97545B1C5765B3004BDC7C /* Build configuration list for PBXNativeTarget "CarMap" */ = {
			isa = XCConfigurationList;
			buildConfigurations = (
				9B97545C1C5765B3004BDC7C /* Debug */,
				9B97545D1C5765B3004BDC7C /* Release */,
			);
			defaultConfigurationIsVisible = 0;
			defaultConfigurationName = Release;
		};
		9B97545E1C5765B3004BDC7C /* Build configuration list for PBXNativeTarget "CarMapUITests" */ = {
			isa = XCConfigurationList;
			buildConfigurations = (
				9B97545F1C5765B3004BDC7C /* Debug */,
				9B9754601C5765B3004BDC7C /* Release */,
			);
			defaultConfigurationIsVisible = 0;
			defaultConfigurationName = Release;
		};
/* End XCConfigurationList section */
	};
	rootObject = 9B9754311C5765B3004BDC7C /* Project object */;
}
